{
  "version": 4,
  "terraform_version": "1.12.2",
  "serial": 231,
  "lineage": "d7ccf48b-faf5-1b05-20a8-b351b56356b4",
  "outputs": {
    "aks_cluster_fqdn": {
      "value": "aks-prod-aks101-eus2-8o7dvcta.hcp.eastus2.azmk8s.io",
      "type": "string"
    },
    "aks_cluster_id": {
      "value": "/subscriptions/b2af20ad-98fa-4aa7-94c3-059663641d9f/resourceGroups/rg-prod-aks101-eus2-001/providers/Microsoft.ContainerService/managedClusters/aks-prod-aks101-eus2-001",
      "type": "string"
    },
    "aks_cluster_kubernetes_version": {
      "value": "1.31.9",
      "type": "string"
    },
    "aks_cluster_name": {
      "value": "aks-prod-aks101-eus2-001",
      "type": "string"
    },
    "aks_node_resource_group": {
      "value": "MC_rg-prod-aks101-eus2-001_aks-prod-aks101-eus2-001_eastus2",
      "type": "string"
    },
    "aks_oidc_issuer_url": {
      "value": "https://eastus2.oic.prod-aks.azure.com/5380364e-35d4-4293-8bfe-fa76e835384e/695364e6-3262-4f64-b9cd-1aa700f0a179/",
      "type": "string"
    },
    "aks_subnet_id": {
      "value": "/subscriptions/b2af20ad-98fa-4aa7-94c3-059663641d9f/resourceGroups/rg-prod-aks101-eus2-001/providers/Microsoft.Network/virtualNetworks/vnet-prod-aks101-eus2-001/subnets/snet-aks-prod-eus2-001",
      "type": "string"
    },
    "app_gateway_subnet_id": {
      "value": "/subscriptions/b2af20ad-98fa-4aa7-94c3-059663641d9f/resourceGroups/rg-prod-aks101-eus2-001/providers/Microsoft.Network/virtualNetworks/vnet-prod-aks101-eus2-001/subnets/snet-agw-prod-eus2-001",
      "type": "string"
    },
    "app_namespace": {
      "value": "aks-app",
      "type": "string"
    },
    "app_service_account": {
      "value": "workload-identity-sa",
      "type": "string"
    },
    "application_gateway_name": {
      "value": "agw-main-prod-eus2-001",
      "type": "string"
    },
    "application_gateway_public_ip": {
      "value": "172.210.248.180",
      "type": "string"
    },
    "application_insights_connection_string": {
      "value": "InstrumentationKey=c804929e-189f-4f87-85b2-384985bca134;IngestionEndpoint=https://eastus2-3.in.applicationinsights.azure.com/;LiveEndpoint=https://eastus2.livediagnostics.monitor.azure.com/;ApplicationId=8a7e21cd-4086-4942-aab2-893371b2eea8",
      "type": "string",
      "sensitive": true
    },
    "application_insights_instrumentation_key": {
      "value": "c804929e-189f-4f87-85b2-384985bca134",
      "type": "string",
      "sensitive": true
    },
    "application_insights_name": {
      "value": "appi-prod-aks101-eus2-001",
      "type": "string"
    },
    "application_url": {
      "value": "https://172.210.248.180",
      "type": "string"
    },
    "azure_firewall_name": {
      "value": "fw-hub-prod-eus2-001",
      "type": "string"
    },
    "azure_firewall_private_ip": {
      "value": "10.240.2.4",
      "type": "string"
    },
    "azure_firewall_public_ip": {
      "value": "132.196.209.195",
      "type": "string"
    },
    "container_registry_login_server": {
      "value": "acrprodaks101eus214b.azurecr.io",
      "type": "string"
    },
    "container_registry_name": {
      "value": "acrprodaks101eus214b",
      "type": "string"
    },
    "deployment_summary": {
      "value": {
        "aks_cluster": "aks-prod-aks101-eus2-001",
        "app_insights": "appi-prod-aks101-eus2-001",
        "application_gateway": "agw-main-prod-eus2-001",
        "azure_firewall": "fw-hub-prod-eus2-001",
        "key_vault": "kv-prod-aks101-eus2-14b",
        "log_analytics": "log-aks-prod-eus2-001",
        "nginx_internal_ip": "10.240.0.100",
        "public_ip": "172.210.248.180",
        "resource_group": "rg-prod-aks101-eus2-001",
        "sql_server": "sql-main-prod-eus2-14b",
        "storage_account": "stprodaks101eus214b",
        "workload_identity": "id-workload-prod-eus2-001"
      },
      "type": [
        "object",
        {
          "aks_cluster": "string",
          "app_insights": "string",
          "application_gateway": "string",
          "azure_firewall": "string",
          "key_vault": "string",
          "log_analytics": "string",
          "nginx_internal_ip": "string",
          "public_ip": "string",
          "resource_group": "string",
          "sql_server": "string",
          "storage_account": "string",
          "workload_identity": "string"
        }
      ]
    },
    "key_vault_id": {
      "value": "/subscriptions/b2af20ad-98fa-4aa7-94c3-059663641d9f/resourceGroups/rg-prod-aks101-eus2-001/providers/Microsoft.KeyVault/vaults/kv-prod-aks101-eus2-14b",
      "type": "string"
    },
    "key_vault_name": {
      "value": "kv-prod-aks101-eus2-14b",
      "type": "string"
    },
    "key_vault_uri": {
      "value": "https://kv-prod-aks101-eus2-14b.vault.azure.net/",
      "type": "string"
    },
    "kube_config_raw": {
      "value": "apiVersion: v1\nclusters:\n- cluster:\n    certificate-authority-data: LS0tLS1CRUdJTiBDRVJUSUZJQ0FURS0tLS0tCk1JSUU2RENDQXRDZ0F3SUJBZ0lRRUFVSVJ2Um1oQjdnTktMQkFaMHE5akFOQmdrcWhraUc5dzBCQVFzRkFEQU4KTVFzd0NRWURWUVFERXdKallUQWdGdzB5TlRBM01qQXlNREk0TUROYUdBOHlNRFUxTURjeU1ESXdNemd3TTFvdwpEVEVMTUFrR0ExVUVBeE1DWTJFd2dnSWlNQTBHQ1NxR1NJYjNEUUVCQVFVQUE0SUNEd0F3Z2dJS0FvSUNBUURTCkdGeUNYd2tPanhOZnlKdnJHMGtVbGpJWXhFeHpDcmNTRU5CVzU4VXVWTjdxN3Avd3RMRm0vWVdMSVpPb1M1eE4KQ0VXZ0kvdVVncG0rY1ZSb2s0b3AxdnpVZFl4L1ZldWY1VnltZFJFMmJVYnNlaFpyUitBeDZmREY3cTVDemxDYQpGcGE3NkFONVpWZHZBVzdqMk5GRDVsZ2hBZkNHNHRMdmJxOGFWTHAwaTVacFhtVy9ydUZVQ3hOcGJzbHV1aWJxCjVWWTVnK09PaGhmak1jemVhd01ockpYTTVNb2NycEIxdkYxcGtFTi9MOHJPM2pXOWZRNzZVNGdGc2VQem5WSEwKRXZRNEFTYUtTYURiRUhlZS82R1V0eWI2cTVZSjgwbmVkc0RQWnJEaHhwQXlZSk4vb1NpMFY4TmQzcXRMeXY2UgpLWmVBL0dxOCswSnFBL2tBMU4vK09EU2lrd2JHUWFGQVV0ZjN5eG1iSGpMQ1NyZHZLaGc5cTBub2poZnRlMWNTCmlOUDZMbGVielhYNWZiR0NHK3hmay9vWUxvUzJNMjZGOW13bncyUjNBQ0pQSVR4V1RWcDVrNVhHRVNDNXhnZWoKcWZGY256SVJrOFE5WmlOUFFWb0ZFanRSWHE5MVl5Qk1vTUYrd1ljdlRJRW4xN3Vick10T2dCV3krN044Y20zSgpZY1g4L255d3VEZ29PRTMwWkVXOWZmUWl2OW41YUR0R3B3QU5yK0ZnSUtpNkRWdTd3OXpuOEZLYzlGSzZOMjF3CldYeUtCVXRqZWJKUzRpV0hFRXMzR0dhTFVNVS9kbEhQa1NBQkRZZTdycE81a25WakpZK0RvWVo0UW1MMDh0aHcKUzZSTHZiQS9iRGFFK2djRmZpQzhpYUxnQ1JIb1MzOCtKR1JYNDlEMDN3SURBUUFCbzBJd1FEQU9CZ05WSFE4QgpBZjhFQkFNQ0FxUXdEd1lEVlIwVEFRSC9CQVV3QXdFQi96QWRCZ05WSFE0RUZnUVVpci9XQzlESnQ3ODdkV1B5CnZZTHNxOGRGNnBVd0RRWUpLb1pJaHZjTkFRRUxCUUFEZ2dJQkFBOUJSOVJycU01QUlNUW9DUisyYmZlN3l1ajYKNTA2RGVOMVJPKzBJdUQrYjhIU3crcEZnbEF0Zzh6dnpTUTN5eW0vZFk0cmhucDlvVkVMUFQ4NTVYSUhWYld0VQp6a2JjN3lWRGd0TWNKNWMyaitYNmcrbFkvQUJGU09RK2dDVzVCS2RvVUcvNHgrMGkxbTN1TzNDcnhBdks0UkIrCm9TUUlQUkV6Z0owZ1duNGc4MGd4Rk1XSnpZTGpKWXFRcWtuTno4VEpIeHM2czFJRFJyWk5ZTGNjRWVjRG1LL0oKN0c1VnFBRncyVkpTSk1XWWFxSHdTWEVta1J6aFNDVnc3U2tUMWRoV01DcndEWkF6YkpzUDdPSU54WXluN0lwdApGSTViVkFYZEttQUFpNW9CVk1nN0sxRHBrWWJTc2MxT01YSzdnaUpDd0pmRW8wbVhwcTlJZFBySXVxSEdTM3lkCkVia0czT2pTTjVYcHpLbk9QWVFvWHJ4STltSkVGS2ZPMFZkRkw2VEMveVliOVVjVFQwUkczTXR0K2pGZCsxTGsKdWFFekR5VFZOUFlFbVE5cWpuYjhlN21ORnZMSWgxZVo2SjFzamZFVVU2SEhyODdnYis3elhra05pbEdidGJqTwo0d0Nrc0VCWUhiZ0JtTDBkYUd5QVpTVDNkdFd3V1UvZXZnY0NXUGZ2cFFkZGs4SUNpQW5RL3JqbkNiU0VDekFnCjkvVHJHUHRJeEpjNERXY09PU1ZuOFFSQkR2d1pxbUhvY014Zk1xc3lhTVQ1Nm81dkFhOHNPSkxsZDV2M0tEd2oKdyt2cnMzS1lhRlQyK2FPT3pqbm5TOU5ZOVhxS0ZaQXNqNC9kazE5eFkwQW1Ta0wwa080OWMyemV6dkh1RTBuSgpUQjl5SG53M3UyK2FZTDBCCi0tLS0tRU5EIENFUlRJRklDQVRFLS0tLS0K\n    server: https://aks-prod-aks101-eus2-8o7dvcta.hcp.eastus2.azmk8s.io:443\n  name: aks-prod-aks101-eus2-001\ncontexts:\n- context:\n    cluster: aks-prod-aks101-eus2-001\n    user: clusterUser_rg-prod-aks101-eus2-001_aks-prod-aks101-eus2-001\n  name: aks-prod-aks101-eus2-001\ncurrent-context: aks-prod-aks101-eus2-001\nkind: Config\npreferences: {}\nusers:\n- name: clusterUser_rg-prod-aks101-eus2-001_aks-prod-aks101-eus2-001\n  user:\n    exec:\n      apiVersion: client.authentication.k8s.io/v1beta1\n      args:\n      - get-token\n      - --environment\n      - AzurePublicCloud\n      - --server-id\n      - 6dae42f8-4368-4678-94ff-3960e28e3630\n      - --client-id\n      - 80faf920-1908-4b52-b5ef-a8e7bedfc67a\n      - --tenant-id\n      - 5380364e-35d4-4293-8bfe-fa76e835384e\n      - --login\n      - devicecode\n      command: kubelogin\n      env: null\n      installHint: |2\n\n        kubelogin is not installed which is required to connect to AAD enabled cluster.\n\n        To learn more, please go to https://aka.ms/aks/kubelogin\n      provideClusterInfo: false\n",
      "type": "string",
      "sensitive": true
    },
    "log_analytics_workspace_id": {
      "value": "/subscriptions/b2af20ad-98fa-4aa7-94c3-059663641d9f/resourceGroups/rg-prod-aks101-eus2-001/providers/Microsoft.OperationalInsights/workspaces/log-aks-prod-eus2-001",
      "type": "string"
    },
    "log_analytics_workspace_name": {
      "value": "log-aks-prod-eus2-001",
      "type": "string"
    },
    "nginx_internal_ip": {
      "value": "10.240.0.100",
      "type": "string"
    },
    "pod_cidr": {
      "value": "192.168.0.0/16",
      "type": "string"
    },
    "private_dns_zones": {
      "value": {
        "key_vault": "privatelink.vaultcore.azure.net",
        "sql_database": "privatelink.database.windows.net",
        "storage_blob": "privatelink.blob.core.windows.net",
        "storage_file": "privatelink.file.core.windows.net"
      },
      "type": [
        "object",
        {
          "key_vault": "string",
          "sql_database": "string",
          "storage_blob": "string",
          "storage_file": "string"
        }
      ]
    },
    "resource_group_location": {
      "value": "eastus2",
      "type": "string"
    },
    "resource_group_name": {
      "value": "rg-prod-aks101-eus2-001",
      "type": "string"
    },
    "service_cidr": {
      "value": "172.16.0.0/16",
      "type": "string"
    },
    "sql_database_name": {
      "value": "sqldb-app-prod-eus2",
      "type": "string"
    },
    "sql_server_fqdn": {
      "value": "sql-main-prod-eus2-14b.database.windows.net",
      "type": "string"
    },
    "sql_server_name": {
      "value": "sql-main-prod-eus2-14b",
      "type": "string"
    },
    "storage_account_id": {
      "value": "/subscriptions/b2af20ad-98fa-4aa7-94c3-059663641d9f/resourceGroups/rg-prod-aks101-eus2-001/providers/Microsoft.Storage/storageAccounts/stprodaks101eus214b",
      "type": "string"
    },
    "storage_account_name": {
      "value": "stprodaks101eus214b",
      "type": "string"
    },
    "storage_account_primary_endpoint": {
      "value": "https://stprodaks101eus214b.blob.core.windows.net/",
      "type": "string"
    },
    "virtual_network_id": {
      "value": "/subscriptions/b2af20ad-98fa-4aa7-94c3-059663641d9f/resourceGroups/rg-prod-aks101-eus2-001/providers/Microsoft.Network/virtualNetworks/vnet-prod-aks101-eus2-001",
      "type": "string"
    },
    "virtual_network_name": {
      "value": "vnet-prod-aks101-eus2-001",
      "type": "string"
    },
    "vnet_address_space": {
      "value": "10.240.0.0/16",
      "type": "string"
    },
    "workload_identity_client_id": {
      "value": "3bc69b58-b263-4d9f-9ceb-d2e1a0bdd163",
      "type": "string"
    },
    "workload_identity_name": {
      "value": "id-workload-prod-eus2-001",
      "type": "string"
    },
    "workload_identity_principal_id": {
      "value": "de7c287f-75da-4c99-b23b-867852cc99df",
      "type": "string"
    }
  },
  "resources": [
    {
      "mode": "data",
      "type": "azurerm_client_config",
      "name": "current",
      "provider": "provider[\"registry.terraform.io/hashicorp/azurerm\"]",
      "instances": [
        {
          "schema_version": 0,
          "attributes": {
            "client_id": "04b07795-8ddb-461a-bbee-02f9e1bf7b46",
            "id": "Y2xpZW50Q29uZmlncy9jbGllbnRJZD0wNGIwNzc5NS04ZGRiLTQ2MWEtYmJlZS0wMmY5ZTFiZjdiNDY7b2JqZWN0SWQ9YzY0ZGFiZDUtMjQyYi00ODFiLWFjNWQtOTJiZTVjNjgzZTlmO3N1YnNjcmlwdGlvbklkPWIyYWYyMGFkLTk4ZmEtNGFhNy05NGMzLTA1OTY2MzY0MWQ5Zjt0ZW5hbnRJZD01MzgwMzY0ZS0zNWQ0LTQyOTMtOGJmZS1mYTc2ZTgzNTM4NGU=",
            "object_id": "c64dabd5-242b-481b-ac5d-92be5c683e9f",
            "subscription_id": "b2af20ad-98fa-4aa7-94c3-059663641d9f",
            "tenant_id": "5380364e-35d4-4293-8bfe-fa76e835384e",
            "timeouts": null
          },
          "sensitive_attributes": [],
          "identity_schema_version": 0
        }
      ]
    },
    {
      "mode": "managed",
      "type": "azurerm_application_gateway",
      "name": "main",
      "provider": "provider[\"registry.terraform.io/hashicorp/azurerm\"]",
      "instances": [
        {
          "schema_version": 0,
          "attributes": {
            "authentication_certificate": [],
            "autoscale_configuration": [
              {
                "max_capacity": 10,
                "min_capacity": 1
              }
            ],
            "backend_address_pool": [
              {
                "fqdns": [],
                "id": "/subscriptions/b2af20ad-98fa-4aa7-94c3-059663641d9f/resourceGroups/rg-prod-aks101-eus2-001/providers/Microsoft.Network/applicationGateways/agw-main-prod-eus2-001/backendAddressPools/nginx-backend-pool",
                "ip_addresses": [
                  "10.240.0.100"
                ],
                "name": "nginx-backend-pool"
              }
            ],
            "backend_http_settings": [
              {
                "affinity_cookie_name": "",
                "authentication_certificate": [],
                "connection_draining": [
                  {
                    "drain_timeout_sec": 300,
                    "enabled": true
                  }
                ],
                "cookie_based_affinity": "Disabled",
                "host_name": "",
                "id": "/subscriptions/b2af20ad-98fa-4aa7-94c3-059663641d9f/resourceGroups/rg-prod-aks101-eus2-001/providers/Microsoft.Network/applicationGateways/agw-main-prod-eus2-001/backendHttpSettingsCollection/nginx-backend-http-settings",
                "name": "nginx-backend-http-settings",
                "path": "/",
                "pick_host_name_from_backend_address": false,
                "port": 80,
                "probe_id": "/subscriptions/b2af20ad-98fa-4aa7-94c3-059663641d9f/resourceGroups/rg-prod-aks101-eus2-001/providers/Microsoft.Network/applicationGateways/agw-main-prod-eus2-001/probes/nginx-health-probe",
                "probe_name": "nginx-health-probe",
                "protocol": "Http",
                "request_timeout": 60,
                "trusted_root_certificate_names": []
              },
              {
                "affinity_cookie_name": "",
                "authentication_certificate": [],
                "connection_draining": [
                  {
                    "drain_timeout_sec": 300,
                    "enabled": true
                  }
                ],
                "cookie_based_affinity": "Disabled",
                "host_name": "",
                "id": "/subscriptions/b2af20ad-98fa-4aa7-94c3-059663641d9f/resourceGroups/rg-prod-aks101-eus2-001/providers/Microsoft.Network/applicationGateways/agw-main-prod-eus2-001/backendHttpSettingsCollection/nginx-backend-https-settings",
                "name": "nginx-backend-https-settings",
                "path": "/",
                "pick_host_name_from_backend_address": false,
                "port": 443,
                "probe_id": "/subscriptions/b2af20ad-98fa-4aa7-94c3-059663641d9f/resourceGroups/rg-prod-aks101-eus2-001/providers/Microsoft.Network/applicationGateways/agw-main-prod-eus2-001/probes/nginx-health-probe-https",
                "probe_name": "nginx-health-probe-https",
                "protocol": "Https",
                "request_timeout": 60,
                "trusted_root_certificate_names": []
              }
            ],
            "custom_error_configuration": [],
            "enable_http2": false,
            "fips_enabled": false,
            "firewall_policy_id": "",
            "force_firewall_policy_association": false,
            "frontend_ip_configuration": [
              {
                "id": "/subscriptions/b2af20ad-98fa-4aa7-94c3-059663641d9f/resourceGroups/rg-prod-aks101-eus2-001/providers/Microsoft.Network/applicationGateways/agw-main-prod-eus2-001/frontendIPConfigurations/appGwPublicFrontendIp",
                "name": "appGwPublicFrontendIp",
                "private_ip_address": "",
                "private_ip_address_allocation": "Dynamic",
                "private_link_configuration_id": "",
                "private_link_configuration_name": "",
                "public_ip_address_id": "/subscriptions/b2af20ad-98fa-4aa7-94c3-059663641d9f/resourceGroups/rg-prod-aks101-eus2-001/providers/Microsoft.Network/publicIPAddresses/pip-agw-prod-eus2-001",
                "subnet_id": ""
              }
            ],
            "frontend_port": [
              {
                "id": "/subscriptions/b2af20ad-98fa-4aa7-94c3-059663641d9f/resourceGroups/rg-prod-aks101-eus2-001/providers/Microsoft.Network/applicationGateways/agw-main-prod-eus2-001/frontendPorts/port_443",
                "name": "port_443",
                "port": 443
              },
              {
                "id": "/subscriptions/b2af20ad-98fa-4aa7-94c3-059663641d9f/resourceGroups/rg-prod-aks101-eus2-001/providers/Microsoft.Network/applicationGateways/agw-main-prod-eus2-001/frontendPorts/port_80",
                "name": "port_80",
                "port": 80
              }
            ],
            "gateway_ip_configuration": [
              {
                "id": "/subscriptions/b2af20ad-98fa-4aa7-94c3-059663641d9f/resourceGroups/rg-prod-aks101-eus2-001/providers/Microsoft.Network/applicationGateways/agw-main-prod-eus2-001/gatewayIPConfigurations/appGatewayIpConfig",
                "name": "appGatewayIpConfig",
                "subnet_id": "/subscriptions/b2af20ad-98fa-4aa7-94c3-059663641d9f/resourceGroups/rg-prod-aks101-eus2-001/providers/Microsoft.Network/virtualNetworks/vnet-prod-aks101-eus2-001/subnets/snet-agw-prod-eus2-001"
              }
            ],
            "global": [],
            "http_listener": [
              {
                "custom_error_configuration": [],
                "firewall_policy_id": "",
                "frontend_ip_configuration_id": "/subscriptions/b2af20ad-98fa-4aa7-94c3-059663641d9f/resourceGroups/rg-prod-aks101-eus2-001/providers/Microsoft.Network/applicationGateways/agw-main-prod-eus2-001/frontendIPConfigurations/appGwPublicFrontendIp",
                "frontend_ip_configuration_name": "appGwPublicFrontendIp",
                "frontend_port_id": "/subscriptions/b2af20ad-98fa-4aa7-94c3-059663641d9f/resourceGroups/rg-prod-aks101-eus2-001/providers/Microsoft.Network/applicationGateways/agw-main-prod-eus2-001/frontendPorts/port_443",
                "frontend_port_name": "port_443",
                "host_name": "",
                "host_names": [],
                "id": "/subscriptions/b2af20ad-98fa-4aa7-94c3-059663641d9f/resourceGroups/rg-prod-aks101-eus2-001/providers/Microsoft.Network/applicationGateways/agw-main-prod-eus2-001/httpListeners/appGwHttpsListener",
                "name": "appGwHttpsListener",
                "protocol": "Https",
                "require_sni": false,
                "ssl_certificate_id": "/subscriptions/b2af20ad-98fa-4aa7-94c3-059663641d9f/resourceGroups/rg-prod-aks101-eus2-001/providers/Microsoft.Network/applicationGateways/agw-main-prod-eus2-001/sslCertificates/app-gateway-ssl-cert",
                "ssl_certificate_name": "app-gateway-ssl-cert",
                "ssl_profile_id": "",
                "ssl_profile_name": ""
              },
              {
                "custom_error_configuration": [],
                "firewall_policy_id": "",
                "frontend_ip_configuration_id": "/subscriptions/b2af20ad-98fa-4aa7-94c3-059663641d9f/resourceGroups/rg-prod-aks101-eus2-001/providers/Microsoft.Network/applicationGateways/agw-main-prod-eus2-001/frontendIPConfigurations/appGwPublicFrontendIp",
                "frontend_ip_configuration_name": "appGwPublicFrontendIp",
                "frontend_port_id": "/subscriptions/b2af20ad-98fa-4aa7-94c3-059663641d9f/resourceGroups/rg-prod-aks101-eus2-001/providers/Microsoft.Network/applicationGateways/agw-main-prod-eus2-001/frontendPorts/port_80",
                "frontend_port_name": "port_80",
                "host_name": "",
                "host_names": [],
                "id": "/subscriptions/b2af20ad-98fa-4aa7-94c3-059663641d9f/resourceGroups/rg-prod-aks101-eus2-001/providers/Microsoft.Network/applicationGateways/agw-main-prod-eus2-001/httpListeners/appGwHttpListener",
                "name": "appGwHttpListener",
                "protocol": "Http",
                "require_sni": false,
                "ssl_certificate_id": "",
                "ssl_certificate_name": "",
                "ssl_profile_id": "",
                "ssl_profile_name": ""
              }
            ],
            "id": "/subscriptions/b2af20ad-98fa-4aa7-94c3-059663641d9f/resourceGroups/rg-prod-aks101-eus2-001/providers/Microsoft.Network/applicationGateways/agw-main-prod-eus2-001",
            "identity": [
              {
                "identity_ids": [
                  "/subscriptions/b2af20ad-98fa-4aa7-94c3-059663641d9f/resourceGroups/rg-prod-aks101-eus2-001/providers/Microsoft.ManagedIdentity/userAssignedIdentities/id-agw-prod-eus2-001"
                ],
                "principal_id": "",
                "tenant_id": "",
                "type": "UserAssigned"
              }
            ],
            "location": "eastus2",
            "name": "agw-main-prod-eus2-001",
            "private_endpoint_connection": [],
            "private_link_configuration": [],
            "probe": [
              {
                "host": "10.240.0.100",
                "id": "/subscriptions/b2af20ad-98fa-4aa7-94c3-059663641d9f/resourceGroups/rg-prod-aks101-eus2-001/providers/Microsoft.Network/applicationGateways/agw-main-prod-eus2-001/probes/nginx-health-probe",
                "interval": 30,
                "match": [
                  {
                    "body": "",
                    "status_code": [
                      "200"
                    ]
                  }
                ],
                "minimum_servers": 0,
                "name": "nginx-health-probe",
                "path": "/healthz",
                "pick_host_name_from_backend_http_settings": false,
                "port": 80,
                "protocol": "Http",
                "timeout": 20,
                "unhealthy_threshold": 3
              },
              {
                "host": "10.240.0.100",
                "id": "/subscriptions/b2af20ad-98fa-4aa7-94c3-059663641d9f/resourceGroups/rg-prod-aks101-eus2-001/providers/Microsoft.Network/applicationGateways/agw-main-prod-eus2-001/probes/nginx-health-probe-https",
                "interval": 30,
                "match": [
                  {
                    "body": "",
                    "status_code": [
                      "200"
                    ]
                  }
                ],
                "minimum_servers": 0,
                "name": "nginx-health-probe-https",
                "path": "/healthz",
                "pick_host_name_from_backend_http_settings": false,
                "port": 443,
                "protocol": "Https",
                "timeout": 20,
                "unhealthy_threshold": 3
              }
            ],
            "redirect_configuration": [
              {
                "id": "/subscriptions/b2af20ad-98fa-4aa7-94c3-059663641d9f/resourceGroups/rg-prod-aks101-eus2-001/providers/Microsoft.Network/applicationGateways/agw-main-prod-eus2-001/redirectConfigurations/http-to-https-redirect",
                "include_path": true,
                "include_query_string": true,
                "name": "http-to-https-redirect",
                "redirect_type": "Permanent",
                "target_listener_id": "/subscriptions/b2af20ad-98fa-4aa7-94c3-059663641d9f/resourceGroups/rg-prod-aks101-eus2-001/providers/Microsoft.Network/applicationGateways/agw-main-prod-eus2-001/httpListeners/appGwHttpsListener",
                "target_listener_name": "appGwHttpsListener",
                "target_url": ""
              }
            ],
            "request_routing_rule": [
              {
                "backend_address_pool_id": "",
                "backend_address_pool_name": "",
                "backend_http_settings_id": "",
                "backend_http_settings_name": "",
                "http_listener_id": "/subscriptions/b2af20ad-98fa-4aa7-94c3-059663641d9f/resourceGroups/rg-prod-aks101-eus2-001/providers/Microsoft.Network/applicationGateways/agw-main-prod-eus2-001/httpListeners/appGwHttpListener",
                "http_listener_name": "appGwHttpListener",
                "id": "/subscriptions/b2af20ad-98fa-4aa7-94c3-059663641d9f/resourceGroups/rg-prod-aks101-eus2-001/providers/Microsoft.Network/applicationGateways/agw-main-prod-eus2-001/requestRoutingRules/http-redirect-rule",
                "name": "http-redirect-rule",
                "priority": 100,
                "redirect_configuration_id": "/subscriptions/b2af20ad-98fa-4aa7-94c3-059663641d9f/resourceGroups/rg-prod-aks101-eus2-001/providers/Microsoft.Network/applicationGateways/agw-main-prod-eus2-001/redirectConfigurations/http-to-https-redirect",
                "redirect_configuration_name": "http-to-https-redirect",
                "rewrite_rule_set_id": "",
                "rewrite_rule_set_name": "",
                "rule_type": "Basic",
                "url_path_map_id": "",
                "url_path_map_name": ""
              },
              {
                "backend_address_pool_id": "/subscriptions/b2af20ad-98fa-4aa7-94c3-059663641d9f/resourceGroups/rg-prod-aks101-eus2-001/providers/Microsoft.Network/applicationGateways/agw-main-prod-eus2-001/backendAddressPools/nginx-backend-pool",
                "backend_address_pool_name": "nginx-backend-pool",
                "backend_http_settings_id": "/subscriptions/b2af20ad-98fa-4aa7-94c3-059663641d9f/resourceGroups/rg-prod-aks101-eus2-001/providers/Microsoft.Network/applicationGateways/agw-main-prod-eus2-001/backendHttpSettingsCollection/nginx-backend-https-settings",
                "backend_http_settings_name": "nginx-backend-https-settings",
                "http_listener_id": "/subscriptions/b2af20ad-98fa-4aa7-94c3-059663641d9f/resourceGroups/rg-prod-aks101-eus2-001/providers/Microsoft.Network/applicationGateways/agw-main-prod-eus2-001/httpListeners/appGwHttpsListener",
                "http_listener_name": "appGwHttpsListener",
                "id": "/subscriptions/b2af20ad-98fa-4aa7-94c3-059663641d9f/resourceGroups/rg-prod-aks101-eus2-001/providers/Microsoft.Network/applicationGateways/agw-main-prod-eus2-001/requestRoutingRules/https-routing-rule",
                "name": "https-routing-rule",
                "priority": 200,
                "redirect_configuration_id": "",
                "redirect_configuration_name": "",
                "rewrite_rule_set_id": "",
                "rewrite_rule_set_name": "",
                "rule_type": "Basic",
                "url_path_map_id": "",
                "url_path_map_name": ""
              }
            ],
            "resource_group_name": "rg-prod-aks101-eus2-001",
            "rewrite_rule_set": [],
            "sku": [
              {
                "capacity": 0,
                "name": "WAF_v2",
                "tier": "WAF_v2"
              }
            ],
            "ssl_certificate": [
              {
                "data": "MIIJUwIBAzCCCR8GCSqGSIb3DQEHAaCCCRAEggkMMIIJCDCCA78GCSqGSIb3DQEHBqCCA7AwggOsAgEAMIIDpQYJKoZIhvcNAQcBMBwGCiqGSIb3DQEMAQYwDgQInysdrPx8f2wCAggAgIIDeH4zXXAM58ZMp50BZ0jURVioSRl1u7GpqioYUopFOAkum/wVsWRaWxII0cp+uzgAc5OPs2FEicXM0KQbJdzuubh3rGb/Yi3rz3ovYBzNb1vZ5K2e1jfyYOWMSD8BneWADwuljHZciJHAwaXKsddkRU2+Cnm6OJ/btc+hFBtdgo/HqbAha3UQ4PvfzvzMw0cR+mfJMajWnIsrm58mteXfJjj0z0h8I1znr8d2z/PXJbOCJVtMjZQEOgn8buUhbGWql6NKs/1MeGWy0U4yFT4pY7dOW50SuU6rnMpZ32JxvhHxBanD0fBZq+766YMddkEmGfbyn3OMgz9tLNH1R1BdrPaVwwWNSo9Ig0GFQ4A4RRPH7FN6sfpEu9/W+1ioc4tVshxLbzATR6lHDUIh4AB/DZmjUEiHfIibPcjUPloITfmPRJMCIqxwP+tqRNuCj13bo8PS0dLqyLg2o9ogikTo1NaSLIvyXUE8MmMUP9k+akn8zNQ0+z1sKVjFnAD8oIMCrIA96ZpPxHL6AZTtTxek3Y5M5rJQ79Sir0xGsMWrnqD68dsdS8wBb85zuqXHJhTVQmsHauWEEZ1f4DLKByVQfcnQ1+A0h5tWjkBjNJqg1AQngSj5+wE4OawFlfgNnAAqndA3Xjg2kaKw5mUewe18h/XPAGejBpg9TI9c4I3X03RE+den6x1iZbNBq4G5EdhUOQV0wUHFbC/Z8UBGJHXHyaftweU+V4wCfit1/9qJxkbWWd/gHEP4ldy0QK+nto698nR+/LclWNVu+uxw6Nlpk/XVgtJ5ayZ3HEJNJ8NkIjMoCp88no68t/MV0Z6yqxMKGGXZJK3aRZmHVgfq1Y738QaM41/yxD5fyr60pBeI2DJ2QrZhzlhm6f9MLycWEQ2MyxFq+id4S7vRwwpjRxD/ou4OmLgrnRA/2xvkqip4t5iFlr6M4fvwauWbBHmFyQhdmGsSoBVKu4RHYOfUdtfP7B9fkK6BAah/B+72/vq7Gb301EMjVD8FkheJOOjpsqLy6i0imotwdDAoYT+Q9IfoKd/2v0DeUNcs8tan1CYFerabgFW91UJM3xQFJLpxNRcz9RKz8m7csT7eaN/CR7GFilWrSjRtUWm6sevtribr6nQsBNaPb3ewIWTJ51+AFU+Ii3Vdfr/E+vaFkvqRTntgbvdYJSG6bAgRxTCCBUEGCSqGSIb3DQEHAaCCBTIEggUuMIIFKjCCBSYGCyqGSIb3DQEMCgECoIIE7jCCBOowHAYKKoZIhvcNAQwBAzAOBAgg5jgJpJ2d2QICCAAEggTIhVh3oIRZniRvX0biY0yO1SfTcpyXOlXCKWyZpJKfFcY5PcA76QxrSh9j9P1cJELj49YoFHOTIAkm+zJFsW4rho9fBtGT+YpF3Oep1OIhN7oEtKJ7CFb2KluObYAtVRWJGgkdEMiUK7jnwjjnSuKwoFfEAsw4OJKr7UCGOjhDiouVhcNlnT832Z6aAYto3teHx75MoZGkIETQJeKWGWzY6F1aQyWBbU33kkYpIJKYciaIdUNv8wKA6+gbpz4Eef5ka1u+1Oy//VT2nTllgckYIhZnEGd1ypcOPLxPro9EUaG73jARrWtQQmsuLZt6s4IG7O2V/QvA0CEoRzxiJLKTyaLiFd4ZuS0xte7+f/jglyjmZ2bWr5g3wNZH/73rY0n1qhb6UtnGr8+HmZ0HJyTVHT2oIsXt+GLH6rf7xdPkoD09vj1HFw2PlzIOkDDLHFuLh/AToZ42ltoa6t2ohzM1dbbCctSgajf0gzeU3u5RSKqadzQa6EmhX7CctofTXSxFntEIKV+L6oWaJRGvCGKbT0pjbsqK+rZFeeq3K7i8OeYGb4CMDMoHiHZ+zG8wT3ye1KSm05DO+P9h3UU4ygqIaoTo+hYPDvOc6x2TYXc291IgxHigvx+3Rc/k04NU4ptZ7bAMNXXaXl3dwS4a615OEVVX/qWL5cWnpWfYeRgL7EwdPpqVsgAu1D4Mh9vKlUC9dFmt4o6PSlaFva3f28igkm6McIEn8KHeev9jC8CCwTcIfMPtWYEyEfu0HRga5xnSP8BTJNQZxwe5mLHZDr60e+I7axCaeu6meGOuPHeejcPz2Yi3E9sl2ioEfi2V6V/u4Kk/m+OC+V2mTK7S3XrUU3nyXgK4Go8pfQ8LWZPhnyA7bYMkSJ04cy1+U+4RnA1oOFLcNvPpgHAUT5MDEzn7yXRNRPJx3v/tmD+2sm7gzSu41TQ41zgmTUkk0qgxjmsbxiOgJumWSlbhW2id6RW2+UmfjR0EIz30lnfA6tEqetbsfbNzeWndrXrH8Q+MTSHA5t+9IrSwWXCNebSKXGpgQmZuG4c3RMd7WF0Vtg0syuntLt5fpVvmsux5P6UsRlY9Rm/6gW5xgyH1dhJEUFiPCSyUDUNw5LXcEgQCAO7JWxxaIXlHUjcm62bl37wicoqURfJpJMQFI/6yj03j4ARfuTmQRa8rcXCOVYnHo29NG28Fo9pBsy4uqgSnYizSMr7s22XYwodE3T1X+cDRjIico/dUpDcQP9ejQEOvQRujZSD6fc2Mm9mBbqdj/kSDCB8tV+0mtDj5+FjBmWUvVJ7vD8tZgU9oHuu8Zdpq1Ow+YLuFQnfDFdPIHH7/F6COLpyk/rj8B++JlKIKLDxPSPNuEcrIm4T+Uu+OtbHW6doCrm0iOKaPY6110BAKev1q0j8swc+v5EpxiX5ntu/WKy6e19TYO+yIgiyq9PwqWGTUQ0rPJS0fPnxMwYzxtNDDYd8VICLsZeH426JvysvA32YXum6JUxrcE/brRpaU4/dDjJH8UFXq4X+A6ny9p5W4jYyKPOdeHK1Q0dhfn9N+h+Y1VUAEjphBTrR+YjWLE7UVhqKiPPibruy4hHOHTh7L8x1lFN7/dKr2T1PnSgqgMzf33RqHNS7Ie/+NMSUwIwYJKoZIhvcNAQkVMRYEFGuTYXxPHDeLbuahUyP7n+0EkcKrMCswHzAHBgUrDgMCGgQUPdLurmbDALyR3nmN8lSTYGh3J+kECNBhDEEMuzf7",
                "id": "/subscriptions/b2af20ad-98fa-4aa7-94c3-059663641d9f/resourceGroups/rg-prod-aks101-eus2-001/providers/Microsoft.Network/applicationGateways/agw-main-prod-eus2-001/sslCertificates/app-gateway-ssl-cert",
                "key_vault_secret_id": "",
                "name": "app-gateway-ssl-cert",
                "password": "demo123!",
                "public_cert_data": "MIIDRwYJKoZIhvcNAQcCoIIDODCCAzQCAQExADALBgkqhkiG9w0BBwGgggMcMIIDGDCCAgCgAwIBAgIRANpGIzAbB4/kNOyAirAXpqwwDQYJKoZIhvcNAQELBQAwLDERMA8GA1UEChMIQUtTIERlbW8xFzAVBgNVBAMTDmFrcy1kZW1vLmxvY2FsMB4XDTI1MDcyMDIwMDQyMFoXDTI2MDcyMDIwMDQyMFowLDERMA8GA1UEChMIQUtTIERlbW8xFzAVBgNVBAMTDmFrcy1kZW1vLmxvY2FsMIIBIjANBgkqhkiG9w0BAQEFAAOCAQ8AMIIBCgKCAQEAz8e87+bmtU1K5BtERMJIdiyE/H7bCQCzTCr2s1oWNf/uiuu2BUOsmWAtigNCAfUSErCrvEBdEgOLX9XnTnTucvFoDRReeyS8l2rcBeDA8FDbxyWm7i+kieE5WXVU/Q2tPF2CfeCtZPHvxIFFKeZ7u1pg4VVGX6i0tE+hpxz/gotjynMJEfPRjG27qpi5bH7xGII+CLEY450pFHIOB+68zvaGARoApVMnYrNW7ZVfRlmvST+Lz3iFCdtWhp5oOcP7jyfjLUuG22PeyTfI8umG2UG12tSsltu2JyJdqgPa5Ze1spVIsC/p03wQbLc7vYNbhMry3MKM08KNsPvKJ/aBoQIDAQABozUwMzAOBgNVHQ8BAf8EBAMCBaAwEwYDVR0lBAwwCgYIKwYBBQUHAwEwDAYDVR0TAQH/BAIwADANBgkqhkiG9w0BAQsFAAOCAQEAcyDNr1s9ZXsc75Y3wLxx4hDtTndcUpu5uDX0QEwyw0RpEv8K880IieIVbce46IG9NmCSW+DCmLKKzxktsULCcCVYNRa47OV2zdAoC0bW7YE21cMumgxyASmvSvz7mUkamtlMrklafAWFhdA6sa/MkEXLiBjIohQKUlzdc3zj4+1hoPnpmB9S9xsloWUZRiSab4Oez/6/LZ8SIOdGii5Oa+x9CKE2xaEXuBWtw+alES0YNTkzMUMhEyV4mtuZkCmOcadUmMJ+EdvUQSZddRHB7kvrDImBvYyDUww7zHpze683HlzNfqJQq0oQOKNEFtxHtdbY4IyYO3BrmevEwz00xjEA"
              }
            ],
            "ssl_policy": [
              {
                "cipher_suites": [],
                "disabled_protocols": [],
                "min_protocol_version": "",
                "policy_name": "AppGwSslPolicy20220101",
                "policy_type": "Predefined"
              }
            ],
            "ssl_profile": [],
            "tags": {
              "Demo": "true",
              "Environment": "prod",
              "Location": "East US 2",
              "ManagedBy": "terraform",
              "Owner": "anbossar",
              "Project": "aks101"
            },
            "timeouts": null,
            "trusted_client_certificate": [],
            "trusted_root_certificate": [],
            "url_path_map": [],
            "waf_configuration": [
              {
                "disabled_rule_group": [],
                "enabled": true,
                "exclusion": [],
                "file_upload_limit_mb": 100,
                "firewall_mode": "Prevention",
                "max_request_body_size_kb": 128,
                "request_body_check": true,
                "rule_set_type": "OWASP",
                "rule_set_version": "3.2"
              }
            ],
            "zones": [
              "1"
            ]
          },
          "sensitive_attributes": [
            [
              {
                "type": "get_attr",
                "value": "ssl_certificate"
              }
            ]
          ],
          "identity_schema_version": 0,
          "identity": {
            "name": "agw-main-prod-eus2-001",
            "resource_group_name": "rg-prod-aks101-eus2-001",
            "subscription_id": "b2af20ad-98fa-4aa7-94c3-059663641d9f"
          },
          "private": "eyJlMmJmYjczMC1lY2FhLTExZTYtOGY4OC0zNDM2M2JjN2M0YzAiOnsiY3JlYXRlIjo1NDAwMDAwMDAwMDAwLCJkZWxldGUiOjU0MDAwMDAwMDAwMDAsInJlYWQiOjMwMDAwMDAwMDAwMCwidXBkYXRlIjo1NDAwMDAwMDAwMDAwfX0=",
          "dependencies": [
            "azurerm_public_ip.app_gateway",
            "azurerm_resource_group.main",
            "azurerm_subnet.app_gateway",
            "azurerm_user_assigned_identity.app_gateway",
            "azurerm_virtual_network.main",
            "pkcs12_from_pem.app_gateway",
            "tls_private_key.app_gateway",
            "tls_self_signed_cert.app_gateway"
          ]
        }
      ]
    },
    {
      "mode": "managed",
      "type": "azurerm_application_insights",
      "name": "main",
      "provider": "provider[\"registry.terraform.io/hashicorp/azurerm\"]",
      "instances": [
        {
          "schema_version": 2,
          "attributes": {
            "app_id": "8a7e21cd-4086-4942-aab2-893371b2eea8",
            "application_type": "web",
            "connection_string": "InstrumentationKey=c804929e-189f-4f87-85b2-384985bca134;IngestionEndpoint=https://eastus2-3.in.applicationinsights.azure.com/;LiveEndpoint=https://eastus2.livediagnostics.monitor.azure.com/;ApplicationId=8a7e21cd-4086-4942-aab2-893371b2eea8",
            "daily_data_cap_in_gb": 100,
            "daily_data_cap_notifications_disabled": false,
            "disable_ip_masking": false,
            "force_customer_storage_for_profiler": false,
            "id": "/subscriptions/b2af20ad-98fa-4aa7-94c3-059663641d9f/resourceGroups/rg-prod-aks101-eus2-001/providers/Microsoft.Insights/components/appi-prod-aks101-eus2-001",
            "instrumentation_key": "c804929e-189f-4f87-85b2-384985bca134",
            "internet_ingestion_enabled": true,
            "internet_query_enabled": true,
            "local_authentication_disabled": false,
            "location": "eastus2",
            "name": "appi-prod-aks101-eus2-001",
            "resource_group_name": "rg-prod-aks101-eus2-001",
            "retention_in_days": 90,
            "sampling_percentage": 100,
            "tags": {
              "Demo": "true",
              "Environment": "prod",
              "Location": "East US 2",
              "ManagedBy": "terraform",
              "Owner": "anbossar",
              "Project": "aks101"
            },
            "timeouts": null,
            "workspace_id": "/subscriptions/b2af20ad-98fa-4aa7-94c3-059663641d9f/resourceGroups/rg-prod-aks101-eus2-001/providers/Microsoft.OperationalInsights/workspaces/log-aks-prod-eus2-001"
          },
          "sensitive_attributes": [
            [
              {
                "type": "get_attr",
                "value": "connection_string"
              }
            ],
            [
              {
                "type": "get_attr",
                "value": "instrumentation_key"
              }
            ]
          ],
          "identity_schema_version": 0,
          "private": "eyJlMmJmYjczMC1lY2FhLTExZTYtOGY4OC0zNDM2M2JjN2M0YzAiOnsiY3JlYXRlIjozNjAwMDAwMDAwMDAwLCJkZWxldGUiOjE4MDAwMDAwMDAwMDAsInJlYWQiOjMwMDAwMDAwMDAwMCwidXBkYXRlIjoxODAwMDAwMDAwMDAwfSwic2NoZW1hX3ZlcnNpb24iOiIyIn0=",
          "dependencies": [
            "azurerm_log_analytics_workspace.main",
            "azurerm_resource_group.main"
          ]
        }
      ]
    },
    {
      "mode": "managed",
      "type": "azurerm_container_registry",
      "name": "main",
      "provider": "provider[\"registry.terraform.io/hashicorp/azurerm\"]",
      "instances": [
        {
          "index_key": 0,
          "schema_version": 2,
          "attributes": {
            "admin_enabled": false,
            "admin_password": "",
            "admin_username": "",
            "anonymous_pull_enabled": false,
            "data_endpoint_enabled": false,
            "data_endpoint_host_names": [],
            "encryption": [],
            "export_policy_enabled": true,
            "georeplications": [],
            "id": "/subscriptions/b2af20ad-98fa-4aa7-94c3-059663641d9f/resourceGroups/rg-prod-aks101-eus2-001/providers/Microsoft.ContainerRegistry/registries/acrprodaks101eus214b",
            "identity": [],
            "location": "eastus2",
            "login_server": "acrprodaks101eus214b.azurecr.io",
            "name": "acrprodaks101eus214b",
            "network_rule_bypass_option": "AzureServices",
            "network_rule_set": [
              {
                "default_action": "Deny",
                "ip_rule": []
              }
            ],
            "public_network_access_enabled": false,
            "quarantine_policy_enabled": false,
            "resource_group_name": "rg-prod-aks101-eus2-001",
            "retention_policy_in_days": 0,
            "sku": "Premium",
            "tags": {
              "Demo": "true",
              "Environment": "prod",
              "Location": "East US 2",
              "ManagedBy": "terraform",
              "Owner": "anbossar",
              "Project": "aks101"
            },
            "timeouts": null,
            "trust_policy_enabled": false,
            "zone_redundancy_enabled": false
          },
          "sensitive_attributes": [
            [
              {
                "type": "get_attr",
                "value": "admin_password"
              }
            ]
          ],
          "identity_schema_version": 0,
          "private": "eyJlMmJmYjczMC1lY2FhLTExZTYtOGY4OC0zNDM2M2JjN2M0YzAiOnsiY3JlYXRlIjoxODAwMDAwMDAwMDAwLCJkZWxldGUiOjE4MDAwMDAwMDAwMDAsInJlYWQiOjMwMDAwMDAwMDAwMCwidXBkYXRlIjoxODAwMDAwMDAwMDAwfSwic2NoZW1hX3ZlcnNpb24iOiIyIn0=",
          "dependencies": [
            "azurerm_resource_group.main",
            "random_string.suffix"
          ]
        }
      ]
    },
    {
      "mode": "managed",
      "type": "azurerm_federated_identity_credential",
      "name": "app_service_account",
      "provider": "provider[\"registry.terraform.io/hashicorp/azurerm\"]",
      "instances": [
        {
          "schema_version": 0,
          "attributes": {
            "audience": [
              "api://AzureADTokenExchange"
            ],
            "id": "/subscriptions/b2af20ad-98fa-4aa7-94c3-059663641d9f/resourceGroups/rg-prod-aks101-eus2-001/providers/Microsoft.ManagedIdentity/userAssignedIdentities/id-workload-prod-eus2-001/federatedIdentityCredentials/fc-app-prod-aks101",
            "issuer": "https://eastus2.oic.prod-aks.azure.com/5380364e-35d4-4293-8bfe-fa76e835384e/695364e6-3262-4f64-b9cd-1aa700f0a179/",
            "name": "fc-app-prod-aks101",
            "parent_id": "/subscriptions/b2af20ad-98fa-4aa7-94c3-059663641d9f/resourceGroups/rg-prod-aks101-eus2-001/providers/Microsoft.ManagedIdentity/userAssignedIdentities/id-workload-prod-eus2-001",
            "resource_group_name": "rg-prod-aks101-eus2-001",
            "subject": "system:serviceaccount:aks-app:workload-identity-sa",
            "timeouts": null
          },
          "sensitive_attributes": [],
          "identity_schema_version": 0,
          "private": "eyJlMmJmYjczMC1lY2FhLTExZTYtOGY4OC0zNDM2M2JjN2M0YzAiOnsiY3JlYXRlIjoxODAwMDAwMDAwMDAwLCJkZWxldGUiOjE4MDAwMDAwMDAwMDAsInJlYWQiOjMwMDAwMDAwMDAwMCwidXBkYXRlIjoxODAwMDAwMDAwMDAwfX0=",
          "dependencies": [
            "azurerm_kubernetes_cluster.main",
            "azurerm_log_analytics_workspace.main",
            "azurerm_resource_group.main",
            "azurerm_subnet.aks",
            "azurerm_user_assigned_identity.workload_identity",
            "azurerm_virtual_network.main"
          ]
        }
      ]
    },
    {
      "mode": "managed",
      "type": "azurerm_federated_identity_credential",
      "name": "csi_driver",
      "provider": "provider[\"registry.terraform.io/hashicorp/azurerm\"]",
      "instances": [
        {
          "schema_version": 0,
          "attributes": {
            "audience": [
              "api://AzureADTokenExchange"
            ],
            "id": "/subscriptions/b2af20ad-98fa-4aa7-94c3-059663641d9f/resourceGroups/rg-prod-aks101-eus2-001/providers/Microsoft.ManagedIdentity/userAssignedIdentities/id-workload-prod-eus2-001/federatedIdentityCredentials/fc-csi-prod-aks101",
            "issuer": "https://eastus2.oic.prod-aks.azure.com/5380364e-35d4-4293-8bfe-fa76e835384e/695364e6-3262-4f64-b9cd-1aa700f0a179/",
            "name": "fc-csi-prod-aks101",
            "parent_id": "/subscriptions/b2af20ad-98fa-4aa7-94c3-059663641d9f/resourceGroups/rg-prod-aks101-eus2-001/providers/Microsoft.ManagedIdentity/userAssignedIdentities/id-workload-prod-eus2-001",
            "resource_group_name": "rg-prod-aks101-eus2-001",
            "subject": "system:serviceaccount:kube-system:secrets-store-csi-driver",
            "timeouts": null
          },
          "sensitive_attributes": [],
          "identity_schema_version": 0,
          "private": "eyJlMmJmYjczMC1lY2FhLTExZTYtOGY4OC0zNDM2M2JjN2M0YzAiOnsiY3JlYXRlIjoxODAwMDAwMDAwMDAwLCJkZWxldGUiOjE4MDAwMDAwMDAwMDAsInJlYWQiOjMwMDAwMDAwMDAwMCwidXBkYXRlIjoxODAwMDAwMDAwMDAwfX0=",
          "dependencies": [
            "azurerm_kubernetes_cluster.main",
            "azurerm_log_analytics_workspace.main",
            "azurerm_resource_group.main",
            "azurerm_subnet.aks",
            "azurerm_user_assigned_identity.workload_identity",
            "azurerm_virtual_network.main"
          ]
        }
      ]
    },
    {
      "mode": "managed",
      "type": "azurerm_federated_identity_credential",
      "name": "default_service_account",
      "provider": "provider[\"registry.terraform.io/hashicorp/azurerm\"]",
      "instances": [
        {
          "schema_version": 0,
          "attributes": {
            "audience": [
              "api://AzureADTokenExchange"
            ],
            "id": "/subscriptions/b2af20ad-98fa-4aa7-94c3-059663641d9f/resourceGroups/rg-prod-aks101-eus2-001/providers/Microsoft.ManagedIdentity/userAssignedIdentities/id-workload-prod-eus2-001/federatedIdentityCredentials/fc-default-prod-aks101",
            "issuer": "https://eastus2.oic.prod-aks.azure.com/5380364e-35d4-4293-8bfe-fa76e835384e/695364e6-3262-4f64-b9cd-1aa700f0a179/",
            "name": "fc-default-prod-aks101",
            "parent_id": "/subscriptions/b2af20ad-98fa-4aa7-94c3-059663641d9f/resourceGroups/rg-prod-aks101-eus2-001/providers/Microsoft.ManagedIdentity/userAssignedIdentities/id-workload-prod-eus2-001",
            "resource_group_name": "rg-prod-aks101-eus2-001",
            "subject": "system:serviceaccount:default:workload-identity-sa",
            "timeouts": null
          },
          "sensitive_attributes": [],
          "identity_schema_version": 0,
          "private": "eyJlMmJmYjczMC1lY2FhLTExZTYtOGY4OC0zNDM2M2JjN2M0YzAiOnsiY3JlYXRlIjoxODAwMDAwMDAwMDAwLCJkZWxldGUiOjE4MDAwMDAwMDAwMDAsInJlYWQiOjMwMDAwMDAwMDAwMCwidXBkYXRlIjoxODAwMDAwMDAwMDAwfX0=",
          "dependencies": [
            "azurerm_kubernetes_cluster.main",
            "azurerm_log_analytics_workspace.main",
            "azurerm_resource_group.main",
            "azurerm_subnet.aks",
            "azurerm_user_assigned_identity.workload_identity",
            "azurerm_virtual_network.main"
          ]
        }
      ]
    },
    {
      "mode": "managed",
      "type": "azurerm_firewall",
      "name": "main",
      "provider": "provider[\"registry.terraform.io/hashicorp/azurerm\"]",
      "instances": [
        {
          "schema_version": 0,
          "attributes": {
            "dns_proxy_enabled": false,
            "dns_servers": [],
            "firewall_policy_id": "/subscriptions/b2af20ad-98fa-4aa7-94c3-059663641d9f/resourceGroups/rg-prod-aks101-eus2-001/providers/Microsoft.Network/firewallPolicies/fwpol-main-prod-eus2-001",
            "id": "/subscriptions/b2af20ad-98fa-4aa7-94c3-059663641d9f/resourceGroups/rg-prod-aks101-eus2-001/providers/Microsoft.Network/azureFirewalls/fw-hub-prod-eus2-001",
            "ip_configuration": [
              {
                "name": "configuration",
                "private_ip_address": "10.240.2.4",
                "public_ip_address_id": "/subscriptions/b2af20ad-98fa-4aa7-94c3-059663641d9f/resourceGroups/rg-prod-aks101-eus2-001/providers/Microsoft.Network/publicIPAddresses/pip-fw-prod-eus2-001",
                "subnet_id": "/subscriptions/b2af20ad-98fa-4aa7-94c3-059663641d9f/resourceGroups/rg-prod-aks101-eus2-001/providers/Microsoft.Network/virtualNetworks/vnet-prod-aks101-eus2-001/subnets/AzureFirewallSubnet"
              }
            ],
            "location": "eastus2",
            "management_ip_configuration": [],
            "name": "fw-hub-prod-eus2-001",
            "private_ip_ranges": [],
            "resource_group_name": "rg-prod-aks101-eus2-001",
            "sku_name": "AZFW_VNet",
            "sku_tier": "Standard",
            "tags": {
              "Demo": "true",
              "Environment": "prod",
              "Location": "East US 2",
              "ManagedBy": "terraform",
              "Owner": "anbossar",
              "Project": "aks101"
            },
            "threat_intel_mode": "Alert",
            "timeouts": null,
            "virtual_hub": [],
            "zones": []
          },
          "sensitive_attributes": [],
          "identity_schema_version": 0,
          "identity": {
            "name": "fw-hub-prod-eus2-001",
            "resource_group_name": "rg-prod-aks101-eus2-001",
            "subscription_id": "b2af20ad-98fa-4aa7-94c3-059663641d9f"
          },
          "private": "eyJlMmJmYjczMC1lY2FhLTExZTYtOGY4OC0zNDM2M2JjN2M0YzAiOnsiY3JlYXRlIjo1NDAwMDAwMDAwMDAwLCJkZWxldGUiOjU0MDAwMDAwMDAwMDAsInJlYWQiOjMwMDAwMDAwMDAwMCwidXBkYXRlIjo1NDAwMDAwMDAwMDAwfX0=",
          "dependencies": [
            "azurerm_firewall_policy.main",
            "azurerm_public_ip.firewall",
            "azurerm_resource_group.main",
            "azurerm_subnet.firewall",
            "azurerm_virtual_network.main"
          ]
        }
      ]
    },
    {
      "mode": "managed",
      "type": "azurerm_firewall_policy",
      "name": "main",
      "provider": "provider[\"registry.terraform.io/hashicorp/azurerm\"]",
      "instances": [
        {
          "schema_version": 0,
          "attributes": {
            "auto_learn_private_ranges_enabled": false,
            "base_policy_id": "",
            "child_policies": [],
            "dns": [
              {
                "proxy_enabled": true,
                "servers": []
              }
            ],
            "explicit_proxy": [],
            "firewalls": [
              "/subscriptions/b2af20ad-98fa-4aa7-94c3-059663641d9f/resourceGroups/rg-prod-aks101-eus2-001/providers/Microsoft.Network/azureFirewalls/fw-hub-prod-eus2-001"
            ],
            "id": "/subscriptions/b2af20ad-98fa-4aa7-94c3-059663641d9f/resourceGroups/rg-prod-aks101-eus2-001/providers/Microsoft.Network/firewallPolicies/fwpol-main-prod-eus2-001",
            "identity": [],
            "insights": [],
            "intrusion_detection": [],
            "location": "eastus2",
            "name": "fwpol-main-prod-eus2-001",
            "private_ip_ranges": [],
            "resource_group_name": "rg-prod-aks101-eus2-001",
            "rule_collection_groups": [
              "/subscriptions/b2af20ad-98fa-4aa7-94c3-059663641d9f/resourceGroups/rg-prod-aks101-eus2-001/providers/Microsoft.Network/firewallPolicies/fwpol-main-prod-eus2-001/ruleCollectionGroups/aks-egress-rules"
            ],
            "sku": "Standard",
            "sql_redirect_allowed": null,
            "tags": {
              "Demo": "true",
              "Environment": "prod",
              "Location": "East US 2",
              "ManagedBy": "terraform",
              "Owner": "anbossar",
              "Project": "aks101"
            },
            "threat_intelligence_allowlist": [],
            "threat_intelligence_mode": "Alert",
            "timeouts": null,
            "tls_certificate": []
          },
          "sensitive_attributes": [],
          "identity_schema_version": 0,
          "identity": {
            "name": "fwpol-main-prod-eus2-001",
            "resource_group_name": "rg-prod-aks101-eus2-001",
            "subscription_id": "b2af20ad-98fa-4aa7-94c3-059663641d9f"
          },
          "private": "eyJlMmJmYjczMC1lY2FhLTExZTYtOGY4OC0zNDM2M2JjN2M0YzAiOnsiY3JlYXRlIjoxODAwMDAwMDAwMDAwLCJkZWxldGUiOjE4MDAwMDAwMDAwMDAsInJlYWQiOjMwMDAwMDAwMDAwMCwidXBkYXRlIjoxODAwMDAwMDAwMDAwfX0=",
          "dependencies": [
            "azurerm_resource_group.main"
          ]
        }
      ]
    },
    {
      "mode": "managed",
      "type": "azurerm_firewall_policy_rule_collection_group",
      "name": "aks_egress",
      "provider": "provider[\"registry.terraform.io/hashicorp/azurerm\"]",
      "instances": [
        {
          "schema_version": 0,
          "attributes": {
            "application_rule_collection": [
              {
                "action": "Allow",
                "name": "aks-fqdn-rules",
                "priority": 100,
                "rule": [
                  {
                    "description": "",
                    "destination_addresses": [],
                    "destination_fqdn_tags": [],
                    "destination_fqdns": [
                      "*.hcp.eus2.azmk8s.io",
                      "mcr.microsoft.com",
                      "*.data.mcr.microsoft.com",
                      "management.azure.com",
                      "login.microsoftonline.com",
                      "packages.microsoft.com",
                      "acs-mirror.azureedge.net",
                      "packages.aks.azure.com",
                      "security.ubuntu.com",
                      "azure.archive.ubuntu.com",
                      "changelogs.ubuntu.com",
                      "*.docker.io",
                      "*.docker.com",
                      "registry-1.docker.io",
                      "auth.docker.io",
                      "production.cloudflare.docker.com",
                      "ghcr.io",
                      "pkg-containers.githubusercontent.com"
                    ],
                    "destination_urls": [],
                    "http_headers": [],
                    "name": "aks-core-dependencies",
                    "protocols": [
                      {
                        "port": 443,
                        "type": "Https"
                      },
                      {
                        "port": 80,
                        "type": "Http"
                      }
                    ],
                    "source_addresses": [
                      "10.240.0.0/24"
                    ],
                    "source_ip_groups": [],
                    "terminate_tls": false,
                    "web_categories": []
                  },
                  {
                    "description": "",
                    "destination_addresses": [],
                    "destination_fqdn_tags": [],
                    "destination_fqdns": [
                      "dc.services.visualstudio.com",
                      "*.ods.opinsights.azure.com",
                      "*.oms.opinsights.azure.com",
                      "*.monitoring.azure.com"
                    ],
                    "destination_urls": [],
                    "http_headers": [],
                    "name": "azure-monitor",
                    "protocols": [
                      {
                        "port": 443,
                        "type": "Https"
                      }
                    ],
                    "source_addresses": [
                      "10.240.0.0/24"
                    ],
                    "source_ip_groups": [],
                    "terminate_tls": false,
                    "web_categories": []
                  }
                ]
              }
            ],
            "firewall_policy_id": "/subscriptions/b2af20ad-98fa-4aa7-94c3-059663641d9f/resourceGroups/rg-prod-aks101-eus2-001/providers/Microsoft.Network/firewallPolicies/fwpol-main-prod-eus2-001",
            "id": "/subscriptions/b2af20ad-98fa-4aa7-94c3-059663641d9f/resourceGroups/rg-prod-aks101-eus2-001/providers/Microsoft.Network/firewallPolicies/fwpol-main-prod-eus2-001/ruleCollectionGroups/aks-egress-rules",
            "name": "aks-egress-rules",
            "nat_rule_collection": [],
            "network_rule_collection": [
              {
                "action": "Allow",
                "name": "aks-network-rules",
                "priority": 200,
                "rule": [
                  {
                    "description": "",
                    "destination_addresses": [
                      "AzureCloud.East US 2"
                    ],
                    "destination_fqdns": [],
                    "destination_ip_groups": [],
                    "destination_ports": [
                      "9000",
                      "443"
                    ],
                    "name": "aks-tcp-ports",
                    "protocols": [
                      "TCP"
                    ],
                    "source_addresses": [
                      "10.240.0.0/24"
                    ],
                    "source_ip_groups": []
                  },
                  {
                    "description": "",
                    "destination_addresses": [
                      "AzureCloud.East US 2"
                    ],
                    "destination_fqdns": [],
                    "destination_ip_groups": [],
                    "destination_ports": [
                      "1194",
                      "123"
                    ],
                    "name": "aks-udp-ports",
                    "protocols": [
                      "UDP"
                    ],
                    "source_addresses": [
                      "10.240.0.0/24"
                    ],
                    "source_ip_groups": []
                  },
                  {
                    "description": "",
                    "destination_addresses": [
                      "*"
                    ],
                    "destination_fqdns": [],
                    "destination_ip_groups": [],
                    "destination_ports": [
                      "123"
                    ],
                    "name": "ntp-time-sync",
                    "protocols": [
                      "UDP"
                    ],
                    "source_addresses": [
                      "10.240.0.0/24"
                    ],
                    "source_ip_groups": []
                  }
                ]
              }
            ],
            "priority": 100,
            "timeouts": null
          },
          "sensitive_attributes": [],
          "identity_schema_version": 0,
          "private": "eyJlMmJmYjczMC1lY2FhLTExZTYtOGY4OC0zNDM2M2JjN2M0YzAiOnsiY3JlYXRlIjoxODAwMDAwMDAwMDAwLCJkZWxldGUiOjE4MDAwMDAwMDAwMDAsInJlYWQiOjMwMDAwMDAwMDAwMCwidXBkYXRlIjoxODAwMDAwMDAwMDAwfX0=",
          "dependencies": [
            "azurerm_firewall_policy.main",
            "azurerm_resource_group.main"
          ]
        }
      ]
    },
    {
      "mode": "managed",
      "type": "azurerm_key_vault",
      "name": "main",
      "provider": "provider[\"registry.terraform.io/hashicorp/azurerm\"]",
      "instances": [
        {
          "schema_version": 2,
          "attributes": {
            "access_policy": [],
            "contact": [],
            "enable_rbac_authorization": true,
            "enabled_for_deployment": false,
            "enabled_for_disk_encryption": false,
            "enabled_for_template_deployment": false,
            "id": "/subscriptions/b2af20ad-98fa-4aa7-94c3-059663641d9f/resourceGroups/rg-prod-aks101-eus2-001/providers/Microsoft.KeyVault/vaults/kv-prod-aks101-eus2-14b",
            "location": "eastus2",
            "name": "kv-prod-aks101-eus2-14b",
            "network_acls": [
              {
                "bypass": "AzureServices",
                "default_action": "Allow",
                "ip_rules": [],
                "virtual_network_subnet_ids": []
              }
            ],
            "public_network_access_enabled": true,
            "purge_protection_enabled": true,
            "resource_group_name": "rg-prod-aks101-eus2-001",
            "sku_name": "standard",
            "soft_delete_retention_days": 7,
            "tags": {
              "Demo": "true",
              "Environment": "prod",
              "Location": "East US 2",
              "ManagedBy": "terraform",
              "Owner": "anbossar",
              "Project": "aks101"
            },
            "tenant_id": "5380364e-35d4-4293-8bfe-fa76e835384e",
            "timeouts": null,
            "vault_uri": "https://kv-prod-aks101-eus2-14b.vault.azure.net/"
          },
          "sensitive_attributes": [],
          "identity_schema_version": 0,
          "private": "eyJlMmJmYjczMC1lY2FhLTExZTYtOGY4OC0zNDM2M2JjN2M0YzAiOnsiY3JlYXRlIjoxODAwMDAwMDAwMDAwLCJkZWxldGUiOjE4MDAwMDAwMDAwMDAsInJlYWQiOjMwMDAwMDAwMDAwMCwidXBkYXRlIjoxODAwMDAwMDAwMDAwfSwic2NoZW1hX3ZlcnNpb24iOiIyIn0=",
          "dependencies": [
            "azurerm_resource_group.main",
            "data.azurerm_client_config.current",
            "random_string.suffix"
          ]
        }
      ]
    },
    {
      "mode": "managed",
      "type": "azurerm_key_vault_secret",
      "name": "database_connection",
      "provider": "provider[\"registry.terraform.io/hashicorp/azurerm\"]",
      "instances": [
        {
          "schema_version": 0,
          "attributes": {
            "content_type": "",
            "expiration_date": null,
            "id": "https://kv-prod-aks101-eus2-14b.vault.azure.net/secrets/database-connection-string/32222630a515430dbe97e2f9fcabc5a2",
            "key_vault_id": "/subscriptions/b2af20ad-98fa-4aa7-94c3-059663641d9f/resourceGroups/rg-prod-aks101-eus2-001/providers/Microsoft.KeyVault/vaults/kv-prod-aks101-eus2-14b",
            "name": "database-connection-string",
            "not_before_date": null,
            "resource_id": "/subscriptions/b2af20ad-98fa-4aa7-94c3-059663641d9f/resourceGroups/rg-prod-aks101-eus2-001/providers/Microsoft.KeyVault/vaults/kv-prod-aks101-eus2-14b/secrets/database-connection-string/versions/32222630a515430dbe97e2f9fcabc5a2",
            "resource_versionless_id": "/subscriptions/b2af20ad-98fa-4aa7-94c3-059663641d9f/resourceGroups/rg-prod-aks101-eus2-001/providers/Microsoft.KeyVault/vaults/kv-prod-aks101-eus2-14b/secrets/database-connection-string",
            "tags": {},
            "timeouts": null,
            "value": "Server=sql-main-prod-eus2-14b.database.windows.net;Database=sqldb-app-prod-eus2;Authentication=Active Directory Managed Identity;User Id=3bc69b58-b263-4d9f-9ceb-d2e1a0bdd163;",
            "value_wo": null,
            "value_wo_version": 0,
            "version": "32222630a515430dbe97e2f9fcabc5a2",
            "versionless_id": "https://kv-prod-aks101-eus2-14b.vault.azure.net/secrets/database-connection-string"
          },
          "sensitive_attributes": [
            [
              {
                "type": "get_attr",
                "value": "value"
              }
            ]
          ],
          "identity_schema_version": 0,
          "private": "eyJlMmJmYjczMC1lY2FhLTExZTYtOGY4OC0zNDM2M2JjN2M0YzAiOnsiY3JlYXRlIjoxODAwMDAwMDAwMDAwLCJkZWxldGUiOjE4MDAwMDAwMDAwMDAsInJlYWQiOjE4MDAwMDAwMDAwMDAsInVwZGF0ZSI6MTgwMDAwMDAwMDAwMH19",
          "dependencies": [
            "azurerm_key_vault.main",
            "azurerm_mssql_database.main",
            "azurerm_mssql_server.main",
            "azurerm_private_dns_zone.key_vault",
            "azurerm_private_dns_zone_virtual_network_link.key_vault",
            "azurerm_private_endpoint.key_vault",
            "azurerm_resource_group.main",
            "azurerm_subnet.private_endpoints",
            "azurerm_user_assigned_identity.workload_identity",
            "azurerm_virtual_network.main",
            "data.azurerm_client_config.current",
            "random_string.suffix"
          ]
        }
      ]
    },
    {
      "mode": "managed",
      "type": "azurerm_key_vault_secret",
      "name": "ssl_certificate",
      "provider": "provider[\"registry.terraform.io/hashicorp/azurerm\"]",
      "instances": [
        {
          "schema_version": 0,
          "attributes": {
            "content_type": "application/x-pkcs12",
            "expiration_date": null,
            "id": "https://kv-prod-aks101-eus2-14b.vault.azure.net/secrets/ssl-certificate/56542d57386d4c68b75293faebe9330a",
            "key_vault_id": "/subscriptions/b2af20ad-98fa-4aa7-94c3-059663641d9f/resourceGroups/rg-prod-aks101-eus2-001/providers/Microsoft.KeyVault/vaults/kv-prod-aks101-eus2-14b",
            "name": "ssl-certificate",
            "not_before_date": null,
            "resource_id": "/subscriptions/b2af20ad-98fa-4aa7-94c3-059663641d9f/resourceGroups/rg-prod-aks101-eus2-001/providers/Microsoft.KeyVault/vaults/kv-prod-aks101-eus2-14b/secrets/ssl-certificate/versions/56542d57386d4c68b75293faebe9330a",
            "resource_versionless_id": "/subscriptions/b2af20ad-98fa-4aa7-94c3-059663641d9f/resourceGroups/rg-prod-aks101-eus2-001/providers/Microsoft.KeyVault/vaults/kv-prod-aks101-eus2-14b/secrets/ssl-certificate",
            "tags": {},
            "timeouts": null,
            "value": "TUlJSlV3SUJBekNDQ1I4R0NTcUdTSWIzRFFFSEFhQ0NDUkFFZ2drTU1JSUpDRENDQTc4R0NTcUdTSWIzRFFFSEJxQ0NBN0F3Z2dPc0FnRUFNSUlEcFFZSktvWklodmNOQVFjQk1Cd0dDaXFHU0liM0RRRU1BUVl3RGdRSW55c2RyUHg4ZjJ3Q0FnZ0FnSUlEZUg0elhYQU01OFpNcDUwQlowalVSVmlvU1JsMXU3R3BxaW9ZVW9wRk9Ba3VtL3dWc1dSYVd4SUkwY3ArdXpnQWM1T1BzMkZFaWNYTTBLUWJKZHp1dWJoM3JHYi9ZaTNyejNvdllCek5iMXZaNUsyZTFqZnlZT1dNU0Q4Qm5lV0FEd3VsakhaY2lKSEF3YVhLc2Rka1JVMitDbm02T0ovYnRjK2hGQnRkZ28vSHFiQWhhM1VRNFB2Znp2ek13MGNSK21mSk1halduSXNybTU4bXRlWGZKamowejBoOEkxem5yOGQyei9QWEpiT0NKVnRNalpRRU9nbjhidVVoYkdXcWw2TktzLzFNZUdXeTBVNHlGVDRwWTdkT1c1MFN1VTZybk1wWjMySnh2aEh4QmFuRDBmQlpxKzc2NllNZGRrRW1HZmJ5bjNPTWd6OXRMTkgxUjFCZHJQYVZ3d1dOU285SWcwR0ZRNEE0UlJQSDdGTjZzZnBFdTkvVysxaW9jNHRWc2h4TGJ6QVRSNmxIRFVJaDRBQi9EWm1qVUVpSGZJaWJQY2pVUGxvSVRmbVBSSk1DSXF4d1ArdHFSTnVDajEzYm84UFMwZExxeUxnMm85b2dpa1RvMU5hU0xJdnlYVUU4TW1NVVA5aytha244ek5RMCt6MXNLVmpGbkFEOG9JTUNySUE5NlpwUHhITDZBWlR0VHhlazNZNU01ckpRNzlTaXIweEdzTVdybnFENjhkc2RTOHdCYjg1enVxWEhKaFRWUW1zSGF1V0VFWjFmNERMS0J5VlFmY25RMStBMGg1dFdqa0JqTkpxZzFBUW5nU2o1K3dFNE9hd0ZsZmdObkFBcW5kQTNYamcya2FLdzVtVWV3ZTE4aC9YUEFHZWpCcGc5VEk5YzRJM1gwM1JFK2RlbjZ4MWlaYk5CcTRHNUVkaFVPUVYwd1VIRmJDL1o4VUJHSkhYSHlhZnR3ZVUrVjR3Q2ZpdDEvOXFKeGtiV1dkL2dIRVA0bGR5MFFLK250bzY5OG5SKy9MY2xXTlZ1K3V4dzZObHBrL1hWZ3RKNWF5WjNIRUpOSjhOa0lqTW9DcDg4bm82OHQvTVYwWjZ5cXhNS0dHWFpKSzNhUlptSFZnZnExWTczOFFhTTQxL3l4RDVmeXI2MHBCZUkyREoyUXJaaHpsaG02ZjlNTHljV0VRMk15eEZxK2lkNFM3dlJ3d3BqUnhEL291NE9tTGdyblJBLzJ4dmtxaXA0dDVpRmxyNk00ZnZ3YXVXYkJIbUZ5UWhkbUdzU29CVkt1NFJIWU9mVWR0ZlA3Qjlma0s2QkFhaC9CKzcyL3ZxN0diMzAxRU1qVkQ4RmtoZUpPT2pwc3FMeTZpMGltb3R3ZERBb1lUK1E5SWZvS2QvMnYwRGVVTmNzOHRhbjFDWUZlcmFiZ0ZXOTFVSk0zeFFGSkxweE5SY3o5Ukt6OG03Y3NUN2VhTi9DUjdHRmlsV3JTalJ0VVdtNnNldnRyaWJyNm5Rc0JOYVBiM2V3SVdUSjUxK0FGVStJaTNWZGZyL0UrdmFGa3ZxUlRudGdidmRZSlNHNmJBZ1J4VENDQlVFR0NTcUdTSWIzRFFFSEFhQ0NCVElFZ2dVdU1JSUZLakNDQlNZR0N5cUdTSWIzRFFFTUNnRUNvSUlFN2pDQ0JPb3dIQVlLS29aSWh2Y05BUXdCQXpBT0JBZ2c1amdKcEoyZDJRSUNDQUFFZ2dUSWhWaDNvSVJabmlSdlgwYmlZMHlPMVNmVGNweVhPbFhDS1d5WnBKS2ZGY1k1UGNBNzZReHJTaDlqOVAxY0pFTGo0OVlvRkhPVElBa20rekpGc1c0cmhvOWZCdEdUK1lwRjNPZXAxT0loTjdvRXRLSjdDRmIyS2x1T2JZQXRWUldKR2drZEVNaVVLN2pud2pqblN1S3dvRmZFQXN3NE9KS3I3VUNHT2poRGlvdVZoY05sblQ4MzJaNmFBWXRvM3RlSHg3NU1vWkdrSUVUUUplS1dHV3pZNkYxYVF5V0JiVTMza2tZcElKS1ljaWFJZFVOdjh3S0E2K2dicHo0RWVmNWthMXUrMU95Ly9WVDJuVGxsZ2NrWUloWm5FR2QxeXBjT1BMeFBybzlFVWFHNzNqQVJyV3RRUW1zdUxadDZzNElHN08yVi9RdkEwQ0VvUnp4aUpMS1R5YUxpRmQ0WnVTMHh0ZTcrZi9qZ2x5am1aMmJXcjVnM3dOWkgvNzNyWTBuMXFoYjZVdG5HcjgrSG1aMEhKeVRWSFQyb0lzWHQrR0xINnJmN3hkUGtvRDA5dmoxSEZ3MlBseklPa0RETEhGdUxoL0FUb1o0Mmx0b2E2dDJvaHpNMWRiYkNjdFNnYWpmMGd6ZVUzdTVSU0txYWR6UWE2RW1oWDdDY3RvZlRYU3hGbnRFSUtWK0w2b1dhSlJHdkNHS2JUMHBqYnNxSytyWkZlZXEzSzdpOE9lWUdiNENNRE1vSGlIWit6Rzh3VDN5ZTFLU20wNURPK1A5aDNVVTR5Z3FJYW9UbytoWVBEdk9jNngyVFlYYzI5MUlneEhpZ3Z4KzNSYy9rMDROVTRwdFo3YkFNTlhYYVhsM2R3UzRhNjE1T0VWVlgvcVdMNWNXbnBXZlllUmdMN0V3ZFBwcVZzZ0F1MUQ0TWg5dktsVUM5ZEZtdDRvNlBTbGFGdmEzZjI4aWdrbTZNY0lFbjhLSGVldjlqQzhDQ3dUY0lmTVB0V1lFeUVmdTBIUmdhNXhuU1A4QlRKTlFaeHdlNW1MSFpEcjYwZStJN2F4Q2FldTZtZUdPdVBIZWVqY1B6MllpM0U5c2wyaW9FZmkyVjZWL3U0S2svbStPQytWMm1USzdTM1hyVVUzbnlYZ0s0R284cGZROExXWlBobnlBN2JZTWtTSjA0Y3kxK1UrNFJuQTFvT0ZMY052UHBnSEFVVDVNREV6bjd5WFJOUlBKeDN2L3RtRCsyc203Z3pTdTQxVFE0MXpnbVRVa2swcWd4am1zYnhpT2dKdW1XU2xiaFcyaWQ2UlcyK1VtZmpSMEVJejMwbG5mQTZ0RXFldGJzZmJOemVXbmRyWHJIOFErTVRTSEE1dCs5SXJTd1dYQ05lYlNLWEdwZ1FtWnVHNGMzUk1kN1dGMFZ0ZzBzeXVudEx0NWZwVnZtc3V4NVA2VXNSbFk5Um0vNmdXNXhneUgxZGhKRVVGaVBDU3lVRFVOdzVMWGNFZ1FDQU83Sld4eGFJWGxIVWpjbTYyYmwzN3dpY29xVVJmSnBKTVFGSS82eWowM2o0QVJmdVRtUVJhOHJjWENPVlluSG8yOU5HMjhGbzlwQnN5NHVxZ1NuWWl6U01yN3MyMlhZd29kRTNUMVgrY0RSaklpY28vZFVwRGNRUDllalFFT3ZRUnVqWlNENmZjMk1tOW1CYnFkai9rU0RDQjh0ViswbXREajUrRmpCbVdVdlZKN3ZEOHRaZ1U5b0h1dThaZHBxMU93K1lMdUZRbmZERmRQSUhINy9GNkNPTHB5ay9yajhCKytKbEtJS0xEeFBTUE51RWNySW00VCtVdStPdGJIVzZkb0NybTBpT0thUFk2MTEwQkFLZXYxcTBqOHN3Yyt2NUVweGlYNW50dS9XS3k2ZTE5VFlPK3lJZ2l5cTlQd3FXR1RVUTByUEpTMGZQbnhNd1l6eHRORERZZDhWSUNMc1plSDQyNkp2eXN2QTMyWVh1bTZKVXhyY0UvYnJScGFVNC9kRGpKSDhVRlhxNFgrQTZueTlwNVc0all5S1BPZGVISzFRMGRoZm45TitoK1kxVlVBRWpwaEJUclIrWWpXTEU3VVZocUtpUFBpYnJ1eTRoSE9IVGg3TDh4MWxGTjcvZEtyMlQxUG5TZ3FnTXpmMzNScUhOUzdJZS8rTk1TVXdJd1lKS29aSWh2Y05BUWtWTVJZRUZHdVRZWHhQSERlTGJ1YWhVeVA3biswRWtjS3JNQ3N3SHpBSEJnVXJEZ01DR2dRVVBkTHVybWJEQUx5UjNubU44bFNUWUdoM0ora0VDTkJoREVFTXV6Zjc=",
            "value_wo": null,
            "value_wo_version": 0,
            "version": "56542d57386d4c68b75293faebe9330a",
            "versionless_id": "https://kv-prod-aks101-eus2-14b.vault.azure.net/secrets/ssl-certificate"
          },
          "sensitive_attributes": [
            [
              {
                "type": "get_attr",
                "value": "value"
              }
            ]
          ],
          "identity_schema_version": 0,
          "private": "eyJlMmJmYjczMC1lY2FhLTExZTYtOGY4OC0zNDM2M2JjN2M0YzAiOnsiY3JlYXRlIjoxODAwMDAwMDAwMDAwLCJkZWxldGUiOjE4MDAwMDAwMDAwMDAsInJlYWQiOjE4MDAwMDAwMDAwMDAsInVwZGF0ZSI6MTgwMDAwMDAwMDAwMH19",
          "dependencies": [
            "azurerm_key_vault.main",
            "azurerm_private_dns_zone.key_vault",
            "azurerm_private_dns_zone_virtual_network_link.key_vault",
            "azurerm_private_endpoint.key_vault",
            "azurerm_resource_group.main",
            "azurerm_subnet.private_endpoints",
            "azurerm_virtual_network.main",
            "data.azurerm_client_config.current",
            "pkcs12_from_pem.app_gateway",
            "random_string.suffix",
            "tls_private_key.app_gateway",
            "tls_self_signed_cert.app_gateway"
          ]
        }
      ]
    },
    {
      "mode": "managed",
      "type": "azurerm_key_vault_secret",
      "name": "storage_connection",
      "provider": "provider[\"registry.terraform.io/hashicorp/azurerm\"]",
      "instances": [
        {
          "schema_version": 0,
          "attributes": {
            "content_type": "",
            "expiration_date": null,
            "id": "https://kv-prod-aks101-eus2-14b.vault.azure.net/secrets/storage-account-key/0ebac3f4816e41579a689c34429c503a",
            "key_vault_id": "/subscriptions/b2af20ad-98fa-4aa7-94c3-059663641d9f/resourceGroups/rg-prod-aks101-eus2-001/providers/Microsoft.KeyVault/vaults/kv-prod-aks101-eus2-14b",
            "name": "storage-account-key",
            "not_before_date": null,
            "resource_id": "/subscriptions/b2af20ad-98fa-4aa7-94c3-059663641d9f/resourceGroups/rg-prod-aks101-eus2-001/providers/Microsoft.KeyVault/vaults/kv-prod-aks101-eus2-14b/secrets/storage-account-key/versions/0ebac3f4816e41579a689c34429c503a",
            "resource_versionless_id": "/subscriptions/b2af20ad-98fa-4aa7-94c3-059663641d9f/resourceGroups/rg-prod-aks101-eus2-001/providers/Microsoft.KeyVault/vaults/kv-prod-aks101-eus2-14b/secrets/storage-account-key",
            "tags": {},
            "timeouts": null,
            "value": "3wIfgwBrjtZucpmAa+wxWuORdiGznAcEPgNlGUmzhK8R7RC/+aBa/78FMPWh3e1aZui6ljRvtIAn+AStlFe33A==",
            "value_wo": null,
            "value_wo_version": 0,
            "version": "0ebac3f4816e41579a689c34429c503a",
            "versionless_id": "https://kv-prod-aks101-eus2-14b.vault.azure.net/secrets/storage-account-key"
          },
          "sensitive_attributes": [
            [
              {
                "type": "get_attr",
                "value": "value"
              }
            ]
          ],
          "identity_schema_version": 0,
          "private": "eyJlMmJmYjczMC1lY2FhLTExZTYtOGY4OC0zNDM2M2JjN2M0YzAiOnsiY3JlYXRlIjoxODAwMDAwMDAwMDAwLCJkZWxldGUiOjE4MDAwMDAwMDAwMDAsInJlYWQiOjE4MDAwMDAwMDAwMDAsInVwZGF0ZSI6MTgwMDAwMDAwMDAwMH19",
          "dependencies": [
            "azurerm_key_vault.main",
            "azurerm_private_dns_zone.key_vault",
            "azurerm_private_dns_zone_virtual_network_link.key_vault",
            "azurerm_private_endpoint.key_vault",
            "azurerm_resource_group.main",
            "azurerm_storage_account.main",
            "azurerm_subnet.private_endpoints",
            "azurerm_virtual_network.main",
            "data.azurerm_client_config.current",
            "random_string.suffix"
          ]
        }
      ]
    },
    {
      "mode": "managed",
      "type": "azurerm_kubernetes_cluster",
      "name": "main",
      "provider": "provider[\"registry.terraform.io/hashicorp/azurerm\"]",
      "instances": [
        {
          "schema_version": 2,
          "attributes": {
            "aci_connector_linux": [],
            "api_server_access_profile": [],
            "auto_scaler_profile": [
              {
                "balance_similar_node_groups": false,
                "daemonset_eviction_for_empty_nodes_enabled": false,
                "daemonset_eviction_for_occupied_nodes_enabled": true,
                "empty_bulk_delete_max": "10",
                "expander": "random",
                "ignore_daemonsets_utilization_enabled": false,
                "max_graceful_termination_sec": "600",
                "max_node_provisioning_time": "15m",
                "max_unready_nodes": 3,
                "max_unready_percentage": 45,
                "new_pod_scale_up_delay": "10s",
                "scale_down_delay_after_add": "10m",
                "scale_down_delay_after_delete": "10s",
                "scale_down_delay_after_failure": "3m",
                "scale_down_unneeded": "10m",
                "scale_down_unready": "20m",
                "scale_down_utilization_threshold": "0.5",
                "scan_interval": "10s",
                "skip_nodes_with_local_storage": false,
                "skip_nodes_with_system_pods": true
              }
            ],
            "automatic_upgrade_channel": "",
            "azure_active_directory_role_based_access_control": [
              {
                "admin_group_object_ids": [],
                "azure_rbac_enabled": true,
                "tenant_id": "5380364e-35d4-4293-8bfe-fa76e835384e"
              }
            ],
            "azure_policy_enabled": false,
            "confidential_computing": [],
            "cost_analysis_enabled": false,
            "current_kubernetes_version": "1.31.9",
            "custom_ca_trust_certificates_base64": [],
            "default_node_pool": [
              {
                "auto_scaling_enabled": true,
                "capacity_reservation_group_id": "",
                "fips_enabled": false,
                "gpu_instance": "",
                "host_encryption_enabled": false,
                "host_group_id": "",
                "kubelet_config": [],
                "kubelet_disk_type": "OS",
                "linux_os_config": [],
                "max_count": 10,
                "max_pods": 250,
                "min_count": 1,
                "name": "default",
                "node_count": 1,
                "node_labels": {},
                "node_network_profile": [],
                "node_public_ip_enabled": false,
                "node_public_ip_prefix_id": "",
                "only_critical_addons_enabled": false,
                "orchestrator_version": "1.31.9",
                "os_disk_size_gb": 100,
                "os_disk_type": "Managed",
                "os_sku": "Ubuntu",
                "pod_subnet_id": "",
                "proximity_placement_group_id": "",
                "scale_down_mode": "Delete",
                "snapshot_id": "",
                "tags": {},
                "temporary_name_for_rotation": "",
                "type": "VirtualMachineScaleSets",
                "ultra_ssd_enabled": false,
                "upgrade_settings": [
                  {
                    "drain_timeout_in_minutes": 0,
                    "max_surge": "10%",
                    "node_soak_duration_in_minutes": 0
                  }
                ],
                "vm_size": "Standard_D4s_v3",
                "vnet_subnet_id": "/subscriptions/b2af20ad-98fa-4aa7-94c3-059663641d9f/resourceGroups/rg-prod-aks101-eus2-001/providers/Microsoft.Network/virtualNetworks/vnet-prod-aks101-eus2-001/subnets/snet-aks-prod-eus2-001",
                "workload_runtime": "",
                "zones": [
                  "1"
                ]
              }
            ],
            "disk_encryption_set_id": "",
            "dns_prefix": "aks-prod-aks101-eus2",
            "dns_prefix_private_cluster": "",
            "edge_zone": "",
            "fqdn": "aks-prod-aks101-eus2-8o7dvcta.hcp.eastus2.azmk8s.io",
            "http_application_routing_enabled": false,
            "http_application_routing_zone_name": "",
            "http_proxy_config": [],
            "id": "/subscriptions/b2af20ad-98fa-4aa7-94c3-059663641d9f/resourceGroups/rg-prod-aks101-eus2-001/providers/Microsoft.ContainerService/managedClusters/aks-prod-aks101-eus2-001",
            "identity": [
              {
                "identity_ids": [],
                "principal_id": "b254bed8-7e9d-4445-96b6-df8cce5a7d4b",
                "tenant_id": "5380364e-35d4-4293-8bfe-fa76e835384e",
                "type": "SystemAssigned"
              }
            ],
            "image_cleaner_enabled": null,
            "image_cleaner_interval_hours": null,
            "ingress_application_gateway": [],
            "key_management_service": [],
            "key_vault_secrets_provider": [
              {
                "secret_identity": [
                  {
                    "client_id": "51260071-7ec1-4efe-bc41-67d8d2707221",
                    "object_id": "c81a0049-0a76-461c-a84e-ef2aa67d95b2",
                    "user_assigned_identity_id": "/subscriptions/b2af20ad-98fa-4aa7-94c3-059663641d9f/resourcegroups/MC_rg-prod-aks101-eus2-001_aks-prod-aks101-eus2-001_eastus2/providers/Microsoft.ManagedIdentity/userAssignedIdentities/azurekeyvaultsecretsprovider-aks-prod-aks101-eus2-001"
                  }
                ],
                "secret_rotation_enabled": true,
                "secret_rotation_interval": "2m"
              }
            ],
            "kube_admin_config": [
              {
                "client_certificate": "LS0tLS1CRUdJTiBDRVJUSUZJQ0FURS0tLS0tCk1JSUZIVENDQXdXZ0F3SUJBZ0lRWVNLcGdvK09yd2M3Vi9IR1RSYXV2VEFOQmdrcWhraUc5dzBCQVFzRkFEQU4KTVFzd0NRWURWUVFERXdKallUQWVGdzB5TlRBM01qQXlNREk0TUROYUZ3MHlOekEzTWpBeU1ETTRNRE5hTURBeApGekFWQmdOVkJBb1REbk41YzNSbGJUcHRZWE4wWlhKek1SVXdFd1lEVlFRREV3eHRZWE4wWlhKamJHbGxiblF3CmdnSWlNQTBHQ1NxR1NJYjNEUUVCQVFVQUE0SUNEd0F3Z2dJS0FvSUNBUUMwcHFNRlQ5K0VyWnVQeFhWS2ZzZm8KdHBDS0IzdVRkWDZ1VzdvWFhxV05hUHRkbFJybFI1em9BNjIvZkFtcjlqSGRrZGJPK0tqeFlUOGVsTkYzV1BIaQpDVzFzYVJRSGhjanRGWkxBQ2JVTGpNa1FxSmJmRUNSN09BT1JxajNyb2xRK25pUnJjZ3NBN1NNMFAyQmV6RDBlCmRrN1dpRXJUT1F3aVFWSVJCTjhGZG1JUjU2QWhnWEw5T09JbVhxS0dyVmQvYlQ0QVNmL2FwbGlwdWhVVmRQR3EKcC9IaVJHUyt2dGdnV1hpOU0yZXUvRUdNQVVHeUtkQWMxZ3JUNlh3TWhiVGZYTHk4REQzWVBRWlRnNVBFN1JveAo1TFAxSGk3YnRkUDZ5RkcxVGdNY0ZCaG5rVi9Bck9oMlM5bDA1cUdmZTVXb0I1a296Nnp6MlU2ckxVRW90cDdkCjhpNkFYK0xRbWtRaGlUY2FSRHpORzI3Y1FDRlBOd3VmWEhvSUJ1SzlYUEJhRm1nSHBXbHNFWEFIa2pvV3poSGgKZHRuN21MK0FOa3ozempCSmZmWXlvdHFsVCtzVEtvREowdElCakt4dDNDSlJvYUdtbTAzRE1YZktUejdPM2EyUgpyclpFVTJjSnhpR0paK29oZVl3ZER6T0pCRlJxWW1ub1h5U0FtbHNmdXhoY1cwbng3K3dxRG91L1hTaUl0QlFFCjZPTTFSNjJVZGNZU2tSbS9LSE1IR1hsTWJERkhtdUdzeE80cDN1bmo4eFg4amVaeTNZUm1qdk54MVJzNFJtOFUKWkQxTmV6a0h5cm9URU5CRCtNN1cxcHJYQjNGMEwzSUlmakFMVVFqU2JkeXBkUnZHS1lXNmI3K0hyekRFQTBUYwppblVQNWdVR1RNamJ5TWNpd3M1Nzh3SURBUUFCbzFZd1ZEQU9CZ05WSFE4QkFmOEVCQU1DQmFBd0V3WURWUjBsCkJBd3dDZ1lJS3dZQkJRVUhBd0l3REFZRFZSMFRBUUgvQkFJd0FEQWZCZ05WSFNNRUdEQVdnQlNLdjlZTDBNbTMKdnp0MVkvSzlndXlyeDBYcWxUQU5CZ2txaGtpRzl3MEJBUXNGQUFPQ0FnRUFpdnZtaWtSWGFZZ2Rkc3NBWjV3MAp3M3VGYWpZYktOWDVtODFMd3ZIQ25iTTVEQjRSL3lUYlpGc3MxeVhqVEhyYVRKV2pnYmxLaVJPRXdCZFQzUGUxCjBEYnF2WTUxb3Z5UzBKV3FLMmxVSHR5Rjh6am5jUG91NnNCaGxHbUZBS1pCQWNEcUdPa05BM3F0citkd1FvTGkKWnVYaDBCMG5wcjNJQ2swZDIvejRjMkxpTm9SUGkzc0E5dGNncTdIeVRKWUdyYzl4REl4OGVKNWNLMFUyaHE5OQpKYXRJc1ZqbFNvbjhsWjRUdnhYdGlBNCtCdzF0cXFPNVE0MzZmVll2YnRoRW8yZlR0cjN0Wlc2VmV5V3R6VnljClFCa2lENmJEbVFTTXI0VUZzdTVSWmVLam9IaDlyaitwTUI1SVluTzRiNFU0d1JsZFBCbmxnZ21pdXAxWE1VdmsKOTlzeXNTQUhUVEEvVGhmQ1VsalpiL2dzUWowVGpyTnF5YTVqaVd2NzZOK2k4SkF6VkhvRXcvUHVjRVV1Q2ZCago3YSs5c1pXNzVQdkhFSnQ5VzBxYmdTV0J6UGRYWnhtdHZuVWlXaEhla2VuWmRkdFh0ZlFzTTRuRHlua2FuWkNPCkN5bEJ5UjNhVEpLZjMrMVM4dEhlTXBQUThpOGdhenVXN2l1d2xuV3lNUEoydjZENXh5dk1TdDFrK2J2cHJvNDkKOGZIcWE5WE5tS2V1TEd0dWQ0c1R3VU5PWnB3Um5EdDY1RFVpWU5yWEcrcmdmTzdyUXNuS2NkYStJTFRndzY0cgpxV1lGaEcvSHpuZ3ZwNXdxblNVaDI3N0dmakJtTWJLSzUwd2ZLZTFTSzJuZ2dLUzVSclpVZlk2Vk1uZDVmS2hTCkVSSG0yMGJrb0QyWThBQXBneExyTnFFPQotLS0tLUVORCBDRVJUSUZJQ0FURS0tLS0tCg==",
                "client_key": "LS0tLS1CRUdJTiBSU0EgUFJJVkFURSBLRVktLS0tLQpNSUlKS1FJQkFBS0NBZ0VBdEthakJVL2ZoSzJiajhWMVNuN0g2TGFRaWdkN2szVitybHU2RjE2bGpXajdYWlVhCjVVZWM2QU90djN3SnEvWXgzWkhXenZpbzhXRS9IcFRSZDFqeDRnbHRiR2tVQjRYSTdSV1N3QW0xQzR6SkVLaVcKM3hBa2V6Z0RrYW85NjZKVVBwNGthM0lMQU8wak5EOWdYc3c5SG5aTzFvaEswemtNSWtGU0VRVGZCWFppRWVlZwpJWUZ5L1RqaUpsNmlocTFYZjIwK0FFbi8ycVpZcWJvVkZYVHhxcWZ4NGtSa3ZyN1lJRmw0dlRObnJ2eEJqQUZCCnNpblFITllLMCtsOERJVzAzMXk4dkF3OTJEMEdVNE9UeE8wYU1lU3o5UjR1MjdYVCtzaFJ0VTRESEJRWVo1RmYKd0t6b2RrdlpkT2FobjN1VnFBZVpLTStzODlsT3F5MUJLTGFlM2ZJdWdGL2kwSnBFSVlrM0drUTh6UnR1M0VBaApUemNMbjF4NkNBYml2Vnp3V2hab0I2VnBiQkZ3QjVJNkZzNFI0WGJaKzVpL2dEWk05ODR3U1gzMk1xTGFwVS9yCkV5cUF5ZExTQVl5c2Jkd2lVYUdocHB0Tnd6RjN5azgrenQydGthNjJSRk5uQ2NZaGlXZnFJWG1NSFE4emlRUlUKYW1KcDZGOGtnSnBiSDdzWVhGdEo4ZS9zS2c2THYxMG9pTFFVQk9qak5VZXRsSFhHRXBFWnZ5aHpCeGw1VEd3eApSNXJock1UdUtkN3A0L01WL0kzbWN0MkVabzd6Y2RVYk9FWnZGR1E5VFhzNUI4cTZFeERRUS9qTzF0YWExd2R4CmRDOXlDSDR3QzFFSTBtM2NxWFVieGltRnVtKy9oNjh3eEFORTNJcDFEK1lGQmt6STI4akhJc0xPZS9NQ0F3RUEKQVFLQ0FnQVRkMWxkdXl1a3ltaFc1N29wMnR1RDBoaGxKMFZEc0llRUZsSkpMbU84aHpGKzloQTk0S2Vod0xPNgpUSTFtUUZORFF2SFl2NmJFeSt2WFNjWUFqRThVUWx2T01NeDl1d2JadFZkbzVpTGlLYnVJMWdIYjY0dGkwN2hlCnUrK01NcVBOVTVFdEdzN2d2S3pzZGwvV0YwQUd4a3pjaFRjNjU0ek5MQ2pCdUxxbmhnZ3ZVYnhKbi85YUZnVVkKaVY0T0VTTzZrWFQ2NXY1dyt6ZldvanlmWVVpaFVST1poREV1OUxXcFZyclIrSFlWdnd6NUh6R0xGMEpidVJ6VgpsUFZQRENGZmFFaldJcU9QWjVRRTc4cStqNllnOWpvR0VjaU8yRnNOVFFTdytzVVBBNE5WdGE2UnZwQVdIenBCCmhKQ3A5TkU5bUFRREI4M2xRT2RmUHJNa3hmajhWejB6OUgyWmxGL2syTzM0eGorRk5nN3M2bzN2N21qQzNyV0gKN0l2SUlKYklNbnNQZElHcTkzR2xOaFhTY3hQdjBWVEkwUmUwczJ6UTZiYTZqQ1FjaWhkcWNwbVc5cFhHaCtTbwplcHNYbjEvZ0VyMEszdXE4OHp6dWIvZCs3RmJOT29LQ1UyQnluZXpQZmZSMlBWQ1RyM0JGVUpuc1orVnJTNGpGClZ1YTJuM2xZdjlmZjUwQk5lMEN1STJvTGRaREVQYm9DdXZOYVpBcG8wQ0l3Rkg1MDEyUHh2N2pLcmJETVVScWUKSVJENDFRVWt5ZXg0VFVieXl1MXRPMHRvR244Z3NRTHRGKzFieGc1aXRUZ214WGtFbmRaYlVmWHN4Z0lDeVZVZgppdTJLcEU4a01kbSttZ055dFYxVVdDYVdtcy8yWGVucVMycTJYSFlXWWdDWmhabW93UUtDQVFFQTBTK2ZWVWZoCjY2bWw1UWg5YWR5ZFRIR0R5WVdqNm5IcXpGK0NWb3JjY1NjazJYNkRuQU1EU3hyQWVoUm42ckM1WSsrdkw0MUYKYk1WL25iTnRidGVXSis5Q3RKdXJMMER1STN3c3RSVVhOWi9WNFA2MmZvZ3FFUXAreWtTWnF1eWNHQXZEMW5abQpHT3N1aUNKZHdYUnkyTm4yeEZJVVJwbXlLWjc0QVdUSitOZm5JSFJrcFBhSzZaNDdaaXlRM05zK0lDNWdvK0g1ClRaMmVGL1FISmJlMHhqQUhTVDV2bExnU1E1NWRQNmNhVlVPMWhsYmNPMHhmbUNIcmszV1N4bnpVeUlLVm5TQ2YKeVVmU01Vdi9kdVNHYXZFelh2S29LdDdBTE1CZm1hM1A0MXhwZnExZzhyVHAzdWRTMlZ6eE1raWs3ejE3cmIyOAovUXMydWVhR3JtOUVRd0tDQVFFQTNSUTVOcUVYcFZlcVg5dFI4NnIwWDQwVVFrM2J0NVliUGp4YmF3c1RjTXF6CnRMWFRPU01sMFBmeUQ0MytCcjd3b3l0NHBBdy9LelNFTkkrT0tXblhvaVRiMDhsdzBmaENiaS9CU3l3L0pLM2IKM2IzSEFZYVprQUtEWW9xOThNbS9ZZ28rdStwQ2NJek1CUjZ2a205YXdEOXhsOVhJejdHbFVXNlhlTmV2TjhiTApMQ3FhdkxTaWJFTTd3Q3JGbktJTjlqcEpzWkZFVXEvYStEUnR2c2QwQ3pFb2xWWEs5TnFUMXE4RlFiSHZVVEJqCjZ5cmdjdFNnVHNEOUR4ZEc0ODdBcDQrVGxoWHp2RmpzUjNPWHdIMjBjTVpoVHZ2Nm8yVmNXaU83RmFPK1pWRGoKZlA2bngwN0xkaGNseGlJclhJZE5wcWw0Vk02bk90Z21RRW1KRTcvR2tRS0NBUUVBa1pqeTdwbTBycUdLM1NvVwptSXM4Vk11aHJhODkwdDF0VHNpZllIc1FTaFd6dVVvc2NuZEtZSWtETlRWa3l0NHNlMW1GZHJSK2dPSEtIRXFaCnZZK0NiTk5FZTQ3cURGN0dJWjY1UTJTbG5lWmRLRmhCVHpxWkJQbG9ISUs0N2xYM28yajA2eDNIbkVwOVBiV2wKeWhPeUtDczFiWm12a1NCQytHTTBQVXdZcEFJcVZkV05nNkF5T2I2dm0wTWpwUVZZYlcrNlJmYnYzY3o2RDdRRApFWWFXNVdiaWUyRmdxb09mK3I2TUt0UzFLR21UUENqUzZ0Y1Nwa0hkeE9vTnVlZUM5dmlsQ0JPQUE4bmdpLzFZCmx6a2lNZWNtR1UwT0xhQ1M0OU1WOTFJYUl5YmNLcGFrcHVteTZqbloyWDZ1UnBCM2RDazRIMHF6OHZCT0xBQSsKOThSc0h3S0NBUUVBMG41UjV6akVhZElwVHZGa2V3dVhkMjY5RGxCUlZlQWUra2UvaHhEWnByZnBHTE5TZElHSgpuUWltdWJhcFdrVHNtMzlsYzFTUnhKSlJHalpnMWYrSHAwTk81cnhTcGlpcEgzNXFuU2Q0eTNTWjlldWVrazVVCjRlL3lwcDJSTWJUMWV1UmtUTWxFRHlPUGtZUmhDSnpybkVZTDR0UlRTYVZMMFZmcDhzM3hiN3JnY2FIekNKODQKVXJwRkpyZlN4VXJxM2prck4xMG4zMDYrdnpvMEQ4U2FNWm5SbVRaQmNwYTIwbDU4TTh1MkgraGlDbVFkcGxmYQpkb0Y3c0tXcUFuYzFxWlNqb2ZBdXpITWlMUG5iVUJTZi9BeDJWQnpJekZCUytTUXlHZTE0OThCbmlQaHlTT3MxCi82OFVjU3pSZWx6OVN5VHFoRnpxanJXRTNncmw4QjdWY1FLQ0FRQTBVM0d5ZU1IR1dzMmtERUJTNythL2pyNzcKZ3BNRHE4aVhmSkpaSHJud0IzcXlDNnZLNVFRUjF3ZFdpdmlmN0NsakUxN2cxdEV4MFk0c3BVUzFXTFZnV0dtTApwUDhYUlBIZWY1a0tBQkZLd2hKa0E5a2tDMjRmWWNOYnRhK2x1WDc4blQyV2thQjhXeitvYjQ0cmRtMjU0M2RlCkMvTUttb2JLKzM2Yy9ZMDc0QURGU0xNZkJqVHdsYllDMytBWlBPeWp6TjNaUWphUHk5UUhHNjF3dzJoSjk0YjAKUS9vVDhMR0lnVHVDU1JhVTNtd1gvWThtMVpmcFdTbVk3WFhDdFBWSUZzMVhpYjNOQzR5YW94UC8yakViZHdjMwpGRGFkU05POTVQNzlTMFVHWHlINHYxTkF4YUVHOXh4SjZSQ0ZMZ01PY29zVTU2cXl6WGw1dXdwN1V1QmMKLS0tLS1FTkQgUlNBIFBSSVZBVEUgS0VZLS0tLS0K",
                "cluster_ca_certificate": "LS0tLS1CRUdJTiBDRVJUSUZJQ0FURS0tLS0tCk1JSUU2RENDQXRDZ0F3SUJBZ0lRRUFVSVJ2Um1oQjdnTktMQkFaMHE5akFOQmdrcWhraUc5dzBCQVFzRkFEQU4KTVFzd0NRWURWUVFERXdKallUQWdGdzB5TlRBM01qQXlNREk0TUROYUdBOHlNRFUxTURjeU1ESXdNemd3TTFvdwpEVEVMTUFrR0ExVUVBeE1DWTJFd2dnSWlNQTBHQ1NxR1NJYjNEUUVCQVFVQUE0SUNEd0F3Z2dJS0FvSUNBUURTCkdGeUNYd2tPanhOZnlKdnJHMGtVbGpJWXhFeHpDcmNTRU5CVzU4VXVWTjdxN3Avd3RMRm0vWVdMSVpPb1M1eE4KQ0VXZ0kvdVVncG0rY1ZSb2s0b3AxdnpVZFl4L1ZldWY1VnltZFJFMmJVYnNlaFpyUitBeDZmREY3cTVDemxDYQpGcGE3NkFONVpWZHZBVzdqMk5GRDVsZ2hBZkNHNHRMdmJxOGFWTHAwaTVacFhtVy9ydUZVQ3hOcGJzbHV1aWJxCjVWWTVnK09PaGhmak1jemVhd01ockpYTTVNb2NycEIxdkYxcGtFTi9MOHJPM2pXOWZRNzZVNGdGc2VQem5WSEwKRXZRNEFTYUtTYURiRUhlZS82R1V0eWI2cTVZSjgwbmVkc0RQWnJEaHhwQXlZSk4vb1NpMFY4TmQzcXRMeXY2UgpLWmVBL0dxOCswSnFBL2tBMU4vK09EU2lrd2JHUWFGQVV0ZjN5eG1iSGpMQ1NyZHZLaGc5cTBub2poZnRlMWNTCmlOUDZMbGVielhYNWZiR0NHK3hmay9vWUxvUzJNMjZGOW13bncyUjNBQ0pQSVR4V1RWcDVrNVhHRVNDNXhnZWoKcWZGY256SVJrOFE5WmlOUFFWb0ZFanRSWHE5MVl5Qk1vTUYrd1ljdlRJRW4xN3Vick10T2dCV3krN044Y20zSgpZY1g4L255d3VEZ29PRTMwWkVXOWZmUWl2OW41YUR0R3B3QU5yK0ZnSUtpNkRWdTd3OXpuOEZLYzlGSzZOMjF3CldYeUtCVXRqZWJKUzRpV0hFRXMzR0dhTFVNVS9kbEhQa1NBQkRZZTdycE81a25WakpZK0RvWVo0UW1MMDh0aHcKUzZSTHZiQS9iRGFFK2djRmZpQzhpYUxnQ1JIb1MzOCtKR1JYNDlEMDN3SURBUUFCbzBJd1FEQU9CZ05WSFE4QgpBZjhFQkFNQ0FxUXdEd1lEVlIwVEFRSC9CQVV3QXdFQi96QWRCZ05WSFE0RUZnUVVpci9XQzlESnQ3ODdkV1B5CnZZTHNxOGRGNnBVd0RRWUpLb1pJaHZjTkFRRUxCUUFEZ2dJQkFBOUJSOVJycU01QUlNUW9DUisyYmZlN3l1ajYKNTA2RGVOMVJPKzBJdUQrYjhIU3crcEZnbEF0Zzh6dnpTUTN5eW0vZFk0cmhucDlvVkVMUFQ4NTVYSUhWYld0VQp6a2JjN3lWRGd0TWNKNWMyaitYNmcrbFkvQUJGU09RK2dDVzVCS2RvVUcvNHgrMGkxbTN1TzNDcnhBdks0UkIrCm9TUUlQUkV6Z0owZ1duNGc4MGd4Rk1XSnpZTGpKWXFRcWtuTno4VEpIeHM2czFJRFJyWk5ZTGNjRWVjRG1LL0oKN0c1VnFBRncyVkpTSk1XWWFxSHdTWEVta1J6aFNDVnc3U2tUMWRoV01DcndEWkF6YkpzUDdPSU54WXluN0lwdApGSTViVkFYZEttQUFpNW9CVk1nN0sxRHBrWWJTc2MxT01YSzdnaUpDd0pmRW8wbVhwcTlJZFBySXVxSEdTM3lkCkVia0czT2pTTjVYcHpLbk9QWVFvWHJ4STltSkVGS2ZPMFZkRkw2VEMveVliOVVjVFQwUkczTXR0K2pGZCsxTGsKdWFFekR5VFZOUFlFbVE5cWpuYjhlN21ORnZMSWgxZVo2SjFzamZFVVU2SEhyODdnYis3elhra05pbEdidGJqTwo0d0Nrc0VCWUhiZ0JtTDBkYUd5QVpTVDNkdFd3V1UvZXZnY0NXUGZ2cFFkZGs4SUNpQW5RL3JqbkNiU0VDekFnCjkvVHJHUHRJeEpjNERXY09PU1ZuOFFSQkR2d1pxbUhvY014Zk1xc3lhTVQ1Nm81dkFhOHNPSkxsZDV2M0tEd2oKdyt2cnMzS1lhRlQyK2FPT3pqbm5TOU5ZOVhxS0ZaQXNqNC9kazE5eFkwQW1Ta0wwa080OWMyemV6dkh1RTBuSgpUQjl5SG53M3UyK2FZTDBCCi0tLS0tRU5EIENFUlRJRklDQVRFLS0tLS0K",
                "host": "https://aks-prod-aks101-eus2-8o7dvcta.hcp.eastus2.azmk8s.io:443",
                "password": "n4prvv6618pvn3vtnzpefkt38in6o5d54yglwdxbsdwntr6wra7j1cj0uojhcmohg2tl7mp3icvdxoczxcnv92blyum7kns6na7eentoewjxbpgxrskrimsu2it849k8",
                "username": "clusterAdmin_rg-prod-aks101-eus2-001_aks-prod-aks101-eus2-001"
              }
            ],
            "kube_admin_config_raw": "apiVersion: v1\nclusters:\n- cluster:\n    certificate-authority-data: LS0tLS1CRUdJTiBDRVJUSUZJQ0FURS0tLS0tCk1JSUU2RENDQXRDZ0F3SUJBZ0lRRUFVSVJ2Um1oQjdnTktMQkFaMHE5akFOQmdrcWhraUc5dzBCQVFzRkFEQU4KTVFzd0NRWURWUVFERXdKallUQWdGdzB5TlRBM01qQXlNREk0TUROYUdBOHlNRFUxTURjeU1ESXdNemd3TTFvdwpEVEVMTUFrR0ExVUVBeE1DWTJFd2dnSWlNQTBHQ1NxR1NJYjNEUUVCQVFVQUE0SUNEd0F3Z2dJS0FvSUNBUURTCkdGeUNYd2tPanhOZnlKdnJHMGtVbGpJWXhFeHpDcmNTRU5CVzU4VXVWTjdxN3Avd3RMRm0vWVdMSVpPb1M1eE4KQ0VXZ0kvdVVncG0rY1ZSb2s0b3AxdnpVZFl4L1ZldWY1VnltZFJFMmJVYnNlaFpyUitBeDZmREY3cTVDemxDYQpGcGE3NkFONVpWZHZBVzdqMk5GRDVsZ2hBZkNHNHRMdmJxOGFWTHAwaTVacFhtVy9ydUZVQ3hOcGJzbHV1aWJxCjVWWTVnK09PaGhmak1jemVhd01ockpYTTVNb2NycEIxdkYxcGtFTi9MOHJPM2pXOWZRNzZVNGdGc2VQem5WSEwKRXZRNEFTYUtTYURiRUhlZS82R1V0eWI2cTVZSjgwbmVkc0RQWnJEaHhwQXlZSk4vb1NpMFY4TmQzcXRMeXY2UgpLWmVBL0dxOCswSnFBL2tBMU4vK09EU2lrd2JHUWFGQVV0ZjN5eG1iSGpMQ1NyZHZLaGc5cTBub2poZnRlMWNTCmlOUDZMbGVielhYNWZiR0NHK3hmay9vWUxvUzJNMjZGOW13bncyUjNBQ0pQSVR4V1RWcDVrNVhHRVNDNXhnZWoKcWZGY256SVJrOFE5WmlOUFFWb0ZFanRSWHE5MVl5Qk1vTUYrd1ljdlRJRW4xN3Vick10T2dCV3krN044Y20zSgpZY1g4L255d3VEZ29PRTMwWkVXOWZmUWl2OW41YUR0R3B3QU5yK0ZnSUtpNkRWdTd3OXpuOEZLYzlGSzZOMjF3CldYeUtCVXRqZWJKUzRpV0hFRXMzR0dhTFVNVS9kbEhQa1NBQkRZZTdycE81a25WakpZK0RvWVo0UW1MMDh0aHcKUzZSTHZiQS9iRGFFK2djRmZpQzhpYUxnQ1JIb1MzOCtKR1JYNDlEMDN3SURBUUFCbzBJd1FEQU9CZ05WSFE4QgpBZjhFQkFNQ0FxUXdEd1lEVlIwVEFRSC9CQVV3QXdFQi96QWRCZ05WSFE0RUZnUVVpci9XQzlESnQ3ODdkV1B5CnZZTHNxOGRGNnBVd0RRWUpLb1pJaHZjTkFRRUxCUUFEZ2dJQkFBOUJSOVJycU01QUlNUW9DUisyYmZlN3l1ajYKNTA2RGVOMVJPKzBJdUQrYjhIU3crcEZnbEF0Zzh6dnpTUTN5eW0vZFk0cmhucDlvVkVMUFQ4NTVYSUhWYld0VQp6a2JjN3lWRGd0TWNKNWMyaitYNmcrbFkvQUJGU09RK2dDVzVCS2RvVUcvNHgrMGkxbTN1TzNDcnhBdks0UkIrCm9TUUlQUkV6Z0owZ1duNGc4MGd4Rk1XSnpZTGpKWXFRcWtuTno4VEpIeHM2czFJRFJyWk5ZTGNjRWVjRG1LL0oKN0c1VnFBRncyVkpTSk1XWWFxSHdTWEVta1J6aFNDVnc3U2tUMWRoV01DcndEWkF6YkpzUDdPSU54WXluN0lwdApGSTViVkFYZEttQUFpNW9CVk1nN0sxRHBrWWJTc2MxT01YSzdnaUpDd0pmRW8wbVhwcTlJZFBySXVxSEdTM3lkCkVia0czT2pTTjVYcHpLbk9QWVFvWHJ4STltSkVGS2ZPMFZkRkw2VEMveVliOVVjVFQwUkczTXR0K2pGZCsxTGsKdWFFekR5VFZOUFlFbVE5cWpuYjhlN21ORnZMSWgxZVo2SjFzamZFVVU2SEhyODdnYis3elhra05pbEdidGJqTwo0d0Nrc0VCWUhiZ0JtTDBkYUd5QVpTVDNkdFd3V1UvZXZnY0NXUGZ2cFFkZGs4SUNpQW5RL3JqbkNiU0VDekFnCjkvVHJHUHRJeEpjNERXY09PU1ZuOFFSQkR2d1pxbUhvY014Zk1xc3lhTVQ1Nm81dkFhOHNPSkxsZDV2M0tEd2oKdyt2cnMzS1lhRlQyK2FPT3pqbm5TOU5ZOVhxS0ZaQXNqNC9kazE5eFkwQW1Ta0wwa080OWMyemV6dkh1RTBuSgpUQjl5SG53M3UyK2FZTDBCCi0tLS0tRU5EIENFUlRJRklDQVRFLS0tLS0K\n    server: https://aks-prod-aks101-eus2-8o7dvcta.hcp.eastus2.azmk8s.io:443\n  name: aks-prod-aks101-eus2-001\ncontexts:\n- context:\n    cluster: aks-prod-aks101-eus2-001\n    user: clusterAdmin_rg-prod-aks101-eus2-001_aks-prod-aks101-eus2-001\n  name: aks-prod-aks101-eus2-001\ncurrent-context: aks-prod-aks101-eus2-001\nkind: Config\npreferences: {}\nusers:\n- name: clusterAdmin_rg-prod-aks101-eus2-001_aks-prod-aks101-eus2-001\n  user:\n    client-certificate-data: LS0tLS1CRUdJTiBDRVJUSUZJQ0FURS0tLS0tCk1JSUZIVENDQXdXZ0F3SUJBZ0lRWVNLcGdvK09yd2M3Vi9IR1RSYXV2VEFOQmdrcWhraUc5dzBCQVFzRkFEQU4KTVFzd0NRWURWUVFERXdKallUQWVGdzB5TlRBM01qQXlNREk0TUROYUZ3MHlOekEzTWpBeU1ETTRNRE5hTURBeApGekFWQmdOVkJBb1REbk41YzNSbGJUcHRZWE4wWlhKek1SVXdFd1lEVlFRREV3eHRZWE4wWlhKamJHbGxiblF3CmdnSWlNQTBHQ1NxR1NJYjNEUUVCQVFVQUE0SUNEd0F3Z2dJS0FvSUNBUUMwcHFNRlQ5K0VyWnVQeFhWS2ZzZm8KdHBDS0IzdVRkWDZ1VzdvWFhxV05hUHRkbFJybFI1em9BNjIvZkFtcjlqSGRrZGJPK0tqeFlUOGVsTkYzV1BIaQpDVzFzYVJRSGhjanRGWkxBQ2JVTGpNa1FxSmJmRUNSN09BT1JxajNyb2xRK25pUnJjZ3NBN1NNMFAyQmV6RDBlCmRrN1dpRXJUT1F3aVFWSVJCTjhGZG1JUjU2QWhnWEw5T09JbVhxS0dyVmQvYlQ0QVNmL2FwbGlwdWhVVmRQR3EKcC9IaVJHUyt2dGdnV1hpOU0yZXUvRUdNQVVHeUtkQWMxZ3JUNlh3TWhiVGZYTHk4REQzWVBRWlRnNVBFN1JveAo1TFAxSGk3YnRkUDZ5RkcxVGdNY0ZCaG5rVi9Bck9oMlM5bDA1cUdmZTVXb0I1a296Nnp6MlU2ckxVRW90cDdkCjhpNkFYK0xRbWtRaGlUY2FSRHpORzI3Y1FDRlBOd3VmWEhvSUJ1SzlYUEJhRm1nSHBXbHNFWEFIa2pvV3poSGgKZHRuN21MK0FOa3ozempCSmZmWXlvdHFsVCtzVEtvREowdElCakt4dDNDSlJvYUdtbTAzRE1YZktUejdPM2EyUgpyclpFVTJjSnhpR0paK29oZVl3ZER6T0pCRlJxWW1ub1h5U0FtbHNmdXhoY1cwbng3K3dxRG91L1hTaUl0QlFFCjZPTTFSNjJVZGNZU2tSbS9LSE1IR1hsTWJERkhtdUdzeE80cDN1bmo4eFg4amVaeTNZUm1qdk54MVJzNFJtOFUKWkQxTmV6a0h5cm9URU5CRCtNN1cxcHJYQjNGMEwzSUlmakFMVVFqU2JkeXBkUnZHS1lXNmI3K0hyekRFQTBUYwppblVQNWdVR1RNamJ5TWNpd3M1Nzh3SURBUUFCbzFZd1ZEQU9CZ05WSFE4QkFmOEVCQU1DQmFBd0V3WURWUjBsCkJBd3dDZ1lJS3dZQkJRVUhBd0l3REFZRFZSMFRBUUgvQkFJd0FEQWZCZ05WSFNNRUdEQVdnQlNLdjlZTDBNbTMKdnp0MVkvSzlndXlyeDBYcWxUQU5CZ2txaGtpRzl3MEJBUXNGQUFPQ0FnRUFpdnZtaWtSWGFZZ2Rkc3NBWjV3MAp3M3VGYWpZYktOWDVtODFMd3ZIQ25iTTVEQjRSL3lUYlpGc3MxeVhqVEhyYVRKV2pnYmxLaVJPRXdCZFQzUGUxCjBEYnF2WTUxb3Z5UzBKV3FLMmxVSHR5Rjh6am5jUG91NnNCaGxHbUZBS1pCQWNEcUdPa05BM3F0citkd1FvTGkKWnVYaDBCMG5wcjNJQ2swZDIvejRjMkxpTm9SUGkzc0E5dGNncTdIeVRKWUdyYzl4REl4OGVKNWNLMFUyaHE5OQpKYXRJc1ZqbFNvbjhsWjRUdnhYdGlBNCtCdzF0cXFPNVE0MzZmVll2YnRoRW8yZlR0cjN0Wlc2VmV5V3R6VnljClFCa2lENmJEbVFTTXI0VUZzdTVSWmVLam9IaDlyaitwTUI1SVluTzRiNFU0d1JsZFBCbmxnZ21pdXAxWE1VdmsKOTlzeXNTQUhUVEEvVGhmQ1VsalpiL2dzUWowVGpyTnF5YTVqaVd2NzZOK2k4SkF6VkhvRXcvUHVjRVV1Q2ZCago3YSs5c1pXNzVQdkhFSnQ5VzBxYmdTV0J6UGRYWnhtdHZuVWlXaEhla2VuWmRkdFh0ZlFzTTRuRHlua2FuWkNPCkN5bEJ5UjNhVEpLZjMrMVM4dEhlTXBQUThpOGdhenVXN2l1d2xuV3lNUEoydjZENXh5dk1TdDFrK2J2cHJvNDkKOGZIcWE5WE5tS2V1TEd0dWQ0c1R3VU5PWnB3Um5EdDY1RFVpWU5yWEcrcmdmTzdyUXNuS2NkYStJTFRndzY0cgpxV1lGaEcvSHpuZ3ZwNXdxblNVaDI3N0dmakJtTWJLSzUwd2ZLZTFTSzJuZ2dLUzVSclpVZlk2Vk1uZDVmS2hTCkVSSG0yMGJrb0QyWThBQXBneExyTnFFPQotLS0tLUVORCBDRVJUSUZJQ0FURS0tLS0tCg==\n    client-key-data: LS0tLS1CRUdJTiBSU0EgUFJJVkFURSBLRVktLS0tLQpNSUlKS1FJQkFBS0NBZ0VBdEthakJVL2ZoSzJiajhWMVNuN0g2TGFRaWdkN2szVitybHU2RjE2bGpXajdYWlVhCjVVZWM2QU90djN3SnEvWXgzWkhXenZpbzhXRS9IcFRSZDFqeDRnbHRiR2tVQjRYSTdSV1N3QW0xQzR6SkVLaVcKM3hBa2V6Z0RrYW85NjZKVVBwNGthM0lMQU8wak5EOWdYc3c5SG5aTzFvaEswemtNSWtGU0VRVGZCWFppRWVlZwpJWUZ5L1RqaUpsNmlocTFYZjIwK0FFbi8ycVpZcWJvVkZYVHhxcWZ4NGtSa3ZyN1lJRmw0dlRObnJ2eEJqQUZCCnNpblFITllLMCtsOERJVzAzMXk4dkF3OTJEMEdVNE9UeE8wYU1lU3o5UjR1MjdYVCtzaFJ0VTRESEJRWVo1RmYKd0t6b2RrdlpkT2FobjN1VnFBZVpLTStzODlsT3F5MUJLTGFlM2ZJdWdGL2kwSnBFSVlrM0drUTh6UnR1M0VBaApUemNMbjF4NkNBYml2Vnp3V2hab0I2VnBiQkZ3QjVJNkZzNFI0WGJaKzVpL2dEWk05ODR3U1gzMk1xTGFwVS9yCkV5cUF5ZExTQVl5c2Jkd2lVYUdocHB0Tnd6RjN5azgrenQydGthNjJSRk5uQ2NZaGlXZnFJWG1NSFE4emlRUlUKYW1KcDZGOGtnSnBiSDdzWVhGdEo4ZS9zS2c2THYxMG9pTFFVQk9qak5VZXRsSFhHRXBFWnZ5aHpCeGw1VEd3eApSNXJock1UdUtkN3A0L01WL0kzbWN0MkVabzd6Y2RVYk9FWnZGR1E5VFhzNUI4cTZFeERRUS9qTzF0YWExd2R4CmRDOXlDSDR3QzFFSTBtM2NxWFVieGltRnVtKy9oNjh3eEFORTNJcDFEK1lGQmt6STI4akhJc0xPZS9NQ0F3RUEKQVFLQ0FnQVRkMWxkdXl1a3ltaFc1N29wMnR1RDBoaGxKMFZEc0llRUZsSkpMbU84aHpGKzloQTk0S2Vod0xPNgpUSTFtUUZORFF2SFl2NmJFeSt2WFNjWUFqRThVUWx2T01NeDl1d2JadFZkbzVpTGlLYnVJMWdIYjY0dGkwN2hlCnUrK01NcVBOVTVFdEdzN2d2S3pzZGwvV0YwQUd4a3pjaFRjNjU0ek5MQ2pCdUxxbmhnZ3ZVYnhKbi85YUZnVVkKaVY0T0VTTzZrWFQ2NXY1dyt6ZldvanlmWVVpaFVST1poREV1OUxXcFZyclIrSFlWdnd6NUh6R0xGMEpidVJ6VgpsUFZQRENGZmFFaldJcU9QWjVRRTc4cStqNllnOWpvR0VjaU8yRnNOVFFTdytzVVBBNE5WdGE2UnZwQVdIenBCCmhKQ3A5TkU5bUFRREI4M2xRT2RmUHJNa3hmajhWejB6OUgyWmxGL2syTzM0eGorRk5nN3M2bzN2N21qQzNyV0gKN0l2SUlKYklNbnNQZElHcTkzR2xOaFhTY3hQdjBWVEkwUmUwczJ6UTZiYTZqQ1FjaWhkcWNwbVc5cFhHaCtTbwplcHNYbjEvZ0VyMEszdXE4OHp6dWIvZCs3RmJOT29LQ1UyQnluZXpQZmZSMlBWQ1RyM0JGVUpuc1orVnJTNGpGClZ1YTJuM2xZdjlmZjUwQk5lMEN1STJvTGRaREVQYm9DdXZOYVpBcG8wQ0l3Rkg1MDEyUHh2N2pLcmJETVVScWUKSVJENDFRVWt5ZXg0VFVieXl1MXRPMHRvR244Z3NRTHRGKzFieGc1aXRUZ214WGtFbmRaYlVmWHN4Z0lDeVZVZgppdTJLcEU4a01kbSttZ055dFYxVVdDYVdtcy8yWGVucVMycTJYSFlXWWdDWmhabW93UUtDQVFFQTBTK2ZWVWZoCjY2bWw1UWg5YWR5ZFRIR0R5WVdqNm5IcXpGK0NWb3JjY1NjazJYNkRuQU1EU3hyQWVoUm42ckM1WSsrdkw0MUYKYk1WL25iTnRidGVXSis5Q3RKdXJMMER1STN3c3RSVVhOWi9WNFA2MmZvZ3FFUXAreWtTWnF1eWNHQXZEMW5abQpHT3N1aUNKZHdYUnkyTm4yeEZJVVJwbXlLWjc0QVdUSitOZm5JSFJrcFBhSzZaNDdaaXlRM05zK0lDNWdvK0g1ClRaMmVGL1FISmJlMHhqQUhTVDV2bExnU1E1NWRQNmNhVlVPMWhsYmNPMHhmbUNIcmszV1N4bnpVeUlLVm5TQ2YKeVVmU01Vdi9kdVNHYXZFelh2S29LdDdBTE1CZm1hM1A0MXhwZnExZzhyVHAzdWRTMlZ6eE1raWs3ejE3cmIyOAovUXMydWVhR3JtOUVRd0tDQVFFQTNSUTVOcUVYcFZlcVg5dFI4NnIwWDQwVVFrM2J0NVliUGp4YmF3c1RjTXF6CnRMWFRPU01sMFBmeUQ0MytCcjd3b3l0NHBBdy9LelNFTkkrT0tXblhvaVRiMDhsdzBmaENiaS9CU3l3L0pLM2IKM2IzSEFZYVprQUtEWW9xOThNbS9ZZ28rdStwQ2NJek1CUjZ2a205YXdEOXhsOVhJejdHbFVXNlhlTmV2TjhiTApMQ3FhdkxTaWJFTTd3Q3JGbktJTjlqcEpzWkZFVXEvYStEUnR2c2QwQ3pFb2xWWEs5TnFUMXE4RlFiSHZVVEJqCjZ5cmdjdFNnVHNEOUR4ZEc0ODdBcDQrVGxoWHp2RmpzUjNPWHdIMjBjTVpoVHZ2Nm8yVmNXaU83RmFPK1pWRGoKZlA2bngwN0xkaGNseGlJclhJZE5wcWw0Vk02bk90Z21RRW1KRTcvR2tRS0NBUUVBa1pqeTdwbTBycUdLM1NvVwptSXM4Vk11aHJhODkwdDF0VHNpZllIc1FTaFd6dVVvc2NuZEtZSWtETlRWa3l0NHNlMW1GZHJSK2dPSEtIRXFaCnZZK0NiTk5FZTQ3cURGN0dJWjY1UTJTbG5lWmRLRmhCVHpxWkJQbG9ISUs0N2xYM28yajA2eDNIbkVwOVBiV2wKeWhPeUtDczFiWm12a1NCQytHTTBQVXdZcEFJcVZkV05nNkF5T2I2dm0wTWpwUVZZYlcrNlJmYnYzY3o2RDdRRApFWWFXNVdiaWUyRmdxb09mK3I2TUt0UzFLR21UUENqUzZ0Y1Nwa0hkeE9vTnVlZUM5dmlsQ0JPQUE4bmdpLzFZCmx6a2lNZWNtR1UwT0xhQ1M0OU1WOTFJYUl5YmNLcGFrcHVteTZqbloyWDZ1UnBCM2RDazRIMHF6OHZCT0xBQSsKOThSc0h3S0NBUUVBMG41UjV6akVhZElwVHZGa2V3dVhkMjY5RGxCUlZlQWUra2UvaHhEWnByZnBHTE5TZElHSgpuUWltdWJhcFdrVHNtMzlsYzFTUnhKSlJHalpnMWYrSHAwTk81cnhTcGlpcEgzNXFuU2Q0eTNTWjlldWVrazVVCjRlL3lwcDJSTWJUMWV1UmtUTWxFRHlPUGtZUmhDSnpybkVZTDR0UlRTYVZMMFZmcDhzM3hiN3JnY2FIekNKODQKVXJwRkpyZlN4VXJxM2prck4xMG4zMDYrdnpvMEQ4U2FNWm5SbVRaQmNwYTIwbDU4TTh1MkgraGlDbVFkcGxmYQpkb0Y3c0tXcUFuYzFxWlNqb2ZBdXpITWlMUG5iVUJTZi9BeDJWQnpJekZCUytTUXlHZTE0OThCbmlQaHlTT3MxCi82OFVjU3pSZWx6OVN5VHFoRnpxanJXRTNncmw4QjdWY1FLQ0FRQTBVM0d5ZU1IR1dzMmtERUJTNythL2pyNzcKZ3BNRHE4aVhmSkpaSHJud0IzcXlDNnZLNVFRUjF3ZFdpdmlmN0NsakUxN2cxdEV4MFk0c3BVUzFXTFZnV0dtTApwUDhYUlBIZWY1a0tBQkZLd2hKa0E5a2tDMjRmWWNOYnRhK2x1WDc4blQyV2thQjhXeitvYjQ0cmRtMjU0M2RlCkMvTUttb2JLKzM2Yy9ZMDc0QURGU0xNZkJqVHdsYllDMytBWlBPeWp6TjNaUWphUHk5UUhHNjF3dzJoSjk0YjAKUS9vVDhMR0lnVHVDU1JhVTNtd1gvWThtMVpmcFdTbVk3WFhDdFBWSUZzMVhpYjNOQzR5YW94UC8yakViZHdjMwpGRGFkU05POTVQNzlTMFVHWHlINHYxTkF4YUVHOXh4SjZSQ0ZMZ01PY29zVTU2cXl6WGw1dXdwN1V1QmMKLS0tLS1FTkQgUlNBIFBSSVZBVEUgS0VZLS0tLS0K\n    token: n4prvv6618pvn3vtnzpefkt38in6o5d54yglwdxbsdwntr6wra7j1cj0uojhcmohg2tl7mp3icvdxoczxcnv92blyum7kns6na7eentoewjxbpgxrskrimsu2it849k8\n",
            "kube_config": [
              {
                "client_certificate": "",
                "client_key": "",
                "cluster_ca_certificate": "LS0tLS1CRUdJTiBDRVJUSUZJQ0FURS0tLS0tCk1JSUU2RENDQXRDZ0F3SUJBZ0lRRUFVSVJ2Um1oQjdnTktMQkFaMHE5akFOQmdrcWhraUc5dzBCQVFzRkFEQU4KTVFzd0NRWURWUVFERXdKallUQWdGdzB5TlRBM01qQXlNREk0TUROYUdBOHlNRFUxTURjeU1ESXdNemd3TTFvdwpEVEVMTUFrR0ExVUVBeE1DWTJFd2dnSWlNQTBHQ1NxR1NJYjNEUUVCQVFVQUE0SUNEd0F3Z2dJS0FvSUNBUURTCkdGeUNYd2tPanhOZnlKdnJHMGtVbGpJWXhFeHpDcmNTRU5CVzU4VXVWTjdxN3Avd3RMRm0vWVdMSVpPb1M1eE4KQ0VXZ0kvdVVncG0rY1ZSb2s0b3AxdnpVZFl4L1ZldWY1VnltZFJFMmJVYnNlaFpyUitBeDZmREY3cTVDemxDYQpGcGE3NkFONVpWZHZBVzdqMk5GRDVsZ2hBZkNHNHRMdmJxOGFWTHAwaTVacFhtVy9ydUZVQ3hOcGJzbHV1aWJxCjVWWTVnK09PaGhmak1jemVhd01ockpYTTVNb2NycEIxdkYxcGtFTi9MOHJPM2pXOWZRNzZVNGdGc2VQem5WSEwKRXZRNEFTYUtTYURiRUhlZS82R1V0eWI2cTVZSjgwbmVkc0RQWnJEaHhwQXlZSk4vb1NpMFY4TmQzcXRMeXY2UgpLWmVBL0dxOCswSnFBL2tBMU4vK09EU2lrd2JHUWFGQVV0ZjN5eG1iSGpMQ1NyZHZLaGc5cTBub2poZnRlMWNTCmlOUDZMbGVielhYNWZiR0NHK3hmay9vWUxvUzJNMjZGOW13bncyUjNBQ0pQSVR4V1RWcDVrNVhHRVNDNXhnZWoKcWZGY256SVJrOFE5WmlOUFFWb0ZFanRSWHE5MVl5Qk1vTUYrd1ljdlRJRW4xN3Vick10T2dCV3krN044Y20zSgpZY1g4L255d3VEZ29PRTMwWkVXOWZmUWl2OW41YUR0R3B3QU5yK0ZnSUtpNkRWdTd3OXpuOEZLYzlGSzZOMjF3CldYeUtCVXRqZWJKUzRpV0hFRXMzR0dhTFVNVS9kbEhQa1NBQkRZZTdycE81a25WakpZK0RvWVo0UW1MMDh0aHcKUzZSTHZiQS9iRGFFK2djRmZpQzhpYUxnQ1JIb1MzOCtKR1JYNDlEMDN3SURBUUFCbzBJd1FEQU9CZ05WSFE4QgpBZjhFQkFNQ0FxUXdEd1lEVlIwVEFRSC9CQVV3QXdFQi96QWRCZ05WSFE0RUZnUVVpci9XQzlESnQ3ODdkV1B5CnZZTHNxOGRGNnBVd0RRWUpLb1pJaHZjTkFRRUxCUUFEZ2dJQkFBOUJSOVJycU01QUlNUW9DUisyYmZlN3l1ajYKNTA2RGVOMVJPKzBJdUQrYjhIU3crcEZnbEF0Zzh6dnpTUTN5eW0vZFk0cmhucDlvVkVMUFQ4NTVYSUhWYld0VQp6a2JjN3lWRGd0TWNKNWMyaitYNmcrbFkvQUJGU09RK2dDVzVCS2RvVUcvNHgrMGkxbTN1TzNDcnhBdks0UkIrCm9TUUlQUkV6Z0owZ1duNGc4MGd4Rk1XSnpZTGpKWXFRcWtuTno4VEpIeHM2czFJRFJyWk5ZTGNjRWVjRG1LL0oKN0c1VnFBRncyVkpTSk1XWWFxSHdTWEVta1J6aFNDVnc3U2tUMWRoV01DcndEWkF6YkpzUDdPSU54WXluN0lwdApGSTViVkFYZEttQUFpNW9CVk1nN0sxRHBrWWJTc2MxT01YSzdnaUpDd0pmRW8wbVhwcTlJZFBySXVxSEdTM3lkCkVia0czT2pTTjVYcHpLbk9QWVFvWHJ4STltSkVGS2ZPMFZkRkw2VEMveVliOVVjVFQwUkczTXR0K2pGZCsxTGsKdWFFekR5VFZOUFlFbVE5cWpuYjhlN21ORnZMSWgxZVo2SjFzamZFVVU2SEhyODdnYis3elhra05pbEdidGJqTwo0d0Nrc0VCWUhiZ0JtTDBkYUd5QVpTVDNkdFd3V1UvZXZnY0NXUGZ2cFFkZGs4SUNpQW5RL3JqbkNiU0VDekFnCjkvVHJHUHRJeEpjNERXY09PU1ZuOFFSQkR2d1pxbUhvY014Zk1xc3lhTVQ1Nm81dkFhOHNPSkxsZDV2M0tEd2oKdyt2cnMzS1lhRlQyK2FPT3pqbm5TOU5ZOVhxS0ZaQXNqNC9kazE5eFkwQW1Ta0wwa080OWMyemV6dkh1RTBuSgpUQjl5SG53M3UyK2FZTDBCCi0tLS0tRU5EIENFUlRJRklDQVRFLS0tLS0K",
                "host": "https://aks-prod-aks101-eus2-8o7dvcta.hcp.eastus2.azmk8s.io:443",
                "password": "",
                "username": "clusterUser_rg-prod-aks101-eus2-001_aks-prod-aks101-eus2-001"
              }
            ],
            "kube_config_raw": "apiVersion: v1\nclusters:\n- cluster:\n    certificate-authority-data: LS0tLS1CRUdJTiBDRVJUSUZJQ0FURS0tLS0tCk1JSUU2RENDQXRDZ0F3SUJBZ0lRRUFVSVJ2Um1oQjdnTktMQkFaMHE5akFOQmdrcWhraUc5dzBCQVFzRkFEQU4KTVFzd0NRWURWUVFERXdKallUQWdGdzB5TlRBM01qQXlNREk0TUROYUdBOHlNRFUxTURjeU1ESXdNemd3TTFvdwpEVEVMTUFrR0ExVUVBeE1DWTJFd2dnSWlNQTBHQ1NxR1NJYjNEUUVCQVFVQUE0SUNEd0F3Z2dJS0FvSUNBUURTCkdGeUNYd2tPanhOZnlKdnJHMGtVbGpJWXhFeHpDcmNTRU5CVzU4VXVWTjdxN3Avd3RMRm0vWVdMSVpPb1M1eE4KQ0VXZ0kvdVVncG0rY1ZSb2s0b3AxdnpVZFl4L1ZldWY1VnltZFJFMmJVYnNlaFpyUitBeDZmREY3cTVDemxDYQpGcGE3NkFONVpWZHZBVzdqMk5GRDVsZ2hBZkNHNHRMdmJxOGFWTHAwaTVacFhtVy9ydUZVQ3hOcGJzbHV1aWJxCjVWWTVnK09PaGhmak1jemVhd01ockpYTTVNb2NycEIxdkYxcGtFTi9MOHJPM2pXOWZRNzZVNGdGc2VQem5WSEwKRXZRNEFTYUtTYURiRUhlZS82R1V0eWI2cTVZSjgwbmVkc0RQWnJEaHhwQXlZSk4vb1NpMFY4TmQzcXRMeXY2UgpLWmVBL0dxOCswSnFBL2tBMU4vK09EU2lrd2JHUWFGQVV0ZjN5eG1iSGpMQ1NyZHZLaGc5cTBub2poZnRlMWNTCmlOUDZMbGVielhYNWZiR0NHK3hmay9vWUxvUzJNMjZGOW13bncyUjNBQ0pQSVR4V1RWcDVrNVhHRVNDNXhnZWoKcWZGY256SVJrOFE5WmlOUFFWb0ZFanRSWHE5MVl5Qk1vTUYrd1ljdlRJRW4xN3Vick10T2dCV3krN044Y20zSgpZY1g4L255d3VEZ29PRTMwWkVXOWZmUWl2OW41YUR0R3B3QU5yK0ZnSUtpNkRWdTd3OXpuOEZLYzlGSzZOMjF3CldYeUtCVXRqZWJKUzRpV0hFRXMzR0dhTFVNVS9kbEhQa1NBQkRZZTdycE81a25WakpZK0RvWVo0UW1MMDh0aHcKUzZSTHZiQS9iRGFFK2djRmZpQzhpYUxnQ1JIb1MzOCtKR1JYNDlEMDN3SURBUUFCbzBJd1FEQU9CZ05WSFE4QgpBZjhFQkFNQ0FxUXdEd1lEVlIwVEFRSC9CQVV3QXdFQi96QWRCZ05WSFE0RUZnUVVpci9XQzlESnQ3ODdkV1B5CnZZTHNxOGRGNnBVd0RRWUpLb1pJaHZjTkFRRUxCUUFEZ2dJQkFBOUJSOVJycU01QUlNUW9DUisyYmZlN3l1ajYKNTA2RGVOMVJPKzBJdUQrYjhIU3crcEZnbEF0Zzh6dnpTUTN5eW0vZFk0cmhucDlvVkVMUFQ4NTVYSUhWYld0VQp6a2JjN3lWRGd0TWNKNWMyaitYNmcrbFkvQUJGU09RK2dDVzVCS2RvVUcvNHgrMGkxbTN1TzNDcnhBdks0UkIrCm9TUUlQUkV6Z0owZ1duNGc4MGd4Rk1XSnpZTGpKWXFRcWtuTno4VEpIeHM2czFJRFJyWk5ZTGNjRWVjRG1LL0oKN0c1VnFBRncyVkpTSk1XWWFxSHdTWEVta1J6aFNDVnc3U2tUMWRoV01DcndEWkF6YkpzUDdPSU54WXluN0lwdApGSTViVkFYZEttQUFpNW9CVk1nN0sxRHBrWWJTc2MxT01YSzdnaUpDd0pmRW8wbVhwcTlJZFBySXVxSEdTM3lkCkVia0czT2pTTjVYcHpLbk9QWVFvWHJ4STltSkVGS2ZPMFZkRkw2VEMveVliOVVjVFQwUkczTXR0K2pGZCsxTGsKdWFFekR5VFZOUFlFbVE5cWpuYjhlN21ORnZMSWgxZVo2SjFzamZFVVU2SEhyODdnYis3elhra05pbEdidGJqTwo0d0Nrc0VCWUhiZ0JtTDBkYUd5QVpTVDNkdFd3V1UvZXZnY0NXUGZ2cFFkZGs4SUNpQW5RL3JqbkNiU0VDekFnCjkvVHJHUHRJeEpjNERXY09PU1ZuOFFSQkR2d1pxbUhvY014Zk1xc3lhTVQ1Nm81dkFhOHNPSkxsZDV2M0tEd2oKdyt2cnMzS1lhRlQyK2FPT3pqbm5TOU5ZOVhxS0ZaQXNqNC9kazE5eFkwQW1Ta0wwa080OWMyemV6dkh1RTBuSgpUQjl5SG53M3UyK2FZTDBCCi0tLS0tRU5EIENFUlRJRklDQVRFLS0tLS0K\n    server: https://aks-prod-aks101-eus2-8o7dvcta.hcp.eastus2.azmk8s.io:443\n  name: aks-prod-aks101-eus2-001\ncontexts:\n- context:\n    cluster: aks-prod-aks101-eus2-001\n    user: clusterUser_rg-prod-aks101-eus2-001_aks-prod-aks101-eus2-001\n  name: aks-prod-aks101-eus2-001\ncurrent-context: aks-prod-aks101-eus2-001\nkind: Config\npreferences: {}\nusers:\n- name: clusterUser_rg-prod-aks101-eus2-001_aks-prod-aks101-eus2-001\n  user:\n    exec:\n      apiVersion: client.authentication.k8s.io/v1beta1\n      args:\n      - get-token\n      - --environment\n      - AzurePublicCloud\n      - --server-id\n      - 6dae42f8-4368-4678-94ff-3960e28e3630\n      - --client-id\n      - 80faf920-1908-4b52-b5ef-a8e7bedfc67a\n      - --tenant-id\n      - 5380364e-35d4-4293-8bfe-fa76e835384e\n      - --login\n      - devicecode\n      command: kubelogin\n      env: null\n      installHint: |2\n\n        kubelogin is not installed which is required to connect to AAD enabled cluster.\n\n        To learn more, please go to https://aka.ms/aks/kubelogin\n      provideClusterInfo: false\n",
            "kubelet_identity": [
              {
                "client_id": "3e3cba73-e4c3-4878-a557-01ad4c0c7c0d",
                "object_id": "3c9e8dbf-a334-4d3f-a8d8-9b9045fe9606",
                "user_assigned_identity_id": "/subscriptions/b2af20ad-98fa-4aa7-94c3-059663641d9f/resourceGroups/MC_rg-prod-aks101-eus2-001_aks-prod-aks101-eus2-001_eastus2/providers/Microsoft.ManagedIdentity/userAssignedIdentities/aks-prod-aks101-eus2-001-agentpool"
              }
            ],
            "kubernetes_version": "1.31.9",
            "linux_profile": [],
            "local_account_disabled": false,
            "location": "eastus2",
            "maintenance_window": [],
            "maintenance_window_auto_upgrade": [
              {
                "day_of_month": 0,
                "day_of_week": "Sunday",
                "duration": 4,
                "frequency": "Weekly",
                "interval": 1,
                "not_allowed": [],
                "start_date": "2025-07-20T00:00:00Z",
                "start_time": "00:00",
                "utc_offset": "+00:00",
                "week_index": ""
              }
            ],
            "maintenance_window_node_os": [
              {
                "day_of_month": 0,
                "day_of_week": "Sunday",
                "duration": 4,
                "frequency": "Weekly",
                "interval": 1,
                "not_allowed": [],
                "start_date": "2025-07-20T00:00:00Z",
                "start_time": "00:00",
                "utc_offset": "+00:00",
                "week_index": ""
              }
            ],
            "microsoft_defender": [],
            "monitor_metrics": [],
            "name": "aks-prod-aks101-eus2-001",
            "network_profile": [
              {
                "dns_service_ip": "172.16.0.10",
                "ip_versions": [
                  "IPv4"
                ],
                "load_balancer_profile": [
                  {
                    "backend_pool_type": "NodeIPConfiguration",
                    "effective_outbound_ips": [],
                    "idle_timeout_in_minutes": 0,
                    "managed_outbound_ip_count": 0,
                    "managed_outbound_ipv6_count": 0,
                    "outbound_ip_address_ids": [],
                    "outbound_ip_prefix_ids": [],
                    "outbound_ports_allocated": 0
                  }
                ],
                "load_balancer_sku": "standard",
                "nat_gateway_profile": [],
                "network_data_plane": "cilium",
                "network_mode": "",
                "network_plugin": "azure",
                "network_plugin_mode": "overlay",
                "network_policy": "cilium",
                "outbound_type": "userDefinedRouting",
                "pod_cidr": "192.168.0.0/16",
                "pod_cidrs": [
                  "192.168.0.0/16"
                ],
                "service_cidr": "172.16.0.0/16",
                "service_cidrs": [
                  "172.16.0.0/16"
                ]
              }
            ],
            "node_os_upgrade_channel": "NodeImage",
            "node_resource_group": "MC_rg-prod-aks101-eus2-001_aks-prod-aks101-eus2-001_eastus2",
            "node_resource_group_id": "/subscriptions/b2af20ad-98fa-4aa7-94c3-059663641d9f/resourceGroups/MC_rg-prod-aks101-eus2-001_aks-prod-aks101-eus2-001_eastus2",
            "oidc_issuer_enabled": true,
            "oidc_issuer_url": "https://eastus2.oic.prod-aks.azure.com/5380364e-35d4-4293-8bfe-fa76e835384e/695364e6-3262-4f64-b9cd-1aa700f0a179/",
            "oms_agent": [
              {
                "log_analytics_workspace_id": "/subscriptions/b2af20ad-98fa-4aa7-94c3-059663641d9f/resourceGroups/rg-prod-aks101-eus2-001/providers/Microsoft.OperationalInsights/workspaces/log-aks-prod-eus2-001",
                "msi_auth_for_monitoring_enabled": false,
                "oms_agent_identity": [
                  {
                    "client_id": "686d9027-15ee-403f-807a-9bf7eed8e9b1",
                    "object_id": "d92fd74f-d0f6-4ede-99f4-5f1550f3d9e9",
                    "user_assigned_identity_id": "/subscriptions/b2af20ad-98fa-4aa7-94c3-059663641d9f/resourcegroups/MC_rg-prod-aks101-eus2-001_aks-prod-aks101-eus2-001_eastus2/providers/Microsoft.ManagedIdentity/userAssignedIdentities/omsagent-aks-prod-aks101-eus2-001"
                  }
                ]
              }
            ],
            "open_service_mesh_enabled": false,
            "portal_fqdn": "aks-prod-aks101-eus2-8o7dvcta.portal.hcp.eastus2.azmk8s.io",
            "private_cluster_enabled": false,
            "private_cluster_public_fqdn_enabled": false,
            "private_dns_zone_id": "",
            "private_fqdn": "",
            "resource_group_name": "rg-prod-aks101-eus2-001",
            "role_based_access_control_enabled": true,
            "run_command_enabled": true,
            "service_mesh_profile": [],
            "service_principal": [],
            "sku_tier": "Free",
            "storage_profile": [],
            "support_plan": "KubernetesOfficial",
            "tags": {
              "Demo": "true",
              "Environment": "prod",
              "Location": "East US 2",
              "ManagedBy": "terraform",
              "Owner": "anbossar",
              "Project": "aks101"
            },
            "timeouts": null,
            "upgrade_override": [],
            "web_app_routing": [],
            "windows_profile": [
              {
                "admin_password": "",
                "admin_username": "azureuser",
                "gmsa": [],
                "license": ""
              }
            ],
            "workload_autoscaler_profile": [],
            "workload_identity_enabled": true
          },
          "sensitive_attributes": [
            [
              {
                "type": "get_attr",
                "value": "kube_admin_config"
              }
            ],
            [
              {
                "type": "get_attr",
                "value": "kube_admin_config_raw"
              }
            ],
            [
              {
                "type": "get_attr",
                "value": "kube_config"
              }
            ],
            [
              {
                "type": "get_attr",
                "value": "kube_config_raw"
              }
            ],
            [
              {
                "type": "get_attr",
                "value": "windows_profile"
              },
              {
                "type": "index",
                "value": {
                  "value": 0,
                  "type": "number"
                }
              },
              {
                "type": "get_attr",
                "value": "admin_password"
              }
            ]
          ],
          "identity_schema_version": 0,
          "private": "eyJlMmJmYjczMC1lY2FhLTExZTYtOGY4OC0zNDM2M2JjN2M0YzAiOnsiY3JlYXRlIjo1NDAwMDAwMDAwMDAwLCJkZWxldGUiOjU0MDAwMDAwMDAwMDAsInJlYWQiOjMwMDAwMDAwMDAwMCwidXBkYXRlIjo1NDAwMDAwMDAwMDAwfSwic2NoZW1hX3ZlcnNpb24iOiIyIn0=",
          "dependencies": [
            "azurerm_log_analytics_workspace.main",
            "azurerm_resource_group.main",
            "azurerm_subnet.aks",
            "azurerm_virtual_network.main"
          ]
        }
      ]
    },
    {
      "mode": "managed",
      "type": "azurerm_log_analytics_saved_search",
      "name": "aks_pod_failures",
      "provider": "provider[\"registry.terraform.io/hashicorp/azurerm\"]",
      "instances": [
        {
          "schema_version": 1,
          "attributes": {
            "category": "AKS",
            "display_name": "Failed Pods in AKS",
            "function_alias": "",
            "function_parameters": [],
            "id": "/subscriptions/b2af20ad-98fa-4aa7-94c3-059663641d9f/resourceGroups/rg-prod-aks101-eus2-001/providers/Microsoft.OperationalInsights/workspaces/log-aks-prod-eus2-001/savedSearches/AKS Pod Failures",
            "log_analytics_workspace_id": "/subscriptions/b2af20ad-98fa-4aa7-94c3-059663641d9f/resourceGroups/rg-prod-aks101-eus2-001/providers/Microsoft.OperationalInsights/workspaces/log-aks-prod-eus2-001",
            "name": "AKS Pod Failures",
            "query": "KubePodInventory\r\n| where PodStatus == \"Failed\"\r\n| summarize count() by Computer, PodName, Namespace\r\n| order by count_ desc\r\n",
            "tags": {},
            "timeouts": null
          },
          "sensitive_attributes": [],
          "identity_schema_version": 0,
          "private": "eyJlMmJmYjczMC1lY2FhLTExZTYtOGY4OC0zNDM2M2JjN2M0YzAiOnsiY3JlYXRlIjoxODAwMDAwMDAwMDAwLCJkZWxldGUiOjE4MDAwMDAwMDAwMDAsInJlYWQiOjMwMDAwMDAwMDAwMH0sInNjaGVtYV92ZXJzaW9uIjoiMSJ9",
          "dependencies": [
            "azurerm_log_analytics_workspace.main",
            "azurerm_resource_group.main"
          ]
        }
      ]
    },
    {
      "mode": "managed",
      "type": "azurerm_log_analytics_saved_search",
      "name": "app_gateway_errors",
      "provider": "provider[\"registry.terraform.io/hashicorp/azurerm\"]",
      "instances": [
        {
          "schema_version": 1,
          "attributes": {
            "category": "ApplicationGateway",
            "display_name": "Application Gateway 5xx Errors",
            "function_alias": "",
            "function_parameters": [],
            "id": "/subscriptions/b2af20ad-98fa-4aa7-94c3-059663641d9f/resourceGroups/rg-prod-aks101-eus2-001/providers/Microsoft.OperationalInsights/workspaces/log-aks-prod-eus2-001/savedSearches/Application Gateway Errors",
            "log_analytics_workspace_id": "/subscriptions/b2af20ad-98fa-4aa7-94c3-059663641d9f/resourceGroups/rg-prod-aks101-eus2-001/providers/Microsoft.OperationalInsights/workspaces/log-aks-prod-eus2-001",
            "name": "Application Gateway Errors",
            "query": "AzureDiagnostics\r\n| where ResourceProvider == \"MICROSOFT.NETWORK\" and Category == \"ApplicationGatewayAccessLog\"\r\n| where httpStatus_d \u003e= 500\r\n| summarize count() by clientIP_s, httpStatus_d, requestUri_s\r\n| order by count_ desc\r\n",
            "tags": {},
            "timeouts": null
          },
          "sensitive_attributes": [],
          "identity_schema_version": 0,
          "private": "eyJlMmJmYjczMC1lY2FhLTExZTYtOGY4OC0zNDM2M2JjN2M0YzAiOnsiY3JlYXRlIjoxODAwMDAwMDAwMDAwLCJkZWxldGUiOjE4MDAwMDAwMDAwMDAsInJlYWQiOjMwMDAwMDAwMDAwMH0sInNjaGVtYV92ZXJzaW9uIjoiMSJ9",
          "dependencies": [
            "azurerm_log_analytics_workspace.main",
            "azurerm_resource_group.main"
          ]
        }
      ]
    },
    {
      "mode": "managed",
      "type": "azurerm_log_analytics_saved_search",
      "name": "firewall_blocked",
      "provider": "provider[\"registry.terraform.io/hashicorp/azurerm\"]",
      "instances": [
        {
          "schema_version": 1,
          "attributes": {
            "category": "AzureFirewall",
            "display_name": "Azure Firewall Blocked Requests",
            "function_alias": "",
            "function_parameters": [],
            "id": "/subscriptions/b2af20ad-98fa-4aa7-94c3-059663641d9f/resourceGroups/rg-prod-aks101-eus2-001/providers/Microsoft.OperationalInsights/workspaces/log-aks-prod-eus2-001/savedSearches/Firewall Blocked Requests",
            "log_analytics_workspace_id": "/subscriptions/b2af20ad-98fa-4aa7-94c3-059663641d9f/resourceGroups/rg-prod-aks101-eus2-001/providers/Microsoft.OperationalInsights/workspaces/log-aks-prod-eus2-001",
            "name": "Firewall Blocked Requests",
            "query": "AzureDiagnostics\r\n| where ResourceProvider == \"MICROSOFT.NETWORK\" and Category == \"AzureFirewallApplicationRule\"\r\n| where msg_s contains \"Deny\"\r\n| summarize count() by SourceIp, Fqdn, Action\r\n| order by count_ desc\r\n",
            "tags": {},
            "timeouts": null
          },
          "sensitive_attributes": [],
          "identity_schema_version": 0,
          "private": "eyJlMmJmYjczMC1lY2FhLTExZTYtOGY4OC0zNDM2M2JjN2M0YzAiOnsiY3JlYXRlIjoxODAwMDAwMDAwMDAwLCJkZWxldGUiOjE4MDAwMDAwMDAwMDAsInJlYWQiOjMwMDAwMDAwMDAwMH0sInNjaGVtYV92ZXJzaW9uIjoiMSJ9",
          "dependencies": [
            "azurerm_log_analytics_workspace.main",
            "azurerm_resource_group.main"
          ]
        }
      ]
    },
    {
      "mode": "managed",
      "type": "azurerm_log_analytics_workspace",
      "name": "main",
      "provider": "provider[\"registry.terraform.io/hashicorp/azurerm\"]",
      "instances": [
        {
          "schema_version": 3,
          "attributes": {
            "allow_resource_only_permissions": true,
            "cmk_for_query_forced": false,
            "daily_quota_gb": -1,
            "data_collection_rule_id": "",
            "id": "/subscriptions/b2af20ad-98fa-4aa7-94c3-059663641d9f/resourceGroups/rg-prod-aks101-eus2-001/providers/Microsoft.OperationalInsights/workspaces/log-aks-prod-eus2-001",
            "identity": [],
            "immediate_data_purge_on_30_days_enabled": false,
            "internet_ingestion_enabled": true,
            "internet_query_enabled": true,
            "local_authentication_disabled": true,
            "local_authentication_enabled": false,
            "location": "eastus2",
            "name": "log-aks-prod-eus2-001",
            "primary_shared_key": "oUSz1E9gDIf4gmrpCRdhnkl8UnaDU7VImWtbTpw7ZW7yHeyerjyeUN5xiu2OIfp+8a49aN9svjAPmCziSdnESg==",
            "reservation_capacity_in_gb_per_day": null,
            "resource_group_name": "rg-prod-aks101-eus2-001",
            "retention_in_days": 30,
            "secondary_shared_key": "GYn/1NDYJaQpiUZojaTekbEk33cNkmLxyJEX9FXX2yxA4lODqDIZ0LGwJR8UZe3uB1lgLyh1EJ0T9ajd0HW2aQ==",
            "sku": "PerGB2018",
            "tags": {
              "Demo": "true",
              "Environment": "prod",
              "Location": "East US 2",
              "ManagedBy": "terraform",
              "Owner": "anbossar",
              "Project": "aks101"
            },
            "timeouts": null,
            "workspace_id": "a6bb343b-625f-48f2-b031-eef848648f5d"
          },
          "sensitive_attributes": [
            [
              {
                "type": "get_attr",
                "value": "primary_shared_key"
              }
            ],
            [
              {
                "type": "get_attr",
                "value": "secondary_shared_key"
              }
            ]
          ],
          "identity_schema_version": 0,
          "private": "eyJlMmJmYjczMC1lY2FhLTExZTYtOGY4OC0zNDM2M2JjN2M0YzAiOnsiY3JlYXRlIjoxODAwMDAwMDAwMDAwLCJkZWxldGUiOjE4MDAwMDAwMDAwMDAsInJlYWQiOjMwMDAwMDAwMDAwMCwidXBkYXRlIjoxODAwMDAwMDAwMDAwfSwic2NoZW1hX3ZlcnNpb24iOiIzIn0=",
          "dependencies": [
            "azurerm_resource_group.main"
          ]
        }
      ]
    },
    {
      "mode": "managed",
      "type": "azurerm_monitor_action_group",
      "name": "main",
      "provider": "provider[\"registry.terraform.io/hashicorp/azurerm\"]",
      "instances": [
        {
          "schema_version": 1,
          "attributes": {
            "arm_role_receiver": [],
            "automation_runbook_receiver": [],
            "azure_app_push_receiver": [],
            "azure_function_receiver": [],
            "email_receiver": [
              {
                "email_address": "anbossar@microsoft.com",
                "name": "security-team",
                "use_common_alert_schema": false
              }
            ],
            "enabled": true,
            "event_hub_receiver": [],
            "id": "/subscriptions/b2af20ad-98fa-4aa7-94c3-059663641d9f/resourceGroups/rg-prod-aks101-eus2-001/providers/Microsoft.Insights/actionGroups/ag-critical-prod-aks101",
            "itsm_receiver": [],
            "location": "global",
            "logic_app_receiver": [],
            "name": "ag-critical-prod-aks101",
            "resource_group_name": "rg-prod-aks101-eus2-001",
            "short_name": "critical",
            "sms_receiver": [],
            "tags": {
              "Demo": "true",
              "Environment": "prod",
              "Location": "East US 2",
              "ManagedBy": "terraform",
              "Owner": "anbossar",
              "Project": "aks101"
            },
            "timeouts": null,
            "voice_receiver": [],
            "webhook_receiver": []
          },
          "sensitive_attributes": [],
          "identity_schema_version": 0,
          "identity": {
            "name": "ag-critical-prod-aks101",
            "resource_group_name": "rg-prod-aks101-eus2-001",
            "subscription_id": "b2af20ad-98fa-4aa7-94c3-059663641d9f"
          },
          "private": "eyJlMmJmYjczMC1lY2FhLTExZTYtOGY4OC0zNDM2M2JjN2M0YzAiOnsiY3JlYXRlIjoxODAwMDAwMDAwMDAwLCJkZWxldGUiOjE4MDAwMDAwMDAwMDAsInJlYWQiOjMwMDAwMDAwMDAwMCwidXBkYXRlIjoxODAwMDAwMDAwMDAwfSwic2NoZW1hX3ZlcnNpb24iOiIxIn0=",
          "dependencies": [
            "azurerm_resource_group.main"
          ]
        }
      ]
    },
    {
      "mode": "managed",
      "type": "azurerm_monitor_diagnostic_setting",
      "name": "aks",
      "provider": "provider[\"registry.terraform.io/hashicorp/azurerm\"]",
      "instances": [
        {
          "schema_version": 0,
          "attributes": {
            "enabled_log": [
              {
                "category": "cluster-autoscaler",
                "category_group": "",
                "retention_policy": [
                  {
                    "days": 0,
                    "enabled": false
                  }
                ]
              },
              {
                "category": "guard",
                "category_group": "",
                "retention_policy": [
                  {
                    "days": 0,
                    "enabled": false
                  }
                ]
              },
              {
                "category": "kube-apiserver",
                "category_group": "",
                "retention_policy": [
                  {
                    "days": 0,
                    "enabled": false
                  }
                ]
              },
              {
                "category": "kube-audit",
                "category_group": "",
                "retention_policy": [
                  {
                    "days": 0,
                    "enabled": false
                  }
                ]
              },
              {
                "category": "kube-audit-admin",
                "category_group": "",
                "retention_policy": [
                  {
                    "days": 0,
                    "enabled": false
                  }
                ]
              },
              {
                "category": "kube-controller-manager",
                "category_group": "",
                "retention_policy": [
                  {
                    "days": 0,
                    "enabled": false
                  }
                ]
              },
              {
                "category": "kube-scheduler",
                "category_group": "",
                "retention_policy": [
                  {
                    "days": 0,
                    "enabled": false
                  }
                ]
              }
            ],
            "enabled_metric": [
              {
                "category": "AllMetrics"
              }
            ],
            "eventhub_authorization_rule_id": "",
            "eventhub_name": "",
            "id": "/subscriptions/b2af20ad-98fa-4aa7-94c3-059663641d9f/resourceGroups/rg-prod-aks101-eus2-001/providers/Microsoft.ContainerService/managedClusters/aks-prod-aks101-eus2-001|aks-diagnostics",
            "log_analytics_destination_type": "AzureDiagnostics",
            "log_analytics_workspace_id": "/subscriptions/b2af20ad-98fa-4aa7-94c3-059663641d9f/resourceGroups/rg-prod-aks101-eus2-001/providers/Microsoft.OperationalInsights/workspaces/log-aks-prod-eus2-001",
            "metric": [
              {
                "category": "AllMetrics",
                "enabled": true,
                "retention_policy": [
                  {
                    "days": 0,
                    "enabled": false
                  }
                ]
              }
            ],
            "name": "aks-diagnostics",
            "partner_solution_id": null,
            "storage_account_id": null,
            "target_resource_id": "/subscriptions/b2af20ad-98fa-4aa7-94c3-059663641d9f/resourceGroups/rg-prod-aks101-eus2-001/providers/Microsoft.ContainerService/managedClusters/aks-prod-aks101-eus2-001",
            "timeouts": null
          },
          "sensitive_attributes": [],
          "identity_schema_version": 0,
          "private": "eyJlMmJmYjczMC1lY2FhLTExZTYtOGY4OC0zNDM2M2JjN2M0YzAiOnsiY3JlYXRlIjoxODAwMDAwMDAwMDAwLCJkZWxldGUiOjM2MDAwMDAwMDAwMDAsInJlYWQiOjMwMDAwMDAwMDAwMCwidXBkYXRlIjoxODAwMDAwMDAwMDAwfX0=",
          "dependencies": [
            "azurerm_kubernetes_cluster.main",
            "azurerm_log_analytics_workspace.main",
            "azurerm_resource_group.main",
            "azurerm_subnet.aks",
            "azurerm_virtual_network.main"
          ]
        }
      ]
    },
    {
      "mode": "managed",
      "type": "azurerm_monitor_diagnostic_setting",
      "name": "app_gateway",
      "provider": "provider[\"registry.terraform.io/hashicorp/azurerm\"]",
      "instances": [
        {
          "schema_version": 0,
          "attributes": {
            "enabled_log": [
              {
                "category": "ApplicationGatewayAccessLog",
                "category_group": "",
                "retention_policy": [
                  {
                    "days": 0,
                    "enabled": false
                  }
                ]
              },
              {
                "category": "ApplicationGatewayFirewallLog",
                "category_group": "",
                "retention_policy": [
                  {
                    "days": 0,
                    "enabled": false
                  }
                ]
              },
              {
                "category": "ApplicationGatewayPerformanceLog",
                "category_group": "",
                "retention_policy": [
                  {
                    "days": 0,
                    "enabled": false
                  }
                ]
              }
            ],
            "enabled_metric": [
              {
                "category": "AllMetrics"
              }
            ],
            "eventhub_authorization_rule_id": "",
            "eventhub_name": "",
            "id": "/subscriptions/b2af20ad-98fa-4aa7-94c3-059663641d9f/resourceGroups/rg-prod-aks101-eus2-001/providers/Microsoft.Network/applicationGateways/agw-main-prod-eus2-001|app-gateway-diagnostics",
            "log_analytics_destination_type": "AzureDiagnostics",
            "log_analytics_workspace_id": "/subscriptions/b2af20ad-98fa-4aa7-94c3-059663641d9f/resourceGroups/rg-prod-aks101-eus2-001/providers/Microsoft.OperationalInsights/workspaces/log-aks-prod-eus2-001",
            "metric": [
              {
                "category": "AllMetrics",
                "enabled": true,
                "retention_policy": [
                  {
                    "days": 0,
                    "enabled": false
                  }
                ]
              }
            ],
            "name": "app-gateway-diagnostics",
            "partner_solution_id": null,
            "storage_account_id": null,
            "target_resource_id": "/subscriptions/b2af20ad-98fa-4aa7-94c3-059663641d9f/resourceGroups/rg-prod-aks101-eus2-001/providers/Microsoft.Network/applicationGateways/agw-main-prod-eus2-001",
            "timeouts": null
          },
          "sensitive_attributes": [],
          "identity_schema_version": 0,
          "private": "eyJlMmJmYjczMC1lY2FhLTExZTYtOGY4OC0zNDM2M2JjN2M0YzAiOnsiY3JlYXRlIjoxODAwMDAwMDAwMDAwLCJkZWxldGUiOjM2MDAwMDAwMDAwMDAsInJlYWQiOjMwMDAwMDAwMDAwMCwidXBkYXRlIjoxODAwMDAwMDAwMDAwfX0=",
          "dependencies": [
            "azurerm_application_gateway.main",
            "azurerm_log_analytics_workspace.main",
            "azurerm_public_ip.app_gateway",
            "azurerm_resource_group.main",
            "azurerm_subnet.app_gateway",
            "azurerm_user_assigned_identity.app_gateway",
            "azurerm_virtual_network.main",
            "pkcs12_from_pem.app_gateway",
            "tls_private_key.app_gateway",
            "tls_self_signed_cert.app_gateway"
          ]
        }
      ]
    },
    {
      "mode": "managed",
      "type": "azurerm_monitor_diagnostic_setting",
      "name": "firewall",
      "provider": "provider[\"registry.terraform.io/hashicorp/azurerm\"]",
      "instances": [
        {
          "schema_version": 0,
          "attributes": {
            "enabled_log": [
              {
                "category": "AzureFirewallApplicationRule",
                "category_group": "",
                "retention_policy": [
                  {
                    "days": 0,
                    "enabled": false
                  }
                ]
              },
              {
                "category": "AzureFirewallDnsProxy",
                "category_group": "",
                "retention_policy": [
                  {
                    "days": 0,
                    "enabled": false
                  }
                ]
              },
              {
                "category": "AzureFirewallNetworkRule",
                "category_group": "",
                "retention_policy": [
                  {
                    "days": 0,
                    "enabled": false
                  }
                ]
              }
            ],
            "enabled_metric": [
              {
                "category": "AllMetrics"
              }
            ],
            "eventhub_authorization_rule_id": "",
            "eventhub_name": "",
            "id": "/subscriptions/b2af20ad-98fa-4aa7-94c3-059663641d9f/resourceGroups/rg-prod-aks101-eus2-001/providers/Microsoft.Network/azureFirewalls/fw-hub-prod-eus2-001|firewall-diagnostics",
            "log_analytics_destination_type": "AzureDiagnostics",
            "log_analytics_workspace_id": "/subscriptions/b2af20ad-98fa-4aa7-94c3-059663641d9f/resourceGroups/rg-prod-aks101-eus2-001/providers/Microsoft.OperationalInsights/workspaces/log-aks-prod-eus2-001",
            "metric": [
              {
                "category": "AllMetrics",
                "enabled": true,
                "retention_policy": [
                  {
                    "days": 0,
                    "enabled": false
                  }
                ]
              }
            ],
            "name": "firewall-diagnostics",
            "partner_solution_id": null,
            "storage_account_id": null,
            "target_resource_id": "/subscriptions/b2af20ad-98fa-4aa7-94c3-059663641d9f/resourceGroups/rg-prod-aks101-eus2-001/providers/Microsoft.Network/azureFirewalls/fw-hub-prod-eus2-001",
            "timeouts": null
          },
          "sensitive_attributes": [],
          "identity_schema_version": 0,
          "private": "eyJlMmJmYjczMC1lY2FhLTExZTYtOGY4OC0zNDM2M2JjN2M0YzAiOnsiY3JlYXRlIjoxODAwMDAwMDAwMDAwLCJkZWxldGUiOjM2MDAwMDAwMDAwMDAsInJlYWQiOjMwMDAwMDAwMDAwMCwidXBkYXRlIjoxODAwMDAwMDAwMDAwfX0=",
          "dependencies": [
            "azurerm_firewall.main",
            "azurerm_firewall_policy.main",
            "azurerm_log_analytics_workspace.main",
            "azurerm_public_ip.firewall",
            "azurerm_resource_group.main",
            "azurerm_subnet.firewall",
            "azurerm_virtual_network.main"
          ]
        }
      ]
    },
    {
      "mode": "managed",
      "type": "azurerm_monitor_diagnostic_setting",
      "name": "key_vault",
      "provider": "provider[\"registry.terraform.io/hashicorp/azurerm\"]",
      "instances": [
        {
          "schema_version": 0,
          "attributes": {
            "enabled_log": [
              {
                "category": "AuditEvent",
                "category_group": "",
                "retention_policy": [
                  {
                    "days": 0,
                    "enabled": false
                  }
                ]
              },
              {
                "category": "AzurePolicyEvaluationDetails",
                "category_group": "",
                "retention_policy": [
                  {
                    "days": 0,
                    "enabled": false
                  }
                ]
              }
            ],
            "enabled_metric": [
              {
                "category": "AllMetrics"
              }
            ],
            "eventhub_authorization_rule_id": "",
            "eventhub_name": "",
            "id": "/subscriptions/b2af20ad-98fa-4aa7-94c3-059663641d9f/resourceGroups/rg-prod-aks101-eus2-001/providers/Microsoft.KeyVault/vaults/kv-prod-aks101-eus2-14b|kv-diagnostics",
            "log_analytics_destination_type": "AzureDiagnostics",
            "log_analytics_workspace_id": "/subscriptions/b2af20ad-98fa-4aa7-94c3-059663641d9f/resourceGroups/rg-prod-aks101-eus2-001/providers/Microsoft.OperationalInsights/workspaces/log-aks-prod-eus2-001",
            "metric": [
              {
                "category": "AllMetrics",
                "enabled": true,
                "retention_policy": [
                  {
                    "days": 0,
                    "enabled": false
                  }
                ]
              }
            ],
            "name": "kv-diagnostics",
            "partner_solution_id": null,
            "storage_account_id": null,
            "target_resource_id": "/subscriptions/b2af20ad-98fa-4aa7-94c3-059663641d9f/resourceGroups/rg-prod-aks101-eus2-001/providers/Microsoft.KeyVault/vaults/kv-prod-aks101-eus2-14b",
            "timeouts": null
          },
          "sensitive_attributes": [],
          "identity_schema_version": 0,
          "private": "eyJlMmJmYjczMC1lY2FhLTExZTYtOGY4OC0zNDM2M2JjN2M0YzAiOnsiY3JlYXRlIjoxODAwMDAwMDAwMDAwLCJkZWxldGUiOjM2MDAwMDAwMDAwMDAsInJlYWQiOjMwMDAwMDAwMDAwMCwidXBkYXRlIjoxODAwMDAwMDAwMDAwfX0=",
          "dependencies": [
            "azurerm_key_vault.main",
            "azurerm_log_analytics_workspace.main",
            "azurerm_resource_group.main",
            "data.azurerm_client_config.current",
            "random_string.suffix"
          ]
        }
      ]
    },
    {
      "mode": "managed",
      "type": "azurerm_monitor_diagnostic_setting",
      "name": "sql_database",
      "provider": "provider[\"registry.terraform.io/hashicorp/azurerm\"]",
      "instances": [
        {
          "schema_version": 0,
          "attributes": {
            "enabled_log": [
              {
                "category": "AutomaticTuning",
                "category_group": "",
                "retention_policy": [
                  {
                    "days": 0,
                    "enabled": false
                  }
                ]
              },
              {
                "category": "Blocks",
                "category_group": "",
                "retention_policy": [
                  {
                    "days": 0,
                    "enabled": false
                  }
                ]
              },
              {
                "category": "DatabaseWaitStatistics",
                "category_group": "",
                "retention_policy": [
                  {
                    "days": 0,
                    "enabled": false
                  }
                ]
              },
              {
                "category": "Deadlocks",
                "category_group": "",
                "retention_policy": [
                  {
                    "days": 0,
                    "enabled": false
                  }
                ]
              },
              {
                "category": "Errors",
                "category_group": "",
                "retention_policy": [
                  {
                    "days": 0,
                    "enabled": false
                  }
                ]
              },
              {
                "category": "QueryStoreRuntimeStatistics",
                "category_group": "",
                "retention_policy": [
                  {
                    "days": 0,
                    "enabled": false
                  }
                ]
              },
              {
                "category": "QueryStoreWaitStatistics",
                "category_group": "",
                "retention_policy": [
                  {
                    "days": 0,
                    "enabled": false
                  }
                ]
              },
              {
                "category": "SQLInsights",
                "category_group": "",
                "retention_policy": [
                  {
                    "days": 0,
                    "enabled": false
                  }
                ]
              },
              {
                "category": "Timeouts",
                "category_group": "",
                "retention_policy": [
                  {
                    "days": 0,
                    "enabled": false
                  }
                ]
              }
            ],
            "enabled_metric": [
              {
                "category": "Basic"
              },
              {
                "category": "InstanceAndAppAdvanced"
              },
              {
                "category": "WorkloadManagement"
              }
            ],
            "eventhub_authorization_rule_id": "",
            "eventhub_name": "",
            "id": "/subscriptions/b2af20ad-98fa-4aa7-94c3-059663641d9f/resourceGroups/rg-prod-aks101-eus2-001/providers/Microsoft.Sql/servers/sql-main-prod-eus2-14b/databases/sqldb-app-prod-eus2|sql-diagnostics",
            "log_analytics_destination_type": "",
            "log_analytics_workspace_id": "/subscriptions/b2af20ad-98fa-4aa7-94c3-059663641d9f/resourceGroups/rg-prod-aks101-eus2-001/providers/Microsoft.OperationalInsights/workspaces/log-aks-prod-eus2-001",
            "metric": [
              {
                "category": "Basic",
                "enabled": true,
                "retention_policy": [
                  {
                    "days": 0,
                    "enabled": false
                  }
                ]
              },
              {
                "category": "InstanceAndAppAdvanced",
                "enabled": true,
                "retention_policy": [
                  {
                    "days": 0,
                    "enabled": false
                  }
                ]
              },
              {
                "category": "WorkloadManagement",
                "enabled": true,
                "retention_policy": [
                  {
                    "days": 0,
                    "enabled": false
                  }
                ]
              }
            ],
            "name": "sql-diagnostics",
            "partner_solution_id": null,
            "storage_account_id": null,
            "target_resource_id": "/subscriptions/b2af20ad-98fa-4aa7-94c3-059663641d9f/resourceGroups/rg-prod-aks101-eus2-001/providers/Microsoft.Sql/servers/sql-main-prod-eus2-14b/databases/sqldb-app-prod-eus2",
            "timeouts": null
          },
          "sensitive_attributes": [],
          "identity_schema_version": 0,
          "private": "eyJlMmJmYjczMC1lY2FhLTExZTYtOGY4OC0zNDM2M2JjN2M0YzAiOnsiY3JlYXRlIjoxODAwMDAwMDAwMDAwLCJkZWxldGUiOjM2MDAwMDAwMDAwMDAsInJlYWQiOjMwMDAwMDAwMDAwMCwidXBkYXRlIjoxODAwMDAwMDAwMDAwfX0=",
          "dependencies": [
            "azurerm_log_analytics_workspace.main",
            "azurerm_mssql_database.main",
            "azurerm_mssql_server.main",
            "azurerm_resource_group.main",
            "random_string.suffix"
          ]
        }
      ]
    },
    {
      "mode": "managed",
      "type": "azurerm_monitor_diagnostic_setting",
      "name": "storage",
      "provider": "provider[\"registry.terraform.io/hashicorp/azurerm\"]",
      "instances": [
        {
          "schema_version": 0,
          "attributes": {
            "enabled_log": [],
            "enabled_metric": [
              {
                "category": "Capacity"
              },
              {
                "category": "Transaction"
              }
            ],
            "eventhub_authorization_rule_id": "",
            "eventhub_name": "",
            "id": "/subscriptions/b2af20ad-98fa-4aa7-94c3-059663641d9f/resourceGroups/rg-prod-aks101-eus2-001/providers/Microsoft.Storage/storageAccounts/stprodaks101eus214b|storage-diagnostics",
            "log_analytics_destination_type": "",
            "log_analytics_workspace_id": "/subscriptions/b2af20ad-98fa-4aa7-94c3-059663641d9f/resourceGroups/rg-prod-aks101-eus2-001/providers/Microsoft.OperationalInsights/workspaces/log-aks-prod-eus2-001",
            "metric": [
              {
                "category": "Capacity",
                "enabled": true,
                "retention_policy": [
                  {
                    "days": 0,
                    "enabled": false
                  }
                ]
              },
              {
                "category": "Transaction",
                "enabled": true,
                "retention_policy": [
                  {
                    "days": 0,
                    "enabled": false
                  }
                ]
              }
            ],
            "name": "storage-diagnostics",
            "partner_solution_id": null,
            "storage_account_id": null,
            "target_resource_id": "/subscriptions/b2af20ad-98fa-4aa7-94c3-059663641d9f/resourceGroups/rg-prod-aks101-eus2-001/providers/Microsoft.Storage/storageAccounts/stprodaks101eus214b",
            "timeouts": null
          },
          "sensitive_attributes": [],
          "identity_schema_version": 0,
          "private": "eyJlMmJmYjczMC1lY2FhLTExZTYtOGY4OC0zNDM2M2JjN2M0YzAiOnsiY3JlYXRlIjoxODAwMDAwMDAwMDAwLCJkZWxldGUiOjM2MDAwMDAwMDAwMDAsInJlYWQiOjMwMDAwMDAwMDAwMCwidXBkYXRlIjoxODAwMDAwMDAwMDAwfX0=",
          "dependencies": [
            "azurerm_log_analytics_workspace.main",
            "azurerm_resource_group.main",
            "azurerm_storage_account.main",
            "random_string.suffix"
          ]
        }
      ]
    },
    {
      "mode": "managed",
      "type": "azurerm_monitor_metric_alert",
      "name": "aks_node_ready",
      "provider": "provider[\"registry.terraform.io/hashicorp/azurerm\"]",
      "instances": [
        {
          "schema_version": 1,
          "attributes": {
            "action": [
              {
                "action_group_id": "/subscriptions/b2af20ad-98fa-4aa7-94c3-059663641d9f/resourceGroups/rg-prod-aks101-eus2-001/providers/Microsoft.Insights/actionGroups/ag-critical-prod-aks101",
                "webhook_properties": {}
              }
            ],
            "application_insights_web_test_location_availability_criteria": [],
            "auto_mitigate": true,
            "criteria": [
              {
                "aggregation": "Average",
                "dimension": [
                  {
                    "name": "condition",
                    "operator": "Include",
                    "values": [
                      "Ready"
                    ]
                  }
                ],
                "metric_name": "kube_node_status_condition",
                "metric_namespace": "Microsoft.ContainerService/managedClusters",
                "operator": "LessThan",
                "skip_metric_validation": false,
                "threshold": 1
              }
            ],
            "description": "Alert when AKS nodes are not ready",
            "dynamic_criteria": [],
            "enabled": true,
            "frequency": "PT1M",
            "id": "/subscriptions/b2af20ad-98fa-4aa7-94c3-059663641d9f/resourceGroups/rg-prod-aks101-eus2-001/providers/Microsoft.Insights/metricAlerts/aks-node-not-ready",
            "name": "aks-node-not-ready",
            "resource_group_name": "rg-prod-aks101-eus2-001",
            "scopes": [
              "/subscriptions/b2af20ad-98fa-4aa7-94c3-059663641d9f/resourceGroups/rg-prod-aks101-eus2-001/providers/Microsoft.ContainerService/managedClusters/aks-prod-aks101-eus2-001"
            ],
            "severity": 1,
            "tags": {
              "Demo": "true",
              "Environment": "prod",
              "Location": "East US 2",
              "ManagedBy": "terraform",
              "Owner": "anbossar",
              "Project": "aks101"
            },
            "target_resource_location": "",
            "target_resource_type": "",
            "timeouts": null,
            "window_size": "PT5M"
          },
          "sensitive_attributes": [],
          "identity_schema_version": 0,
          "private": "eyJlMmJmYjczMC1lY2FhLTExZTYtOGY4OC0zNDM2M2JjN2M0YzAiOnsiY3JlYXRlIjoxODAwMDAwMDAwMDAwLCJkZWxldGUiOjE4MDAwMDAwMDAwMDAsInJlYWQiOjMwMDAwMDAwMDAwMCwidXBkYXRlIjoxODAwMDAwMDAwMDAwfSwic2NoZW1hX3ZlcnNpb24iOiIxIn0=",
          "dependencies": [
            "azurerm_kubernetes_cluster.main",
            "azurerm_log_analytics_workspace.main",
            "azurerm_monitor_action_group.main",
            "azurerm_resource_group.main",
            "azurerm_subnet.aks",
            "azurerm_virtual_network.main"
          ]
        }
      ]
    },
    {
      "mode": "managed",
      "type": "azurerm_monitor_metric_alert",
      "name": "app_gateway_health",
      "provider": "provider[\"registry.terraform.io/hashicorp/azurerm\"]",
      "instances": [
        {
          "schema_version": 1,
          "attributes": {
            "action": [
              {
                "action_group_id": "/subscriptions/b2af20ad-98fa-4aa7-94c3-059663641d9f/resourceGroups/rg-prod-aks101-eus2-001/providers/Microsoft.Insights/actionGroups/ag-critical-prod-aks101",
                "webhook_properties": {}
              }
            ],
            "application_insights_web_test_location_availability_criteria": [],
            "auto_mitigate": true,
            "criteria": [
              {
                "aggregation": "Average",
                "dimension": [],
                "metric_name": "UnhealthyHostCount",
                "metric_namespace": "Microsoft.Network/applicationGateways",
                "operator": "GreaterThan",
                "skip_metric_validation": false,
                "threshold": 0
              }
            ],
            "description": "Alert when Application Gateway has unhealthy backend hosts",
            "dynamic_criteria": [],
            "enabled": true,
            "frequency": "PT1M",
            "id": "/subscriptions/b2af20ad-98fa-4aa7-94c3-059663641d9f/resourceGroups/rg-prod-aks101-eus2-001/providers/Microsoft.Insights/metricAlerts/app-gateway-unhealthy-hosts",
            "name": "app-gateway-unhealthy-hosts",
            "resource_group_name": "rg-prod-aks101-eus2-001",
            "scopes": [
              "/subscriptions/b2af20ad-98fa-4aa7-94c3-059663641d9f/resourceGroups/rg-prod-aks101-eus2-001/providers/Microsoft.Network/applicationGateways/agw-main-prod-eus2-001"
            ],
            "severity": 2,
            "tags": {
              "Demo": "true",
              "Environment": "prod",
              "Location": "East US 2",
              "ManagedBy": "terraform",
              "Owner": "anbossar",
              "Project": "aks101"
            },
            "target_resource_location": "",
            "target_resource_type": "",
            "timeouts": null,
            "window_size": "PT5M"
          },
          "sensitive_attributes": [],
          "identity_schema_version": 0,
          "private": "eyJlMmJmYjczMC1lY2FhLTExZTYtOGY4OC0zNDM2M2JjN2M0YzAiOnsiY3JlYXRlIjoxODAwMDAwMDAwMDAwLCJkZWxldGUiOjE4MDAwMDAwMDAwMDAsInJlYWQiOjMwMDAwMDAwMDAwMCwidXBkYXRlIjoxODAwMDAwMDAwMDAwfSwic2NoZW1hX3ZlcnNpb24iOiIxIn0=",
          "dependencies": [
            "azurerm_application_gateway.main",
            "azurerm_monitor_action_group.main",
            "azurerm_public_ip.app_gateway",
            "azurerm_resource_group.main",
            "azurerm_subnet.app_gateway",
            "azurerm_user_assigned_identity.app_gateway",
            "azurerm_virtual_network.main",
            "pkcs12_from_pem.app_gateway",
            "tls_private_key.app_gateway",
            "tls_self_signed_cert.app_gateway"
          ]
        }
      ]
    },
    {
      "mode": "managed",
      "type": "azurerm_monitor_metric_alert",
      "name": "firewall_threats",
      "provider": "provider[\"registry.terraform.io/hashicorp/azurerm\"]",
      "instances": [
        {
          "schema_version": 1,
          "attributes": {
            "action": [
              {
                "action_group_id": "/subscriptions/b2af20ad-98fa-4aa7-94c3-059663641d9f/resourceGroups/rg-prod-aks101-eus2-001/providers/Microsoft.Insights/actionGroups/ag-critical-prod-aks101",
                "webhook_properties": {}
              }
            ],
            "application_insights_web_test_location_availability_criteria": [],
            "auto_mitigate": true,
            "criteria": [
              {
                "aggregation": "Average",
                "dimension": [],
                "metric_name": "FirewallHealth",
                "metric_namespace": "Microsoft.Network/azureFirewalls",
                "operator": "LessThan",
                "skip_metric_validation": false,
                "threshold": 100
              }
            ],
            "description": "Alert when Azure Firewall detects threats",
            "dynamic_criteria": [],
            "enabled": true,
            "frequency": "PT1M",
            "id": "/subscriptions/b2af20ad-98fa-4aa7-94c3-059663641d9f/resourceGroups/rg-prod-aks101-eus2-001/providers/Microsoft.Insights/metricAlerts/firewall-threat-detected",
            "name": "firewall-threat-detected",
            "resource_group_name": "rg-prod-aks101-eus2-001",
            "scopes": [
              "/subscriptions/b2af20ad-98fa-4aa7-94c3-059663641d9f/resourceGroups/rg-prod-aks101-eus2-001/providers/Microsoft.Network/azureFirewalls/fw-hub-prod-eus2-001"
            ],
            "severity": 0,
            "tags": {
              "Demo": "true",
              "Environment": "prod",
              "Location": "East US 2",
              "ManagedBy": "terraform",
              "Owner": "anbossar",
              "Project": "aks101"
            },
            "target_resource_location": "",
            "target_resource_type": "",
            "timeouts": null,
            "window_size": "PT5M"
          },
          "sensitive_attributes": [],
          "identity_schema_version": 0,
          "private": "eyJlMmJmYjczMC1lY2FhLTExZTYtOGY4OC0zNDM2M2JjN2M0YzAiOnsiY3JlYXRlIjoxODAwMDAwMDAwMDAwLCJkZWxldGUiOjE4MDAwMDAwMDAwMDAsInJlYWQiOjMwMDAwMDAwMDAwMCwidXBkYXRlIjoxODAwMDAwMDAwMDAwfSwic2NoZW1hX3ZlcnNpb24iOiIxIn0=",
          "dependencies": [
            "azurerm_firewall.main",
            "azurerm_firewall_policy.main",
            "azurerm_monitor_action_group.main",
            "azurerm_public_ip.firewall",
            "azurerm_resource_group.main",
            "azurerm_subnet.firewall",
            "azurerm_virtual_network.main"
          ]
        }
      ]
    },
    {
      "mode": "managed",
      "type": "azurerm_mssql_database",
      "name": "main",
      "provider": "provider[\"registry.terraform.io/hashicorp/azurerm\"]",
      "instances": [
        {
          "schema_version": 1,
          "attributes": {
            "auto_pause_delay_in_minutes": 0,
            "collation": "SQL_Latin1_General_CP1_CI_AS",
            "create_mode": "Default",
            "creation_source_database_id": null,
            "elastic_pool_id": "",
            "enclave_type": "",
            "geo_backup_enabled": true,
            "id": "/subscriptions/b2af20ad-98fa-4aa7-94c3-059663641d9f/resourceGroups/rg-prod-aks101-eus2-001/providers/Microsoft.Sql/servers/sql-main-prod-eus2-14b/databases/sqldb-app-prod-eus2",
            "identity": [],
            "import": [],
            "ledger_enabled": false,
            "license_type": "LicenseIncluded",
            "long_term_retention_policy": [
              {
                "immutable_backups_enabled": false,
                "monthly_retention": "PT0S",
                "week_of_year": 1,
                "weekly_retention": "PT0S",
                "yearly_retention": "PT0S"
              }
            ],
            "maintenance_configuration_name": "SQL_Default",
            "max_size_gb": 250,
            "min_capacity": 0,
            "name": "sqldb-app-prod-eus2",
            "read_replica_count": 0,
            "read_scale": false,
            "recover_database_id": null,
            "recovery_point_id": null,
            "restore_dropped_database_id": null,
            "restore_long_term_retention_backup_id": null,
            "restore_point_in_time": null,
            "sample_name": null,
            "secondary_type": "",
            "server_id": "/subscriptions/b2af20ad-98fa-4aa7-94c3-059663641d9f/resourceGroups/rg-prod-aks101-eus2-001/providers/Microsoft.Sql/servers/sql-main-prod-eus2-14b",
            "short_term_retention_policy": [
              {
                "backup_interval_in_hours": 24,
                "retention_days": 7
              }
            ],
            "sku_name": "S1",
            "storage_account_type": "Geo",
            "tags": {
              "Demo": "true",
              "Environment": "prod",
              "Location": "East US 2",
              "ManagedBy": "terraform",
              "Owner": "anbossar",
              "Project": "aks101"
            },
            "threat_detection_policy": [
              {
                "disabled_alerts": [],
                "email_account_admins": "Disabled",
                "email_addresses": [
                  "anbossar@microsoft.com"
                ],
                "retention_days": 0,
                "state": "Enabled",
                "storage_account_access_key": "",
                "storage_endpoint": ""
              }
            ],
            "timeouts": null,
            "transparent_data_encryption_enabled": true,
            "transparent_data_encryption_key_automatic_rotation_enabled": false,
            "transparent_data_encryption_key_vault_key_id": "",
            "zone_redundant": false
          },
          "sensitive_attributes": [
            [
              {
                "type": "get_attr",
                "value": "threat_detection_policy"
              },
              {
                "type": "index",
                "value": {
                  "value": 0,
                  "type": "number"
                }
              },
              {
                "type": "get_attr",
                "value": "storage_account_access_key"
              }
            ]
          ],
          "identity_schema_version": 0,
          "private": "eyJlMmJmYjczMC1lY2FhLTExZTYtOGY4OC0zNDM2M2JjN2M0YzAiOnsiY3JlYXRlIjozNjAwMDAwMDAwMDAwLCJkZWxldGUiOjM2MDAwMDAwMDAwMDAsInJlYWQiOjMwMDAwMDAwMDAwMCwidXBkYXRlIjozNjAwMDAwMDAwMDAwfSwic2NoZW1hX3ZlcnNpb24iOiIxIn0=",
          "dependencies": [
            "azurerm_mssql_server.main",
            "azurerm_resource_group.main",
            "random_string.suffix"
          ]
        }
      ]
    },
    {
      "mode": "managed",
      "type": "azurerm_mssql_server",
      "name": "main",
      "provider": "provider[\"registry.terraform.io/hashicorp/azurerm\"]",
      "instances": [
        {
          "schema_version": 0,
          "attributes": {
            "administrator_login": "sqladmin",
            "administrator_login_password": "AKSDemo123456789!",
            "administrator_login_password_wo": null,
            "administrator_login_password_wo_version": 0,
            "azuread_administrator": [
              {
                "azuread_authentication_only": true,
                "login_username": "anbossar@microsoft.com",
                "object_id": "c64dabd5-242b-481b-ac5d-92be5c683e9f",
                "tenant_id": "5380364e-35d4-4293-8bfe-fa76e835384e"
              }
            ],
            "connection_policy": "Default",
            "express_vulnerability_assessment_enabled": false,
            "fully_qualified_domain_name": "sql-main-prod-eus2-14b.database.windows.net",
            "id": "/subscriptions/b2af20ad-98fa-4aa7-94c3-059663641d9f/resourceGroups/rg-prod-aks101-eus2-001/providers/Microsoft.Sql/servers/sql-main-prod-eus2-14b",
            "identity": [
              {
                "identity_ids": [],
                "principal_id": "63268e5a-d5c6-4f36-a1d2-548657fad8da",
                "tenant_id": "5380364e-35d4-4293-8bfe-fa76e835384e",
                "type": "SystemAssigned"
              }
            ],
            "location": "eastus2",
            "minimum_tls_version": "1.2",
            "name": "sql-main-prod-eus2-14b",
            "outbound_network_restriction_enabled": false,
            "primary_user_assigned_identity_id": "",
            "public_network_access_enabled": false,
            "resource_group_name": "rg-prod-aks101-eus2-001",
            "restorable_dropped_database_ids": [],
            "tags": {
              "Demo": "true",
              "Environment": "prod",
              "Location": "East US 2",
              "ManagedBy": "terraform",
              "Owner": "anbossar",
              "Project": "aks101"
            },
            "timeouts": null,
            "transparent_data_encryption_key_vault_key_id": "",
            "version": "12.0"
          },
          "sensitive_attributes": [
            [
              {
                "type": "get_attr",
                "value": "administrator_login"
              }
            ],
            [
              {
                "type": "get_attr",
                "value": "administrator_login_password"
              }
            ],
            [
              {
                "type": "get_attr",
                "value": "administrator_login_password_wo"
              }
            ]
          ],
          "identity_schema_version": 0,
          "private": "eyJlMmJmYjczMC1lY2FhLTExZTYtOGY4OC0zNDM2M2JjN2M0YzAiOnsiY3JlYXRlIjozNjAwMDAwMDAwMDAwLCJkZWxldGUiOjM2MDAwMDAwMDAwMDAsInJlYWQiOjMwMDAwMDAwMDAwMCwidXBkYXRlIjozNjAwMDAwMDAwMDAwfX0=",
          "dependencies": [
            "azurerm_resource_group.main",
            "random_string.suffix"
          ]
        }
      ]
    },
    {
      "mode": "managed",
      "type": "azurerm_network_security_group",
      "name": "aks",
      "provider": "provider[\"registry.terraform.io/hashicorp/azurerm\"]",
      "instances": [
        {
          "schema_version": 0,
          "attributes": {
            "id": "/subscriptions/b2af20ad-98fa-4aa7-94c3-059663641d9f/resourceGroups/rg-prod-aks101-eus2-001/providers/Microsoft.Network/networkSecurityGroups/nsg-aks-prod-eus2-001",
            "location": "eastus2",
            "name": "nsg-aks-prod-eus2-001",
            "resource_group_name": "rg-prod-aks101-eus2-001",
            "security_rule": [
              {
                "access": "Allow",
                "description": "",
                "destination_address_prefix": "10.240.0.0/24",
                "destination_address_prefixes": [],
                "destination_application_security_group_ids": [],
                "destination_port_range": "",
                "destination_port_ranges": [
                  "443",
                  "80"
                ],
                "direction": "Inbound",
                "name": "AllowAppGatewayInbound",
                "priority": 1000,
                "protocol": "Tcp",
                "source_address_prefix": "10.240.1.0/24",
                "source_address_prefixes": [],
                "source_application_security_group_ids": [],
                "source_port_range": "*",
                "source_port_ranges": []
              },
              {
                "access": "Allow",
                "description": "",
                "destination_address_prefix": "Internet",
                "destination_address_prefixes": [],
                "destination_application_security_group_ids": [],
                "destination_port_range": "*",
                "destination_port_ranges": [],
                "direction": "Outbound",
                "name": "AllowInternetOutbound",
                "priority": 1000,
                "protocol": "*",
                "source_address_prefix": "*",
                "source_address_prefixes": [],
                "source_application_security_group_ids": [],
                "source_port_range": "*",
                "source_port_ranges": []
              },
              {
                "access": "Allow",
                "description": "",
                "destination_address_prefix": "VirtualNetwork",
                "destination_address_prefixes": [],
                "destination_application_security_group_ids": [],
                "destination_port_range": "*",
                "destination_port_ranges": [],
                "direction": "Inbound",
                "name": "AllowVnetInbound",
                "priority": 1100,
                "protocol": "*",
                "source_address_prefix": "VirtualNetwork",
                "source_address_prefixes": [],
                "source_application_security_group_ids": [],
                "source_port_range": "*",
                "source_port_ranges": []
              },
              {
                "access": "Allow",
                "description": "",
                "destination_address_prefix": "VirtualNetwork",
                "destination_address_prefixes": [],
                "destination_application_security_group_ids": [],
                "destination_port_range": "*",
                "destination_port_ranges": [],
                "direction": "Outbound",
                "name": "AllowVnetOutbound",
                "priority": 1100,
                "protocol": "*",
                "source_address_prefix": "VirtualNetwork",
                "source_address_prefixes": [],
                "source_application_security_group_ids": [],
                "source_port_range": "*",
                "source_port_ranges": []
              }
            ],
            "tags": {
              "Demo": "true",
              "Environment": "prod",
              "Location": "East US 2",
              "ManagedBy": "terraform",
              "Owner": "anbossar",
              "Project": "aks101"
            },
            "timeouts": null
          },
          "sensitive_attributes": [],
          "identity_schema_version": 0,
          "identity": {
            "name": "nsg-aks-prod-eus2-001",
            "resource_group_name": "rg-prod-aks101-eus2-001",
            "subscription_id": "b2af20ad-98fa-4aa7-94c3-059663641d9f"
          },
          "private": "eyJlMmJmYjczMC1lY2FhLTExZTYtOGY4OC0zNDM2M2JjN2M0YzAiOnsiY3JlYXRlIjoxODAwMDAwMDAwMDAwLCJkZWxldGUiOjE4MDAwMDAwMDAwMDAsInJlYWQiOjMwMDAwMDAwMDAwMCwidXBkYXRlIjoxODAwMDAwMDAwMDAwfX0=",
          "dependencies": [
            "azurerm_resource_group.main"
          ]
        }
      ]
    },
    {
      "mode": "managed",
      "type": "azurerm_network_security_group",
      "name": "app_gateway",
      "provider": "provider[\"registry.terraform.io/hashicorp/azurerm\"]",
      "instances": [
        {
          "schema_version": 0,
          "attributes": {
            "id": "/subscriptions/b2af20ad-98fa-4aa7-94c3-059663641d9f/resourceGroups/rg-prod-aks101-eus2-001/providers/Microsoft.Network/networkSecurityGroups/nsg-agw-prod-eus2-001",
            "location": "eastus2",
            "name": "nsg-agw-prod-eus2-001",
            "resource_group_name": "rg-prod-aks101-eus2-001",
            "security_rule": [
              {
                "access": "Allow",
                "description": "",
                "destination_address_prefix": "*",
                "destination_address_prefixes": [],
                "destination_application_security_group_ids": [],
                "destination_port_range": "",
                "destination_port_ranges": [
                  "443",
                  "80"
                ],
                "direction": "Inbound",
                "name": "AllowHttpsInbound",
                "priority": 1000,
                "protocol": "Tcp",
                "source_address_prefix": "Internet",
                "source_address_prefixes": [],
                "source_application_security_group_ids": [],
                "source_port_range": "*",
                "source_port_ranges": []
              },
              {
                "access": "Allow",
                "description": "",
                "destination_address_prefix": "*",
                "destination_address_prefixes": [],
                "destination_application_security_group_ids": [],
                "destination_port_range": "65200-65535",
                "destination_port_ranges": [],
                "direction": "Inbound",
                "name": "AllowGatewayManager",
                "priority": 1100,
                "protocol": "Tcp",
                "source_address_prefix": "GatewayManager",
                "source_address_prefixes": [],
                "source_application_security_group_ids": [],
                "source_port_range": "*",
                "source_port_ranges": []
              },
              {
                "access": "Allow",
                "description": "",
                "destination_address_prefix": "10.240.0.0/24",
                "destination_address_prefixes": [],
                "destination_application_security_group_ids": [],
                "destination_port_range": "",
                "destination_port_ranges": [
                  "443",
                  "80"
                ],
                "direction": "Outbound",
                "name": "AllowAksOutbound",
                "priority": 1000,
                "protocol": "Tcp",
                "source_address_prefix": "*",
                "source_address_prefixes": [],
                "source_application_security_group_ids": [],
                "source_port_range": "*",
                "source_port_ranges": []
              },
              {
                "access": "Allow",
                "description": "",
                "destination_address_prefix": "Internet",
                "destination_address_prefixes": [],
                "destination_application_security_group_ids": [],
                "destination_port_range": "*",
                "destination_port_ranges": [],
                "direction": "Outbound",
                "name": "AllowInternetOutbound",
                "priority": 1100,
                "protocol": "*",
                "source_address_prefix": "*",
                "source_address_prefixes": [],
                "source_application_security_group_ids": [],
                "source_port_range": "*",
                "source_port_ranges": []
              }
            ],
            "tags": {
              "Demo": "true",
              "Environment": "prod",
              "Location": "East US 2",
              "ManagedBy": "terraform",
              "Owner": "anbossar",
              "Project": "aks101"
            },
            "timeouts": null
          },
          "sensitive_attributes": [],
          "identity_schema_version": 0,
          "identity": {
            "name": "nsg-agw-prod-eus2-001",
            "resource_group_name": "rg-prod-aks101-eus2-001",
            "subscription_id": "b2af20ad-98fa-4aa7-94c3-059663641d9f"
          },
          "private": "eyJlMmJmYjczMC1lY2FhLTExZTYtOGY4OC0zNDM2M2JjN2M0YzAiOnsiY3JlYXRlIjoxODAwMDAwMDAwMDAwLCJkZWxldGUiOjE4MDAwMDAwMDAwMDAsInJlYWQiOjMwMDAwMDAwMDAwMCwidXBkYXRlIjoxODAwMDAwMDAwMDAwfX0=",
          "dependencies": [
            "azurerm_resource_group.main"
          ]
        }
      ]
    },
    {
      "mode": "managed",
      "type": "azurerm_network_security_group",
      "name": "private_endpoints",
      "provider": "provider[\"registry.terraform.io/hashicorp/azurerm\"]",
      "instances": [
        {
          "schema_version": 0,
          "attributes": {
            "id": "/subscriptions/b2af20ad-98fa-4aa7-94c3-059663641d9f/resourceGroups/rg-prod-aks101-eus2-001/providers/Microsoft.Network/networkSecurityGroups/nsg-pe-prod-eus2-001",
            "location": "eastus2",
            "name": "nsg-pe-prod-eus2-001",
            "resource_group_name": "rg-prod-aks101-eus2-001",
            "security_rule": [
              {
                "access": "Allow",
                "description": "",
                "destination_address_prefix": "*",
                "destination_address_prefixes": [],
                "destination_application_security_group_ids": [],
                "destination_port_range": "",
                "destination_port_ranges": [
                  "1433",
                  "443"
                ],
                "direction": "Inbound",
                "name": "AllowVnetInbound",
                "priority": 1000,
                "protocol": "Tcp",
                "source_address_prefix": "VirtualNetwork",
                "source_address_prefixes": [],
                "source_application_security_group_ids": [],
                "source_port_range": "*",
                "source_port_ranges": []
              },
              {
                "access": "Deny",
                "description": "",
                "destination_address_prefix": "*",
                "destination_address_prefixes": [],
                "destination_application_security_group_ids": [],
                "destination_port_range": "*",
                "destination_port_ranges": [],
                "direction": "Inbound",
                "name": "DenyAllInbound",
                "priority": 4000,
                "protocol": "*",
                "source_address_prefix": "*",
                "source_address_prefixes": [],
                "source_application_security_group_ids": [],
                "source_port_range": "*",
                "source_port_ranges": []
              }
            ],
            "tags": {
              "Demo": "true",
              "Environment": "prod",
              "Location": "East US 2",
              "ManagedBy": "terraform",
              "Owner": "anbossar",
              "Project": "aks101"
            },
            "timeouts": null
          },
          "sensitive_attributes": [],
          "identity_schema_version": 0,
          "identity": {
            "name": "nsg-pe-prod-eus2-001",
            "resource_group_name": "rg-prod-aks101-eus2-001",
            "subscription_id": "b2af20ad-98fa-4aa7-94c3-059663641d9f"
          },
          "private": "eyJlMmJmYjczMC1lY2FhLTExZTYtOGY4OC0zNDM2M2JjN2M0YzAiOnsiY3JlYXRlIjoxODAwMDAwMDAwMDAwLCJkZWxldGUiOjE4MDAwMDAwMDAwMDAsInJlYWQiOjMwMDAwMDAwMDAwMCwidXBkYXRlIjoxODAwMDAwMDAwMDAwfX0=",
          "dependencies": [
            "azurerm_resource_group.main"
          ]
        }
      ]
    },
    {
      "mode": "managed",
      "type": "azurerm_private_dns_zone",
      "name": "key_vault",
      "provider": "provider[\"registry.terraform.io/hashicorp/azurerm\"]",
      "instances": [
        {
          "schema_version": 0,
          "attributes": {
            "id": "/subscriptions/b2af20ad-98fa-4aa7-94c3-059663641d9f/resourceGroups/rg-prod-aks101-eus2-001/providers/Microsoft.Network/privateDnsZones/privatelink.vaultcore.azure.net",
            "max_number_of_record_sets": 25000,
            "max_number_of_virtual_network_links": 1000,
            "max_number_of_virtual_network_links_with_registration": 100,
            "name": "privatelink.vaultcore.azure.net",
            "number_of_record_sets": 2,
            "resource_group_name": "rg-prod-aks101-eus2-001",
            "soa_record": [
              {
                "email": "azureprivatedns-host.microsoft.com",
                "expire_time": 2419200,
                "fqdn": "privatelink.vaultcore.azure.net.",
                "host_name": "azureprivatedns.net",
                "minimum_ttl": 10,
                "refresh_time": 3600,
                "retry_time": 300,
                "serial_number": 1,
                "tags": {},
                "ttl": 3600
              }
            ],
            "tags": {
              "Demo": "true",
              "Environment": "prod",
              "Location": "East US 2",
              "ManagedBy": "terraform",
              "Owner": "anbossar",
              "Project": "aks101"
            },
            "timeouts": null
          },
          "sensitive_attributes": [],
          "identity_schema_version": 0,
          "identity": {
            "name": "privatelink.vaultcore.azure.net",
            "resource_group_name": "rg-prod-aks101-eus2-001",
            "subscription_id": "b2af20ad-98fa-4aa7-94c3-059663641d9f"
          },
          "private": "eyJlMmJmYjczMC1lY2FhLTExZTYtOGY4OC0zNDM2M2JjN2M0YzAiOnsiY3JlYXRlIjoxODAwMDAwMDAwMDAwLCJkZWxldGUiOjE4MDAwMDAwMDAwMDAsInJlYWQiOjMwMDAwMDAwMDAwMCwidXBkYXRlIjoxODAwMDAwMDAwMDAwfX0=",
          "dependencies": [
            "azurerm_resource_group.main"
          ]
        }
      ]
    },
    {
      "mode": "managed",
      "type": "azurerm_private_dns_zone",
      "name": "sql_database",
      "provider": "provider[\"registry.terraform.io/hashicorp/azurerm\"]",
      "instances": [
        {
          "schema_version": 0,
          "attributes": {
            "id": "/subscriptions/b2af20ad-98fa-4aa7-94c3-059663641d9f/resourceGroups/rg-prod-aks101-eus2-001/providers/Microsoft.Network/privateDnsZones/privatelink.database.windows.net",
            "max_number_of_record_sets": 25000,
            "max_number_of_virtual_network_links": 1000,
            "max_number_of_virtual_network_links_with_registration": 100,
            "name": "privatelink.database.windows.net",
            "number_of_record_sets": 2,
            "resource_group_name": "rg-prod-aks101-eus2-001",
            "soa_record": [
              {
                "email": "azureprivatedns-host.microsoft.com",
                "expire_time": 2419200,
                "fqdn": "privatelink.database.windows.net.",
                "host_name": "azureprivatedns.net",
                "minimum_ttl": 10,
                "refresh_time": 3600,
                "retry_time": 300,
                "serial_number": 1,
                "tags": {},
                "ttl": 3600
              }
            ],
            "tags": {
              "Demo": "true",
              "Environment": "prod",
              "Location": "East US 2",
              "ManagedBy": "terraform",
              "Owner": "anbossar",
              "Project": "aks101"
            },
            "timeouts": null
          },
          "sensitive_attributes": [],
          "identity_schema_version": 0,
          "identity": {
            "name": "privatelink.database.windows.net",
            "resource_group_name": "rg-prod-aks101-eus2-001",
            "subscription_id": "b2af20ad-98fa-4aa7-94c3-059663641d9f"
          },
          "private": "eyJlMmJmYjczMC1lY2FhLTExZTYtOGY4OC0zNDM2M2JjN2M0YzAiOnsiY3JlYXRlIjoxODAwMDAwMDAwMDAwLCJkZWxldGUiOjE4MDAwMDAwMDAwMDAsInJlYWQiOjMwMDAwMDAwMDAwMCwidXBkYXRlIjoxODAwMDAwMDAwMDAwfX0=",
          "dependencies": [
            "azurerm_resource_group.main"
          ]
        }
      ]
    },
    {
      "mode": "managed",
      "type": "azurerm_private_dns_zone",
      "name": "storage_blob",
      "provider": "provider[\"registry.terraform.io/hashicorp/azurerm\"]",
      "instances": [
        {
          "schema_version": 0,
          "attributes": {
            "id": "/subscriptions/b2af20ad-98fa-4aa7-94c3-059663641d9f/resourceGroups/rg-prod-aks101-eus2-001/providers/Microsoft.Network/privateDnsZones/privatelink.blob.core.windows.net",
            "max_number_of_record_sets": 25000,
            "max_number_of_virtual_network_links": 1000,
            "max_number_of_virtual_network_links_with_registration": 100,
            "name": "privatelink.blob.core.windows.net",
            "number_of_record_sets": 2,
            "resource_group_name": "rg-prod-aks101-eus2-001",
            "soa_record": [
              {
                "email": "azureprivatedns-host.microsoft.com",
                "expire_time": 2419200,
                "fqdn": "privatelink.blob.core.windows.net.",
                "host_name": "azureprivatedns.net",
                "minimum_ttl": 10,
                "refresh_time": 3600,
                "retry_time": 300,
                "serial_number": 1,
                "tags": {},
                "ttl": 3600
              }
            ],
            "tags": {
              "Demo": "true",
              "Environment": "prod",
              "Location": "East US 2",
              "ManagedBy": "terraform",
              "Owner": "anbossar",
              "Project": "aks101"
            },
            "timeouts": null
          },
          "sensitive_attributes": [],
          "identity_schema_version": 0,
          "identity": {
            "name": "privatelink.blob.core.windows.net",
            "resource_group_name": "rg-prod-aks101-eus2-001",
            "subscription_id": "b2af20ad-98fa-4aa7-94c3-059663641d9f"
          },
          "private": "eyJlMmJmYjczMC1lY2FhLTExZTYtOGY4OC0zNDM2M2JjN2M0YzAiOnsiY3JlYXRlIjoxODAwMDAwMDAwMDAwLCJkZWxldGUiOjE4MDAwMDAwMDAwMDAsInJlYWQiOjMwMDAwMDAwMDAwMCwidXBkYXRlIjoxODAwMDAwMDAwMDAwfX0=",
          "dependencies": [
            "azurerm_resource_group.main"
          ]
        }
      ]
    },
    {
      "mode": "managed",
      "type": "azurerm_private_dns_zone",
      "name": "storage_file",
      "provider": "provider[\"registry.terraform.io/hashicorp/azurerm\"]",
      "instances": [
        {
          "schema_version": 0,
          "attributes": {
            "id": "/subscriptions/b2af20ad-98fa-4aa7-94c3-059663641d9f/resourceGroups/rg-prod-aks101-eus2-001/providers/Microsoft.Network/privateDnsZones/privatelink.file.core.windows.net",
            "max_number_of_record_sets": 25000,
            "max_number_of_virtual_network_links": 1000,
            "max_number_of_virtual_network_links_with_registration": 100,
            "name": "privatelink.file.core.windows.net",
            "number_of_record_sets": 2,
            "resource_group_name": "rg-prod-aks101-eus2-001",
            "soa_record": [
              {
                "email": "azureprivatedns-host.microsoft.com",
                "expire_time": 2419200,
                "fqdn": "privatelink.file.core.windows.net.",
                "host_name": "azureprivatedns.net",
                "minimum_ttl": 10,
                "refresh_time": 3600,
                "retry_time": 300,
                "serial_number": 1,
                "tags": {},
                "ttl": 3600
              }
            ],
            "tags": {
              "Demo": "true",
              "Environment": "prod",
              "Location": "East US 2",
              "ManagedBy": "terraform",
              "Owner": "anbossar",
              "Project": "aks101"
            },
            "timeouts": null
          },
          "sensitive_attributes": [],
          "identity_schema_version": 0,
          "identity": {
            "name": "privatelink.file.core.windows.net",
            "resource_group_name": "rg-prod-aks101-eus2-001",
            "subscription_id": "b2af20ad-98fa-4aa7-94c3-059663641d9f"
          },
          "private": "eyJlMmJmYjczMC1lY2FhLTExZTYtOGY4OC0zNDM2M2JjN2M0YzAiOnsiY3JlYXRlIjoxODAwMDAwMDAwMDAwLCJkZWxldGUiOjE4MDAwMDAwMDAwMDAsInJlYWQiOjMwMDAwMDAwMDAwMCwidXBkYXRlIjoxODAwMDAwMDAwMDAwfX0=",
          "dependencies": [
            "azurerm_resource_group.main"
          ]
        }
      ]
    },
    {
      "mode": "managed",
      "type": "azurerm_private_dns_zone_virtual_network_link",
      "name": "key_vault",
      "provider": "provider[\"registry.terraform.io/hashicorp/azurerm\"]",
      "instances": [
        {
          "schema_version": 0,
          "attributes": {
            "id": "/subscriptions/b2af20ad-98fa-4aa7-94c3-059663641d9f/resourceGroups/rg-prod-aks101-eus2-001/providers/Microsoft.Network/privateDnsZones/privatelink.vaultcore.azure.net/virtualNetworkLinks/kv-dns-link",
            "name": "kv-dns-link",
            "private_dns_zone_name": "privatelink.vaultcore.azure.net",
            "registration_enabled": false,
            "resolution_policy": "Default",
            "resource_group_name": "rg-prod-aks101-eus2-001",
            "tags": {
              "Demo": "true",
              "Environment": "prod",
              "Location": "East US 2",
              "ManagedBy": "terraform",
              "Owner": "anbossar",
              "Project": "aks101"
            },
            "timeouts": null,
            "virtual_network_id": "/subscriptions/b2af20ad-98fa-4aa7-94c3-059663641d9f/resourceGroups/rg-prod-aks101-eus2-001/providers/Microsoft.Network/virtualNetworks/vnet-prod-aks101-eus2-001"
          },
          "sensitive_attributes": [],
          "identity_schema_version": 0,
          "identity": {
            "name": "kv-dns-link",
            "private_dns_zone_name": "privatelink.vaultcore.azure.net",
            "resource_group_name": "rg-prod-aks101-eus2-001",
            "subscription_id": "b2af20ad-98fa-4aa7-94c3-059663641d9f"
          },
          "private": "eyJlMmJmYjczMC1lY2FhLTExZTYtOGY4OC0zNDM2M2JjN2M0YzAiOnsiY3JlYXRlIjoxODAwMDAwMDAwMDAwLCJkZWxldGUiOjE4MDAwMDAwMDAwMDAsInJlYWQiOjMwMDAwMDAwMDAwMCwidXBkYXRlIjoxODAwMDAwMDAwMDAwfX0=",
          "dependencies": [
            "azurerm_private_dns_zone.key_vault",
            "azurerm_resource_group.main",
            "azurerm_virtual_network.main"
          ]
        }
      ]
    },
    {
      "mode": "managed",
      "type": "azurerm_private_dns_zone_virtual_network_link",
      "name": "sql_database",
      "provider": "provider[\"registry.terraform.io/hashicorp/azurerm\"]",
      "instances": [
        {
          "schema_version": 0,
          "attributes": {
            "id": "/subscriptions/b2af20ad-98fa-4aa7-94c3-059663641d9f/resourceGroups/rg-prod-aks101-eus2-001/providers/Microsoft.Network/privateDnsZones/privatelink.database.windows.net/virtualNetworkLinks/sql-dns-link",
            "name": "sql-dns-link",
            "private_dns_zone_name": "privatelink.database.windows.net",
            "registration_enabled": false,
            "resolution_policy": "Default",
            "resource_group_name": "rg-prod-aks101-eus2-001",
            "tags": {
              "Demo": "true",
              "Environment": "prod",
              "Location": "East US 2",
              "ManagedBy": "terraform",
              "Owner": "anbossar",
              "Project": "aks101"
            },
            "timeouts": null,
            "virtual_network_id": "/subscriptions/b2af20ad-98fa-4aa7-94c3-059663641d9f/resourceGroups/rg-prod-aks101-eus2-001/providers/Microsoft.Network/virtualNetworks/vnet-prod-aks101-eus2-001"
          },
          "sensitive_attributes": [],
          "identity_schema_version": 0,
          "identity": {
            "name": "sql-dns-link",
            "private_dns_zone_name": "privatelink.database.windows.net",
            "resource_group_name": "rg-prod-aks101-eus2-001",
            "subscription_id": "b2af20ad-98fa-4aa7-94c3-059663641d9f"
          },
          "private": "eyJlMmJmYjczMC1lY2FhLTExZTYtOGY4OC0zNDM2M2JjN2M0YzAiOnsiY3JlYXRlIjoxODAwMDAwMDAwMDAwLCJkZWxldGUiOjE4MDAwMDAwMDAwMDAsInJlYWQiOjMwMDAwMDAwMDAwMCwidXBkYXRlIjoxODAwMDAwMDAwMDAwfX0=",
          "dependencies": [
            "azurerm_private_dns_zone.sql_database",
            "azurerm_resource_group.main",
            "azurerm_virtual_network.main"
          ]
        }
      ]
    },
    {
      "mode": "managed",
      "type": "azurerm_private_dns_zone_virtual_network_link",
      "name": "storage_blob",
      "provider": "provider[\"registry.terraform.io/hashicorp/azurerm\"]",
      "instances": [
        {
          "schema_version": 0,
          "attributes": {
            "id": "/subscriptions/b2af20ad-98fa-4aa7-94c3-059663641d9f/resourceGroups/rg-prod-aks101-eus2-001/providers/Microsoft.Network/privateDnsZones/privatelink.blob.core.windows.net/virtualNetworkLinks/storage-blob-dns-link",
            "name": "storage-blob-dns-link",
            "private_dns_zone_name": "privatelink.blob.core.windows.net",
            "registration_enabled": false,
            "resolution_policy": "Default",
            "resource_group_name": "rg-prod-aks101-eus2-001",
            "tags": {
              "Demo": "true",
              "Environment": "prod",
              "Location": "East US 2",
              "ManagedBy": "terraform",
              "Owner": "anbossar",
              "Project": "aks101"
            },
            "timeouts": null,
            "virtual_network_id": "/subscriptions/b2af20ad-98fa-4aa7-94c3-059663641d9f/resourceGroups/rg-prod-aks101-eus2-001/providers/Microsoft.Network/virtualNetworks/vnet-prod-aks101-eus2-001"
          },
          "sensitive_attributes": [],
          "identity_schema_version": 0,
          "identity": {
            "name": "storage-blob-dns-link",
            "private_dns_zone_name": "privatelink.blob.core.windows.net",
            "resource_group_name": "rg-prod-aks101-eus2-001",
            "subscription_id": "b2af20ad-98fa-4aa7-94c3-059663641d9f"
          },
          "private": "eyJlMmJmYjczMC1lY2FhLTExZTYtOGY4OC0zNDM2M2JjN2M0YzAiOnsiY3JlYXRlIjoxODAwMDAwMDAwMDAwLCJkZWxldGUiOjE4MDAwMDAwMDAwMDAsInJlYWQiOjMwMDAwMDAwMDAwMCwidXBkYXRlIjoxODAwMDAwMDAwMDAwfX0=",
          "dependencies": [
            "azurerm_private_dns_zone.storage_blob",
            "azurerm_resource_group.main",
            "azurerm_virtual_network.main"
          ]
        }
      ]
    },
    {
      "mode": "managed",
      "type": "azurerm_private_dns_zone_virtual_network_link",
      "name": "storage_file",
      "provider": "provider[\"registry.terraform.io/hashicorp/azurerm\"]",
      "instances": [
        {
          "schema_version": 0,
          "attributes": {
            "id": "/subscriptions/b2af20ad-98fa-4aa7-94c3-059663641d9f/resourceGroups/rg-prod-aks101-eus2-001/providers/Microsoft.Network/privateDnsZones/privatelink.file.core.windows.net/virtualNetworkLinks/storage-file-dns-link",
            "name": "storage-file-dns-link",
            "private_dns_zone_name": "privatelink.file.core.windows.net",
            "registration_enabled": false,
            "resolution_policy": "Default",
            "resource_group_name": "rg-prod-aks101-eus2-001",
            "tags": {
              "Demo": "true",
              "Environment": "prod",
              "Location": "East US 2",
              "ManagedBy": "terraform",
              "Owner": "anbossar",
              "Project": "aks101"
            },
            "timeouts": null,
            "virtual_network_id": "/subscriptions/b2af20ad-98fa-4aa7-94c3-059663641d9f/resourceGroups/rg-prod-aks101-eus2-001/providers/Microsoft.Network/virtualNetworks/vnet-prod-aks101-eus2-001"
          },
          "sensitive_attributes": [],
          "identity_schema_version": 0,
          "identity": {
            "name": "storage-file-dns-link",
            "private_dns_zone_name": "privatelink.file.core.windows.net",
            "resource_group_name": "rg-prod-aks101-eus2-001",
            "subscription_id": "b2af20ad-98fa-4aa7-94c3-059663641d9f"
          },
          "private": "eyJlMmJmYjczMC1lY2FhLTExZTYtOGY4OC0zNDM2M2JjN2M0YzAiOnsiY3JlYXRlIjoxODAwMDAwMDAwMDAwLCJkZWxldGUiOjE4MDAwMDAwMDAwMDAsInJlYWQiOjMwMDAwMDAwMDAwMCwidXBkYXRlIjoxODAwMDAwMDAwMDAwfX0=",
          "dependencies": [
            "azurerm_private_dns_zone.storage_file",
            "azurerm_resource_group.main",
            "azurerm_virtual_network.main"
          ]
        }
      ]
    },
    {
      "mode": "managed",
      "type": "azurerm_private_endpoint",
      "name": "key_vault",
      "provider": "provider[\"registry.terraform.io/hashicorp/azurerm\"]",
      "instances": [
        {
          "schema_version": 0,
          "attributes": {
            "custom_dns_configs": [],
            "custom_network_interface_name": "",
            "id": "/subscriptions/b2af20ad-98fa-4aa7-94c3-059663641d9f/resourceGroups/rg-prod-aks101-eus2-001/providers/Microsoft.Network/privateEndpoints/pe-kv-prod-eus2-001",
            "ip_configuration": [],
            "location": "eastus2",
            "name": "pe-kv-prod-eus2-001",
            "network_interface": [
              {
                "id": "/subscriptions/b2af20ad-98fa-4aa7-94c3-059663641d9f/resourceGroups/rg-prod-aks101-eus2-001/providers/Microsoft.Network/networkInterfaces/pe-kv-prod-eus2-001.nic.e678b4e1-3fba-4747-b4f8-4add10c88585",
                "name": "pe-kv-prod-eus2-001.nic.e678b4e1-3fba-4747-b4f8-4add10c88585"
              }
            ],
            "private_dns_zone_configs": [
              {
                "id": "/subscriptions/b2af20ad-98fa-4aa7-94c3-059663641d9f/resourceGroups/rg-prod-aks101-eus2-001/providers/Microsoft.Network/privateEndpoints/pe-kv-prod-eus2-001/privateDnsZoneGroups/kv-dns-zone-group/privateDnsZoneConfigs/privatelink.vaultcore.azure.net",
                "name": "privatelink.vaultcore.azure.net",
                "private_dns_zone_id": "/subscriptions/b2af20ad-98fa-4aa7-94c3-059663641d9f/resourceGroups/rg-prod-aks101-eus2-001/providers/Microsoft.Network/privateDnsZones/privatelink.vaultcore.azure.net",
                "record_sets": [
                  {
                    "fqdn": "kv-prod-aks101-eus2-14b.privatelink.vaultcore.azure.net",
                    "ip_addresses": [
                      "10.240.3.5"
                    ],
                    "name": "kv-prod-aks101-eus2-14b",
                    "ttl": 10,
                    "type": "A"
                  }
                ]
              }
            ],
            "private_dns_zone_group": [
              {
                "id": "/subscriptions/b2af20ad-98fa-4aa7-94c3-059663641d9f/resourceGroups/rg-prod-aks101-eus2-001/providers/Microsoft.Network/privateEndpoints/pe-kv-prod-eus2-001/privateDnsZoneGroups/kv-dns-zone-group",
                "name": "kv-dns-zone-group",
                "private_dns_zone_ids": [
                  "/subscriptions/b2af20ad-98fa-4aa7-94c3-059663641d9f/resourceGroups/rg-prod-aks101-eus2-001/providers/Microsoft.Network/privateDnsZones/privatelink.vaultcore.azure.net"
                ]
              }
            ],
            "private_service_connection": [
              {
                "is_manual_connection": false,
                "name": "kv-private-connection",
                "private_connection_resource_alias": "",
                "private_connection_resource_id": "/subscriptions/b2af20ad-98fa-4aa7-94c3-059663641d9f/resourceGroups/rg-prod-aks101-eus2-001/providers/Microsoft.KeyVault/vaults/kv-prod-aks101-eus2-14b",
                "private_ip_address": "10.240.3.5",
                "request_message": "",
                "subresource_names": [
                  "vault"
                ]
              }
            ],
            "resource_group_name": "rg-prod-aks101-eus2-001",
            "subnet_id": "/subscriptions/b2af20ad-98fa-4aa7-94c3-059663641d9f/resourceGroups/rg-prod-aks101-eus2-001/providers/Microsoft.Network/virtualNetworks/vnet-prod-aks101-eus2-001/subnets/snet-pe-prod-eus2-001",
            "tags": {
              "Demo": "true",
              "Environment": "prod",
              "Location": "East US 2",
              "ManagedBy": "terraform",
              "Owner": "anbossar",
              "Project": "aks101"
            },
            "timeouts": null
          },
          "sensitive_attributes": [],
          "identity_schema_version": 0,
          "identity": {
            "name": "pe-kv-prod-eus2-001",
            "resource_group_name": "rg-prod-aks101-eus2-001",
            "subscription_id": "b2af20ad-98fa-4aa7-94c3-059663641d9f"
          },
          "private": "eyJlMmJmYjczMC1lY2FhLTExZTYtOGY4OC0zNDM2M2JjN2M0YzAiOnsiY3JlYXRlIjozNjAwMDAwMDAwMDAwLCJkZWxldGUiOjM2MDAwMDAwMDAwMDAsInJlYWQiOjMwMDAwMDAwMDAwMCwidXBkYXRlIjozNjAwMDAwMDAwMDAwfX0=",
          "dependencies": [
            "azurerm_key_vault.main",
            "azurerm_private_dns_zone.key_vault",
            "azurerm_private_dns_zone_virtual_network_link.key_vault",
            "azurerm_resource_group.main",
            "azurerm_subnet.private_endpoints",
            "azurerm_virtual_network.main",
            "data.azurerm_client_config.current",
            "random_string.suffix"
          ]
        }
      ]
    },
    {
      "mode": "managed",
      "type": "azurerm_private_endpoint",
      "name": "sql_server",
      "provider": "provider[\"registry.terraform.io/hashicorp/azurerm\"]",
      "instances": [
        {
          "schema_version": 0,
          "attributes": {
            "custom_dns_configs": [],
            "custom_network_interface_name": "",
            "id": "/subscriptions/b2af20ad-98fa-4aa7-94c3-059663641d9f/resourceGroups/rg-prod-aks101-eus2-001/providers/Microsoft.Network/privateEndpoints/pe-sql-prod-eus2-001",
            "ip_configuration": [],
            "location": "eastus2",
            "name": "pe-sql-prod-eus2-001",
            "network_interface": [
              {
                "id": "/subscriptions/b2af20ad-98fa-4aa7-94c3-059663641d9f/resourceGroups/rg-prod-aks101-eus2-001/providers/Microsoft.Network/networkInterfaces/pe-sql-prod-eus2-001.nic.39ef1259-853b-471b-94ff-e2d2bb181a63",
                "name": "pe-sql-prod-eus2-001.nic.39ef1259-853b-471b-94ff-e2d2bb181a63"
              }
            ],
            "private_dns_zone_configs": [
              {
                "id": "/subscriptions/b2af20ad-98fa-4aa7-94c3-059663641d9f/resourceGroups/rg-prod-aks101-eus2-001/providers/Microsoft.Network/privateEndpoints/pe-sql-prod-eus2-001/privateDnsZoneGroups/sql-dns-zone-group/privateDnsZoneConfigs/privatelink.database.windows.net",
                "name": "privatelink.database.windows.net",
                "private_dns_zone_id": "/subscriptions/b2af20ad-98fa-4aa7-94c3-059663641d9f/resourceGroups/rg-prod-aks101-eus2-001/providers/Microsoft.Network/privateDnsZones/privatelink.database.windows.net",
                "record_sets": [
                  {
                    "fqdn": "sql-main-prod-eus2-14b.privatelink.database.windows.net",
                    "ip_addresses": [
                      "10.240.3.6"
                    ],
                    "name": "sql-main-prod-eus2-14b",
                    "ttl": 10,
                    "type": "A"
                  }
                ]
              }
            ],
            "private_dns_zone_group": [
              {
                "id": "/subscriptions/b2af20ad-98fa-4aa7-94c3-059663641d9f/resourceGroups/rg-prod-aks101-eus2-001/providers/Microsoft.Network/privateEndpoints/pe-sql-prod-eus2-001/privateDnsZoneGroups/sql-dns-zone-group",
                "name": "sql-dns-zone-group",
                "private_dns_zone_ids": [
                  "/subscriptions/b2af20ad-98fa-4aa7-94c3-059663641d9f/resourceGroups/rg-prod-aks101-eus2-001/providers/Microsoft.Network/privateDnsZones/privatelink.database.windows.net"
                ]
              }
            ],
            "private_service_connection": [
              {
                "is_manual_connection": false,
                "name": "sql-private-connection",
                "private_connection_resource_alias": "",
                "private_connection_resource_id": "/subscriptions/b2af20ad-98fa-4aa7-94c3-059663641d9f/resourceGroups/rg-prod-aks101-eus2-001/providers/Microsoft.Sql/servers/sql-main-prod-eus2-14b",
                "private_ip_address": "10.240.3.6",
                "request_message": "",
                "subresource_names": [
                  "sqlServer"
                ]
              }
            ],
            "resource_group_name": "rg-prod-aks101-eus2-001",
            "subnet_id": "/subscriptions/b2af20ad-98fa-4aa7-94c3-059663641d9f/resourceGroups/rg-prod-aks101-eus2-001/providers/Microsoft.Network/virtualNetworks/vnet-prod-aks101-eus2-001/subnets/snet-pe-prod-eus2-001",
            "tags": {
              "Demo": "true",
              "Environment": "prod",
              "Location": "East US 2",
              "ManagedBy": "terraform",
              "Owner": "anbossar",
              "Project": "aks101"
            },
            "timeouts": null
          },
          "sensitive_attributes": [],
          "identity_schema_version": 0,
          "identity": {
            "name": "pe-sql-prod-eus2-001",
            "resource_group_name": "rg-prod-aks101-eus2-001",
            "subscription_id": "b2af20ad-98fa-4aa7-94c3-059663641d9f"
          },
          "private": "eyJlMmJmYjczMC1lY2FhLTExZTYtOGY4OC0zNDM2M2JjN2M0YzAiOnsiY3JlYXRlIjozNjAwMDAwMDAwMDAwLCJkZWxldGUiOjM2MDAwMDAwMDAwMDAsInJlYWQiOjMwMDAwMDAwMDAwMCwidXBkYXRlIjozNjAwMDAwMDAwMDAwfX0=",
          "dependencies": [
            "azurerm_mssql_server.main",
            "azurerm_private_dns_zone.sql_database",
            "azurerm_private_dns_zone_virtual_network_link.sql_database",
            "azurerm_resource_group.main",
            "azurerm_subnet.private_endpoints",
            "azurerm_virtual_network.main",
            "random_string.suffix"
          ]
        }
      ]
    },
    {
      "mode": "managed",
      "type": "azurerm_private_endpoint",
      "name": "storage_blob",
      "provider": "provider[\"registry.terraform.io/hashicorp/azurerm\"]",
      "instances": [
        {
          "schema_version": 0,
          "attributes": {
            "custom_dns_configs": [],
            "custom_network_interface_name": "",
            "id": "/subscriptions/b2af20ad-98fa-4aa7-94c3-059663641d9f/resourceGroups/rg-prod-aks101-eus2-001/providers/Microsoft.Network/privateEndpoints/pe-st-prod-eus2-001-blob",
            "ip_configuration": [],
            "location": "eastus2",
            "name": "pe-st-prod-eus2-001-blob",
            "network_interface": [
              {
                "id": "/subscriptions/b2af20ad-98fa-4aa7-94c3-059663641d9f/resourceGroups/rg-prod-aks101-eus2-001/providers/Microsoft.Network/networkInterfaces/pe-st-prod-eus2-001-blob.nic.3556436e-97ee-455f-b595-51c09eedf8c3",
                "name": "pe-st-prod-eus2-001-blob.nic.3556436e-97ee-455f-b595-51c09eedf8c3"
              }
            ],
            "private_dns_zone_configs": [
              {
                "id": "/subscriptions/b2af20ad-98fa-4aa7-94c3-059663641d9f/resourceGroups/rg-prod-aks101-eus2-001/providers/Microsoft.Network/privateEndpoints/pe-st-prod-eus2-001-blob/privateDnsZoneGroups/storage-blob-dns-zone-group/privateDnsZoneConfigs/privatelink.blob.core.windows.net",
                "name": "privatelink.blob.core.windows.net",
                "private_dns_zone_id": "/subscriptions/b2af20ad-98fa-4aa7-94c3-059663641d9f/resourceGroups/rg-prod-aks101-eus2-001/providers/Microsoft.Network/privateDnsZones/privatelink.blob.core.windows.net",
                "record_sets": [
                  {
                    "fqdn": "stprodaks101eus214b.privatelink.blob.core.windows.net",
                    "ip_addresses": [
                      "10.240.3.4"
                    ],
                    "name": "stprodaks101eus214b",
                    "ttl": 10,
                    "type": "A"
                  }
                ]
              }
            ],
            "private_dns_zone_group": [
              {
                "id": "/subscriptions/b2af20ad-98fa-4aa7-94c3-059663641d9f/resourceGroups/rg-prod-aks101-eus2-001/providers/Microsoft.Network/privateEndpoints/pe-st-prod-eus2-001-blob/privateDnsZoneGroups/storage-blob-dns-zone-group",
                "name": "storage-blob-dns-zone-group",
                "private_dns_zone_ids": [
                  "/subscriptions/b2af20ad-98fa-4aa7-94c3-059663641d9f/resourceGroups/rg-prod-aks101-eus2-001/providers/Microsoft.Network/privateDnsZones/privatelink.blob.core.windows.net"
                ]
              }
            ],
            "private_service_connection": [
              {
                "is_manual_connection": false,
                "name": "storage-blob-private-connection",
                "private_connection_resource_alias": "",
                "private_connection_resource_id": "/subscriptions/b2af20ad-98fa-4aa7-94c3-059663641d9f/resourceGroups/rg-prod-aks101-eus2-001/providers/Microsoft.Storage/storageAccounts/stprodaks101eus214b",
                "private_ip_address": "10.240.3.4",
                "request_message": "",
                "subresource_names": [
                  "blob"
                ]
              }
            ],
            "resource_group_name": "rg-prod-aks101-eus2-001",
            "subnet_id": "/subscriptions/b2af20ad-98fa-4aa7-94c3-059663641d9f/resourceGroups/rg-prod-aks101-eus2-001/providers/Microsoft.Network/virtualNetworks/vnet-prod-aks101-eus2-001/subnets/snet-pe-prod-eus2-001",
            "tags": {
              "Demo": "true",
              "Environment": "prod",
              "Location": "East US 2",
              "ManagedBy": "terraform",
              "Owner": "anbossar",
              "Project": "aks101"
            },
            "timeouts": null
          },
          "sensitive_attributes": [],
          "identity_schema_version": 0,
          "identity": {
            "name": "pe-st-prod-eus2-001-blob",
            "resource_group_name": "rg-prod-aks101-eus2-001",
            "subscription_id": "b2af20ad-98fa-4aa7-94c3-059663641d9f"
          },
          "private": "eyJlMmJmYjczMC1lY2FhLTExZTYtOGY4OC0zNDM2M2JjN2M0YzAiOnsiY3JlYXRlIjozNjAwMDAwMDAwMDAwLCJkZWxldGUiOjM2MDAwMDAwMDAwMDAsInJlYWQiOjMwMDAwMDAwMDAwMCwidXBkYXRlIjozNjAwMDAwMDAwMDAwfX0=",
          "dependencies": [
            "azurerm_private_dns_zone.storage_blob",
            "azurerm_private_dns_zone_virtual_network_link.storage_blob",
            "azurerm_resource_group.main",
            "azurerm_storage_account.main",
            "azurerm_subnet.private_endpoints",
            "azurerm_virtual_network.main",
            "random_string.suffix"
          ]
        }
      ]
    },
    {
      "mode": "managed",
      "type": "azurerm_private_endpoint",
      "name": "storage_file",
      "provider": "provider[\"registry.terraform.io/hashicorp/azurerm\"]",
      "instances": [
        {
          "schema_version": 0,
          "attributes": {
            "custom_dns_configs": [],
            "custom_network_interface_name": "",
            "id": "/subscriptions/b2af20ad-98fa-4aa7-94c3-059663641d9f/resourceGroups/rg-prod-aks101-eus2-001/providers/Microsoft.Network/privateEndpoints/pe-st-prod-eus2-001-file",
            "ip_configuration": [],
            "location": "eastus2",
            "name": "pe-st-prod-eus2-001-file",
            "network_interface": [
              {
                "id": "/subscriptions/b2af20ad-98fa-4aa7-94c3-059663641d9f/resourceGroups/rg-prod-aks101-eus2-001/providers/Microsoft.Network/networkInterfaces/pe-st-prod-eus2-001-file.nic.4ed409ef-6c7c-467d-af89-22553a4a85b1",
                "name": "pe-st-prod-eus2-001-file.nic.4ed409ef-6c7c-467d-af89-22553a4a85b1"
              }
            ],
            "private_dns_zone_configs": [
              {
                "id": "/subscriptions/b2af20ad-98fa-4aa7-94c3-059663641d9f/resourceGroups/rg-prod-aks101-eus2-001/providers/Microsoft.Network/privateEndpoints/pe-st-prod-eus2-001-file/privateDnsZoneGroups/storage-file-dns-zone-group/privateDnsZoneConfigs/privatelink.file.core.windows.net",
                "name": "privatelink.file.core.windows.net",
                "private_dns_zone_id": "/subscriptions/b2af20ad-98fa-4aa7-94c3-059663641d9f/resourceGroups/rg-prod-aks101-eus2-001/providers/Microsoft.Network/privateDnsZones/privatelink.file.core.windows.net",
                "record_sets": [
                  {
                    "fqdn": "stprodaks101eus214b.privatelink.file.core.windows.net",
                    "ip_addresses": [
                      "10.240.3.7"
                    ],
                    "name": "stprodaks101eus214b",
                    "ttl": 10,
                    "type": "A"
                  }
                ]
              }
            ],
            "private_dns_zone_group": [
              {
                "id": "/subscriptions/b2af20ad-98fa-4aa7-94c3-059663641d9f/resourceGroups/rg-prod-aks101-eus2-001/providers/Microsoft.Network/privateEndpoints/pe-st-prod-eus2-001-file/privateDnsZoneGroups/storage-file-dns-zone-group",
                "name": "storage-file-dns-zone-group",
                "private_dns_zone_ids": [
                  "/subscriptions/b2af20ad-98fa-4aa7-94c3-059663641d9f/resourceGroups/rg-prod-aks101-eus2-001/providers/Microsoft.Network/privateDnsZones/privatelink.file.core.windows.net"
                ]
              }
            ],
            "private_service_connection": [
              {
                "is_manual_connection": false,
                "name": "storage-file-private-connection",
                "private_connection_resource_alias": "",
                "private_connection_resource_id": "/subscriptions/b2af20ad-98fa-4aa7-94c3-059663641d9f/resourceGroups/rg-prod-aks101-eus2-001/providers/Microsoft.Storage/storageAccounts/stprodaks101eus214b",
                "private_ip_address": "10.240.3.7",
                "request_message": "",
                "subresource_names": [
                  "file"
                ]
              }
            ],
            "resource_group_name": "rg-prod-aks101-eus2-001",
            "subnet_id": "/subscriptions/b2af20ad-98fa-4aa7-94c3-059663641d9f/resourceGroups/rg-prod-aks101-eus2-001/providers/Microsoft.Network/virtualNetworks/vnet-prod-aks101-eus2-001/subnets/snet-pe-prod-eus2-001",
            "tags": {
              "Demo": "true",
              "Environment": "prod",
              "Location": "East US 2",
              "ManagedBy": "terraform",
              "Owner": "anbossar",
              "Project": "aks101"
            },
            "timeouts": null
          },
          "sensitive_attributes": [],
          "identity_schema_version": 0,
          "identity": {
            "name": "pe-st-prod-eus2-001-file",
            "resource_group_name": "rg-prod-aks101-eus2-001",
            "subscription_id": "b2af20ad-98fa-4aa7-94c3-059663641d9f"
          },
          "private": "eyJlMmJmYjczMC1lY2FhLTExZTYtOGY4OC0zNDM2M2JjN2M0YzAiOnsiY3JlYXRlIjozNjAwMDAwMDAwMDAwLCJkZWxldGUiOjM2MDAwMDAwMDAwMDAsInJlYWQiOjMwMDAwMDAwMDAwMCwidXBkYXRlIjozNjAwMDAwMDAwMDAwfX0=",
          "dependencies": [
            "azurerm_private_dns_zone.storage_file",
            "azurerm_private_dns_zone_virtual_network_link.storage_file",
            "azurerm_resource_group.main",
            "azurerm_storage_account.main",
            "azurerm_subnet.private_endpoints",
            "azurerm_virtual_network.main",
            "random_string.suffix"
          ]
        }
      ]
    },
    {
      "mode": "managed",
      "type": "azurerm_public_ip",
      "name": "app_gateway",
      "provider": "provider[\"registry.terraform.io/hashicorp/azurerm\"]",
      "instances": [
        {
          "schema_version": 0,
          "attributes": {
            "allocation_method": "Static",
            "ddos_protection_mode": "VirtualNetworkInherited",
            "ddos_protection_plan_id": null,
            "domain_name_label": null,
            "domain_name_label_scope": null,
            "edge_zone": "",
            "fqdn": null,
            "id": "/subscriptions/b2af20ad-98fa-4aa7-94c3-059663641d9f/resourceGroups/rg-prod-aks101-eus2-001/providers/Microsoft.Network/publicIPAddresses/pip-agw-prod-eus2-001",
            "idle_timeout_in_minutes": 4,
            "ip_address": "172.210.248.180",
            "ip_tags": {},
            "ip_version": "IPv4",
            "location": "eastus2",
            "name": "pip-agw-prod-eus2-001",
            "public_ip_prefix_id": null,
            "resource_group_name": "rg-prod-aks101-eus2-001",
            "reverse_fqdn": null,
            "sku": "Standard",
            "sku_tier": "Regional",
            "tags": {
              "Demo": "true",
              "Environment": "prod",
              "Location": "East US 2",
              "ManagedBy": "terraform",
              "Owner": "anbossar",
              "Project": "aks101"
            },
            "timeouts": null,
            "zones": [
              "1"
            ]
          },
          "sensitive_attributes": [],
          "identity_schema_version": 0,
          "private": "eyJlMmJmYjczMC1lY2FhLTExZTYtOGY4OC0zNDM2M2JjN2M0YzAiOnsiY3JlYXRlIjoxODAwMDAwMDAwMDAwLCJkZWxldGUiOjE4MDAwMDAwMDAwMDAsInJlYWQiOjMwMDAwMDAwMDAwMCwidXBkYXRlIjoxODAwMDAwMDAwMDAwfX0=",
          "dependencies": [
            "azurerm_resource_group.main"
          ]
        }
      ]
    },
    {
      "mode": "managed",
      "type": "azurerm_public_ip",
      "name": "firewall",
      "provider": "provider[\"registry.terraform.io/hashicorp/azurerm\"]",
      "instances": [
        {
          "schema_version": 0,
          "attributes": {
            "allocation_method": "Static",
            "ddos_protection_mode": "VirtualNetworkInherited",
            "ddos_protection_plan_id": null,
            "domain_name_label": null,
            "domain_name_label_scope": null,
            "edge_zone": "",
            "fqdn": null,
            "id": "/subscriptions/b2af20ad-98fa-4aa7-94c3-059663641d9f/resourceGroups/rg-prod-aks101-eus2-001/providers/Microsoft.Network/publicIPAddresses/pip-fw-prod-eus2-001",
            "idle_timeout_in_minutes": 4,
            "ip_address": "132.196.209.195",
            "ip_tags": {},
            "ip_version": "IPv4",
            "location": "eastus2",
            "name": "pip-fw-prod-eus2-001",
            "public_ip_prefix_id": null,
            "resource_group_name": "rg-prod-aks101-eus2-001",
            "reverse_fqdn": null,
            "sku": "Standard",
            "sku_tier": "Regional",
            "tags": {
              "Demo": "true",
              "Environment": "prod",
              "Location": "East US 2",
              "ManagedBy": "terraform",
              "Owner": "anbossar",
              "Project": "aks101"
            },
            "timeouts": null,
            "zones": [
              "1",
              "2",
              "3"
            ]
          },
          "sensitive_attributes": [],
          "identity_schema_version": 0,
          "private": "eyJlMmJmYjczMC1lY2FhLTExZTYtOGY4OC0zNDM2M2JjN2M0YzAiOnsiY3JlYXRlIjoxODAwMDAwMDAwMDAwLCJkZWxldGUiOjE4MDAwMDAwMDAwMDAsInJlYWQiOjMwMDAwMDAwMDAwMCwidXBkYXRlIjoxODAwMDAwMDAwMDAwfX0=",
          "dependencies": [
            "azurerm_resource_group.main"
          ]
        }
      ]
    },
    {
      "mode": "managed",
      "type": "azurerm_resource_group",
      "name": "main",
      "provider": "provider[\"registry.terraform.io/hashicorp/azurerm\"]",
      "instances": [
        {
          "schema_version": 0,
          "attributes": {
            "id": "/subscriptions/b2af20ad-98fa-4aa7-94c3-059663641d9f/resourceGroups/rg-prod-aks101-eus2-001",
            "location": "eastus2",
            "managed_by": "",
            "name": "rg-prod-aks101-eus2-001",
            "tags": {
              "Demo": "true",
              "Environment": "prod",
              "Location": "East US 2",
              "ManagedBy": "terraform",
              "Owner": "anbossar",
              "Project": "aks101"
            },
            "timeouts": null
          },
          "sensitive_attributes": [],
          "identity_schema_version": 0,
          "private": "eyJlMmJmYjczMC1lY2FhLTExZTYtOGY4OC0zNDM2M2JjN2M0YzAiOnsiY3JlYXRlIjo1NDAwMDAwMDAwMDAwLCJkZWxldGUiOjU0MDAwMDAwMDAwMDAsInJlYWQiOjMwMDAwMDAwMDAwMCwidXBkYXRlIjo1NDAwMDAwMDAwMDAwfX0="
        }
      ]
    },
    {
      "mode": "managed",
      "type": "azurerm_role_assignment",
      "name": "aks_acr_pull",
      "provider": "provider[\"registry.terraform.io/hashicorp/azurerm\"]",
      "instances": [
        {
          "index_key": 0,
          "schema_version": 0,
          "attributes": {
            "condition": "",
            "condition_version": "",
            "delegated_managed_identity_resource_id": "",
            "description": "",
            "id": "/subscriptions/b2af20ad-98fa-4aa7-94c3-059663641d9f/resourceGroups/rg-prod-aks101-eus2-001/providers/Microsoft.ContainerRegistry/registries/acrprodaks101eus214b/providers/Microsoft.Authorization/roleAssignments/a7ea305f-367f-a1a1-49ce-e26d42aba5de",
            "name": "a7ea305f-367f-a1a1-49ce-e26d42aba5de",
            "principal_id": "3c9e8dbf-a334-4d3f-a8d8-9b9045fe9606",
            "principal_type": "ServicePrincipal",
            "role_definition_id": "/subscriptions/b2af20ad-98fa-4aa7-94c3-059663641d9f/providers/Microsoft.Authorization/roleDefinitions/7f951dda-4ed3-4680-a7ca-43fe172d538d",
            "role_definition_name": "AcrPull",
            "scope": "/subscriptions/b2af20ad-98fa-4aa7-94c3-059663641d9f/resourceGroups/rg-prod-aks101-eus2-001/providers/Microsoft.ContainerRegistry/registries/acrprodaks101eus214b",
            "skip_service_principal_aad_check": null,
            "timeouts": null
          },
          "sensitive_attributes": [],
          "identity_schema_version": 0,
          "private": "eyJlMmJmYjczMC1lY2FhLTExZTYtOGY4OC0zNDM2M2JjN2M0YzAiOnsiY3JlYXRlIjoxODAwMDAwMDAwMDAwLCJkZWxldGUiOjE4MDAwMDAwMDAwMDAsInJlYWQiOjMwMDAwMDAwMDAwMH19",
          "dependencies": [
            "azurerm_container_registry.main",
            "azurerm_kubernetes_cluster.main",
            "azurerm_log_analytics_workspace.main",
            "azurerm_resource_group.main",
            "azurerm_subnet.aks",
            "azurerm_virtual_network.main",
            "random_string.suffix"
          ]
        }
      ]
    },
    {
      "mode": "managed",
      "type": "azurerm_role_assignment",
      "name": "app_gateway_key_vault",
      "provider": "provider[\"registry.terraform.io/hashicorp/azurerm\"]",
      "instances": [
        {
          "schema_version": 0,
          "attributes": {
            "condition": "",
            "condition_version": "",
            "delegated_managed_identity_resource_id": "",
            "description": "",
            "id": "/subscriptions/b2af20ad-98fa-4aa7-94c3-059663641d9f/resourceGroups/rg-prod-aks101-eus2-001/providers/Microsoft.KeyVault/vaults/kv-prod-aks101-eus2-14b/providers/Microsoft.Authorization/roleAssignments/bcabcda3-1bc4-a896-b026-9755f1aecb79",
            "name": "bcabcda3-1bc4-a896-b026-9755f1aecb79",
            "principal_id": "5d0b948e-7ad7-4e1d-bd70-63d5df58fb2d",
            "principal_type": "ServicePrincipal",
            "role_definition_id": "/subscriptions/b2af20ad-98fa-4aa7-94c3-059663641d9f/providers/Microsoft.Authorization/roleDefinitions/4633458b-17de-408a-b874-0445c86b69e6",
            "role_definition_name": "Key Vault Secrets User",
            "scope": "/subscriptions/b2af20ad-98fa-4aa7-94c3-059663641d9f/resourceGroups/rg-prod-aks101-eus2-001/providers/Microsoft.KeyVault/vaults/kv-prod-aks101-eus2-14b",
            "skip_service_principal_aad_check": null,
            "timeouts": null
          },
          "sensitive_attributes": [],
          "identity_schema_version": 0,
          "private": "eyJlMmJmYjczMC1lY2FhLTExZTYtOGY4OC0zNDM2M2JjN2M0YzAiOnsiY3JlYXRlIjoxODAwMDAwMDAwMDAwLCJkZWxldGUiOjE4MDAwMDAwMDAwMDAsInJlYWQiOjMwMDAwMDAwMDAwMH19",
          "dependencies": [
            "azurerm_key_vault.main",
            "azurerm_resource_group.main",
            "azurerm_user_assigned_identity.app_gateway",
            "data.azurerm_client_config.current",
            "random_string.suffix"
          ]
        }
      ]
    },
    {
      "mode": "managed",
      "type": "azurerm_role_assignment",
      "name": "current_user_key_vault_admin",
      "provider": "provider[\"registry.terraform.io/hashicorp/azurerm\"]",
      "instances": [
        {
          "schema_version": 0,
          "attributes": {
            "condition": "",
            "condition_version": "",
            "delegated_managed_identity_resource_id": "",
            "description": "",
            "id": "/subscriptions/b2af20ad-98fa-4aa7-94c3-059663641d9f/resourceGroups/rg-prod-aks101-eus2-001/providers/Microsoft.KeyVault/vaults/kv-prod-aks101-eus2-14b/providers/Microsoft.Authorization/roleAssignments/12e902a8-ad9c-a074-0a65-fcc6b97b1e8b",
            "name": "12e902a8-ad9c-a074-0a65-fcc6b97b1e8b",
            "principal_id": "c64dabd5-242b-481b-ac5d-92be5c683e9f",
            "principal_type": "User",
            "role_definition_id": "/subscriptions/b2af20ad-98fa-4aa7-94c3-059663641d9f/providers/Microsoft.Authorization/roleDefinitions/00482a5a-887f-4fb3-b363-3b7fe8e74483",
            "role_definition_name": "Key Vault Administrator",
            "scope": "/subscriptions/b2af20ad-98fa-4aa7-94c3-059663641d9f/resourceGroups/rg-prod-aks101-eus2-001/providers/Microsoft.KeyVault/vaults/kv-prod-aks101-eus2-14b",
            "skip_service_principal_aad_check": null,
            "timeouts": null
          },
          "sensitive_attributes": [],
          "identity_schema_version": 0,
          "private": "eyJlMmJmYjczMC1lY2FhLTExZTYtOGY4OC0zNDM2M2JjN2M0YzAiOnsiY3JlYXRlIjoxODAwMDAwMDAwMDAwLCJkZWxldGUiOjE4MDAwMDAwMDAwMDAsInJlYWQiOjMwMDAwMDAwMDAwMH19",
          "dependencies": [
            "azurerm_key_vault.main",
            "azurerm_resource_group.main",
            "data.azurerm_client_config.current",
            "random_string.suffix"
          ]
        }
      ]
    },
    {
      "mode": "managed",
      "type": "azurerm_role_assignment",
      "name": "workload_identity_key_vault",
      "provider": "provider[\"registry.terraform.io/hashicorp/azurerm\"]",
      "instances": [
        {
          "schema_version": 0,
          "attributes": {
            "condition": "",
            "condition_version": "",
            "delegated_managed_identity_resource_id": "",
            "description": "",
            "id": "/subscriptions/b2af20ad-98fa-4aa7-94c3-059663641d9f/resourceGroups/rg-prod-aks101-eus2-001/providers/Microsoft.KeyVault/vaults/kv-prod-aks101-eus2-14b/providers/Microsoft.Authorization/roleAssignments/ec658347-9810-a779-6fe0-b72896092966",
            "name": "ec658347-9810-a779-6fe0-b72896092966",
            "principal_id": "de7c287f-75da-4c99-b23b-867852cc99df",
            "principal_type": "ServicePrincipal",
            "role_definition_id": "/subscriptions/b2af20ad-98fa-4aa7-94c3-059663641d9f/providers/Microsoft.Authorization/roleDefinitions/4633458b-17de-408a-b874-0445c86b69e6",
            "role_definition_name": "Key Vault Secrets User",
            "scope": "/subscriptions/b2af20ad-98fa-4aa7-94c3-059663641d9f/resourceGroups/rg-prod-aks101-eus2-001/providers/Microsoft.KeyVault/vaults/kv-prod-aks101-eus2-14b",
            "skip_service_principal_aad_check": null,
            "timeouts": null
          },
          "sensitive_attributes": [],
          "identity_schema_version": 0,
          "private": "eyJlMmJmYjczMC1lY2FhLTExZTYtOGY4OC0zNDM2M2JjN2M0YzAiOnsiY3JlYXRlIjoxODAwMDAwMDAwMDAwLCJkZWxldGUiOjE4MDAwMDAwMDAwMDAsInJlYWQiOjMwMDAwMDAwMDAwMH19",
          "dependencies": [
            "azurerm_key_vault.main",
            "azurerm_resource_group.main",
            "azurerm_user_assigned_identity.workload_identity",
            "data.azurerm_client_config.current",
            "random_string.suffix"
          ]
        }
      ]
    },
    {
      "mode": "managed",
      "type": "azurerm_role_assignment",
      "name": "workload_identity_sql",
      "provider": "provider[\"registry.terraform.io/hashicorp/azurerm\"]",
      "instances": [
        {
          "schema_version": 0,
          "attributes": {
            "condition": "",
            "condition_version": "",
            "delegated_managed_identity_resource_id": "",
            "description": "",
            "id": "/subscriptions/b2af20ad-98fa-4aa7-94c3-059663641d9f/resourceGroups/rg-prod-aks101-eus2-001/providers/Microsoft.Sql/servers/sql-main-prod-eus2-14b/databases/sqldb-app-prod-eus2/providers/Microsoft.Authorization/roleAssignments/92ea92ab-4a25-8fc8-e443-2426829f1a28",
            "name": "92ea92ab-4a25-8fc8-e443-2426829f1a28",
            "principal_id": "de7c287f-75da-4c99-b23b-867852cc99df",
            "principal_type": "ServicePrincipal",
            "role_definition_id": "/subscriptions/b2af20ad-98fa-4aa7-94c3-059663641d9f/providers/Microsoft.Authorization/roleDefinitions/9b7fa17d-e63e-47b0-bb0a-15c516ac86ec",
            "role_definition_name": "SQL DB Contributor",
            "scope": "/subscriptions/b2af20ad-98fa-4aa7-94c3-059663641d9f/resourceGroups/rg-prod-aks101-eus2-001/providers/Microsoft.Sql/servers/sql-main-prod-eus2-14b/databases/sqldb-app-prod-eus2",
            "skip_service_principal_aad_check": null,
            "timeouts": null
          },
          "sensitive_attributes": [],
          "identity_schema_version": 0,
          "private": "eyJlMmJmYjczMC1lY2FhLTExZTYtOGY4OC0zNDM2M2JjN2M0YzAiOnsiY3JlYXRlIjoxODAwMDAwMDAwMDAwLCJkZWxldGUiOjE4MDAwMDAwMDAwMDAsInJlYWQiOjMwMDAwMDAwMDAwMH19",
          "dependencies": [
            "azurerm_mssql_database.main",
            "azurerm_mssql_server.main",
            "azurerm_resource_group.main",
            "azurerm_user_assigned_identity.workload_identity",
            "random_string.suffix"
          ]
        }
      ]
    },
    {
      "mode": "managed",
      "type": "azurerm_role_assignment",
      "name": "workload_identity_storage",
      "provider": "provider[\"registry.terraform.io/hashicorp/azurerm\"]",
      "instances": [
        {
          "schema_version": 0,
          "attributes": {
            "condition": "",
            "condition_version": "",
            "delegated_managed_identity_resource_id": "",
            "description": "",
            "id": "/subscriptions/b2af20ad-98fa-4aa7-94c3-059663641d9f/resourceGroups/rg-prod-aks101-eus2-001/providers/Microsoft.Storage/storageAccounts/stprodaks101eus214b/providers/Microsoft.Authorization/roleAssignments/17d4cc24-deea-d68a-debc-303f1ea9fac1",
            "name": "17d4cc24-deea-d68a-debc-303f1ea9fac1",
            "principal_id": "de7c287f-75da-4c99-b23b-867852cc99df",
            "principal_type": "ServicePrincipal",
            "role_definition_id": "/subscriptions/b2af20ad-98fa-4aa7-94c3-059663641d9f/providers/Microsoft.Authorization/roleDefinitions/ba92f5b4-2d11-453d-a403-e96b0029c9fe",
            "role_definition_name": "Storage Blob Data Contributor",
            "scope": "/subscriptions/b2af20ad-98fa-4aa7-94c3-059663641d9f/resourceGroups/rg-prod-aks101-eus2-001/providers/Microsoft.Storage/storageAccounts/stprodaks101eus214b",
            "skip_service_principal_aad_check": null,
            "timeouts": null
          },
          "sensitive_attributes": [],
          "identity_schema_version": 0,
          "private": "eyJlMmJmYjczMC1lY2FhLTExZTYtOGY4OC0zNDM2M2JjN2M0YzAiOnsiY3JlYXRlIjoxODAwMDAwMDAwMDAwLCJkZWxldGUiOjE4MDAwMDAwMDAwMDAsInJlYWQiOjMwMDAwMDAwMDAwMH19",
          "dependencies": [
            "azurerm_resource_group.main",
            "azurerm_storage_account.main",
            "azurerm_user_assigned_identity.workload_identity",
            "random_string.suffix"
          ]
        }
      ]
    },
    {
      "mode": "managed",
      "type": "azurerm_route_table",
      "name": "aks_routes",
      "provider": "provider[\"registry.terraform.io/hashicorp/azurerm\"]",
      "instances": [
        {
          "schema_version": 0,
          "attributes": {
            "bgp_route_propagation_enabled": true,
            "id": "/subscriptions/b2af20ad-98fa-4aa7-94c3-059663641d9f/resourceGroups/rg-prod-aks101-eus2-001/providers/Microsoft.Network/routeTables/rt-fw-prod-eus2-001",
            "location": "eastus2",
            "name": "rt-fw-prod-eus2-001",
            "resource_group_name": "rg-prod-aks101-eus2-001",
            "route": [
              {
                "address_prefix": "0.0.0.0/0",
                "name": "default-via-firewall",
                "next_hop_in_ip_address": "10.240.2.4",
                "next_hop_type": "VirtualAppliance"
              }
            ],
            "subnets": [
              "/subscriptions/b2af20ad-98fa-4aa7-94c3-059663641d9f/resourceGroups/rg-prod-aks101-eus2-001/providers/Microsoft.Network/virtualNetworks/vnet-prod-aks101-eus2-001/subnets/snet-aks-prod-eus2-001"
            ],
            "tags": {
              "Demo": "true",
              "Environment": "prod",
              "Location": "East US 2",
              "ManagedBy": "terraform",
              "Owner": "anbossar",
              "Project": "aks101"
            },
            "timeouts": null
          },
          "sensitive_attributes": [],
          "identity_schema_version": 0,
          "identity": {
            "name": "rt-fw-prod-eus2-001",
            "resource_group_name": "rg-prod-aks101-eus2-001",
            "subscription_id": "b2af20ad-98fa-4aa7-94c3-059663641d9f"
          },
          "private": "eyJlMmJmYjczMC1lY2FhLTExZTYtOGY4OC0zNDM2M2JjN2M0YzAiOnsiY3JlYXRlIjoxODAwMDAwMDAwMDAwLCJkZWxldGUiOjE4MDAwMDAwMDAwMDAsInJlYWQiOjMwMDAwMDAwMDAwMCwidXBkYXRlIjoxODAwMDAwMDAwMDAwfX0=",
          "dependencies": [
            "azurerm_firewall.main",
            "azurerm_firewall_policy.main",
            "azurerm_public_ip.firewall",
            "azurerm_resource_group.main",
            "azurerm_subnet.firewall",
            "azurerm_virtual_network.main"
          ]
        }
      ]
    },
    {
      "mode": "managed",
      "type": "azurerm_storage_account",
      "name": "main",
      "provider": "provider[\"registry.terraform.io/hashicorp/azurerm\"]",
      "instances": [
        {
          "schema_version": 4,
          "attributes": {
            "access_tier": "Hot",
            "account_kind": "StorageV2",
            "account_replication_type": "LRS",
            "account_tier": "Standard",
            "allow_nested_items_to_be_public": true,
            "allowed_copy_scope": "",
            "azure_files_authentication": [],
            "blob_properties": [
              {
                "change_feed_enabled": false,
                "change_feed_retention_in_days": 0,
                "container_delete_retention_policy": [
                  {
                    "days": 7
                  }
                ],
                "cors_rule": [],
                "default_service_version": "",
                "delete_retention_policy": [
                  {
                    "days": 7,
                    "permanent_delete_enabled": false
                  }
                ],
                "last_access_time_enabled": false,
                "restore_policy": [],
                "versioning_enabled": false
              }
            ],
            "cross_tenant_replication_enabled": false,
            "custom_domain": [],
            "customer_managed_key": [],
            "default_to_oauth_authentication": false,
            "dns_endpoint_type": "Standard",
            "edge_zone": "",
            "https_traffic_only_enabled": true,
            "id": "/subscriptions/b2af20ad-98fa-4aa7-94c3-059663641d9f/resourceGroups/rg-prod-aks101-eus2-001/providers/Microsoft.Storage/storageAccounts/stprodaks101eus214b",
            "identity": [],
            "immutability_policy": [],
            "infrastructure_encryption_enabled": false,
            "is_hns_enabled": true,
            "large_file_share_enabled": false,
            "local_user_enabled": true,
            "location": "eastus2",
            "min_tls_version": "TLS1_2",
            "name": "stprodaks101eus214b",
            "network_rules": [
              {
                "bypass": [
                  "AzureServices"
                ],
                "default_action": "Deny",
                "ip_rules": [],
                "private_link_access": [],
                "virtual_network_subnet_ids": []
              }
            ],
            "nfsv3_enabled": false,
            "primary_access_key": "3wIfgwBrjtZucpmAa+wxWuORdiGznAcEPgNlGUmzhK8R7RC/+aBa/78FMPWh3e1aZui6ljRvtIAn+AStlFe33A==",
            "primary_blob_connection_string": "DefaultEndpointsProtocol=https;BlobEndpoint=https://stprodaks101eus214b.blob.core.windows.net/;AccountName=stprodaks101eus214b;AccountKey=3wIfgwBrjtZucpmAa+wxWuORdiGznAcEPgNlGUmzhK8R7RC/+aBa/78FMPWh3e1aZui6ljRvtIAn+AStlFe33A==",
            "primary_blob_endpoint": "https://stprodaks101eus214b.blob.core.windows.net/",
            "primary_blob_host": "stprodaks101eus214b.blob.core.windows.net",
            "primary_blob_internet_endpoint": "",
            "primary_blob_internet_host": "",
            "primary_blob_microsoft_endpoint": "",
            "primary_blob_microsoft_host": "",
            "primary_connection_string": "DefaultEndpointsProtocol=https;AccountName=stprodaks101eus214b;AccountKey=3wIfgwBrjtZucpmAa+wxWuORdiGznAcEPgNlGUmzhK8R7RC/+aBa/78FMPWh3e1aZui6ljRvtIAn+AStlFe33A==;EndpointSuffix=core.windows.net",
            "primary_dfs_endpoint": "https://stprodaks101eus214b.dfs.core.windows.net/",
            "primary_dfs_host": "stprodaks101eus214b.dfs.core.windows.net",
            "primary_dfs_internet_endpoint": "",
            "primary_dfs_internet_host": "",
            "primary_dfs_microsoft_endpoint": "",
            "primary_dfs_microsoft_host": "",
            "primary_file_endpoint": "https://stprodaks101eus214b.file.core.windows.net/",
            "primary_file_host": "stprodaks101eus214b.file.core.windows.net",
            "primary_file_internet_endpoint": "",
            "primary_file_internet_host": "",
            "primary_file_microsoft_endpoint": "",
            "primary_file_microsoft_host": "",
            "primary_location": "eastus2",
            "primary_queue_endpoint": "https://stprodaks101eus214b.queue.core.windows.net/",
            "primary_queue_host": "stprodaks101eus214b.queue.core.windows.net",
            "primary_queue_microsoft_endpoint": "",
            "primary_queue_microsoft_host": "",
            "primary_table_endpoint": "https://stprodaks101eus214b.table.core.windows.net/",
            "primary_table_host": "stprodaks101eus214b.table.core.windows.net",
            "primary_table_microsoft_endpoint": "",
            "primary_table_microsoft_host": "",
            "primary_web_endpoint": "https://stprodaks101eus214b.z20.web.core.windows.net/",
            "primary_web_host": "stprodaks101eus214b.z20.web.core.windows.net",
            "primary_web_internet_endpoint": "",
            "primary_web_internet_host": "",
            "primary_web_microsoft_endpoint": "",
            "primary_web_microsoft_host": "",
            "provisioned_billing_model_version": "",
            "public_network_access_enabled": false,
            "queue_encryption_key_type": "Service",
            "queue_properties": [
              {
                "cors_rule": [],
                "hour_metrics": [
                  {
                    "enabled": false,
                    "include_apis": false,
                    "retention_policy_days": 0,
                    "version": "1.0"
                  }
                ],
                "logging": [
                  {
                    "delete": false,
                    "read": false,
                    "retention_policy_days": 0,
                    "version": "1.0",
                    "write": false
                  }
                ],
                "minute_metrics": [
                  {
                    "enabled": false,
                    "include_apis": false,
                    "retention_policy_days": 0,
                    "version": "1.0"
                  }
                ]
              }
            ],
            "resource_group_name": "rg-prod-aks101-eus2-001",
            "routing": [],
            "sas_policy": [],
            "secondary_access_key": "XMHB0YNONBoTVbZ9lWTS07JbIU1RFREMU94EFg3L0kg3hVb3GpE5MapTnhrYR7C5LCF/wILQeXiG+ASt6WEoJA==",
            "secondary_blob_connection_string": "",
            "secondary_blob_endpoint": "",
            "secondary_blob_host": "",
            "secondary_blob_internet_endpoint": "",
            "secondary_blob_internet_host": "",
            "secondary_blob_microsoft_endpoint": "",
            "secondary_blob_microsoft_host": "",
            "secondary_connection_string": "DefaultEndpointsProtocol=https;AccountName=stprodaks101eus214b;AccountKey=XMHB0YNONBoTVbZ9lWTS07JbIU1RFREMU94EFg3L0kg3hVb3GpE5MapTnhrYR7C5LCF/wILQeXiG+ASt6WEoJA==;EndpointSuffix=core.windows.net",
            "secondary_dfs_endpoint": "",
            "secondary_dfs_host": "",
            "secondary_dfs_internet_endpoint": "",
            "secondary_dfs_internet_host": "",
            "secondary_dfs_microsoft_endpoint": "",
            "secondary_dfs_microsoft_host": "",
            "secondary_file_endpoint": "",
            "secondary_file_host": "",
            "secondary_file_internet_endpoint": "",
            "secondary_file_internet_host": "",
            "secondary_file_microsoft_endpoint": "",
            "secondary_file_microsoft_host": "",
            "secondary_location": "",
            "secondary_queue_endpoint": "",
            "secondary_queue_host": "",
            "secondary_queue_microsoft_endpoint": "",
            "secondary_queue_microsoft_host": "",
            "secondary_table_endpoint": "",
            "secondary_table_host": "",
            "secondary_table_microsoft_endpoint": "",
            "secondary_table_microsoft_host": "",
            "secondary_web_endpoint": "",
            "secondary_web_host": "",
            "secondary_web_internet_endpoint": "",
            "secondary_web_internet_host": "",
            "secondary_web_microsoft_endpoint": "",
            "secondary_web_microsoft_host": "",
            "sftp_enabled": false,
            "share_properties": [
              {
                "cors_rule": [],
                "retention_policy": [
                  {
                    "days": 7
                  }
                ],
                "smb": []
              }
            ],
            "shared_access_key_enabled": true,
            "static_website": [],
            "table_encryption_key_type": "Service",
            "tags": {
              "Demo": "true",
              "Environment": "prod",
              "Location": "East US 2",
              "ManagedBy": "terraform",
              "Owner": "anbossar",
              "Project": "aks101"
            },
            "timeouts": null
          },
          "sensitive_attributes": [
            [
              {
                "type": "get_attr",
                "value": "primary_access_key"
              }
            ],
            [
              {
                "type": "get_attr",
                "value": "primary_blob_connection_string"
              }
            ],
            [
              {
                "type": "get_attr",
                "value": "primary_connection_string"
              }
            ],
            [
              {
                "type": "get_attr",
                "value": "secondary_access_key"
              }
            ],
            [
              {
                "type": "get_attr",
                "value": "secondary_blob_connection_string"
              }
            ],
            [
              {
                "type": "get_attr",
                "value": "secondary_connection_string"
              }
            ]
          ],
          "identity_schema_version": 0,
          "identity": {
            "name": "stprodaks101eus214b",
            "resource_group_name": "rg-prod-aks101-eus2-001",
            "subscription_id": "b2af20ad-98fa-4aa7-94c3-059663641d9f"
          },
          "private": "eyJlMmJmYjczMC1lY2FhLTExZTYtOGY4OC0zNDM2M2JjN2M0YzAiOnsiY3JlYXRlIjozNjAwMDAwMDAwMDAwLCJkZWxldGUiOjM2MDAwMDAwMDAwMDAsInJlYWQiOjMwMDAwMDAwMDAwMCwidXBkYXRlIjozNjAwMDAwMDAwMDAwfSwic2NoZW1hX3ZlcnNpb24iOiI0In0=",
          "dependencies": [
            "azurerm_resource_group.main",
            "random_string.suffix"
          ]
        }
      ]
    },
    {
      "mode": "managed",
      "type": "azurerm_subnet",
      "name": "aks",
      "provider": "provider[\"registry.terraform.io/hashicorp/azurerm\"]",
      "instances": [
        {
          "schema_version": 0,
          "attributes": {
            "address_prefixes": [
              "10.240.0.0/24"
            ],
            "default_outbound_access_enabled": true,
            "delegation": [],
            "id": "/subscriptions/b2af20ad-98fa-4aa7-94c3-059663641d9f/resourceGroups/rg-prod-aks101-eus2-001/providers/Microsoft.Network/virtualNetworks/vnet-prod-aks101-eus2-001/subnets/snet-aks-prod-eus2-001",
            "name": "snet-aks-prod-eus2-001",
            "private_endpoint_network_policies": "Enabled",
            "private_link_service_network_policies_enabled": true,
            "resource_group_name": "rg-prod-aks101-eus2-001",
            "service_endpoint_policy_ids": [],
            "service_endpoints": [],
            "timeouts": null,
            "virtual_network_name": "vnet-prod-aks101-eus2-001"
          },
          "sensitive_attributes": [],
          "identity_schema_version": 0,
          "identity": {
            "name": "snet-aks-prod-eus2-001",
            "resource_group_name": "rg-prod-aks101-eus2-001",
            "subscription_id": "b2af20ad-98fa-4aa7-94c3-059663641d9f",
            "virtual_network_name": "vnet-prod-aks101-eus2-001"
          },
          "private": "eyJlMmJmYjczMC1lY2FhLTExZTYtOGY4OC0zNDM2M2JjN2M0YzAiOnsiY3JlYXRlIjoxODAwMDAwMDAwMDAwLCJkZWxldGUiOjE4MDAwMDAwMDAwMDAsInJlYWQiOjMwMDAwMDAwMDAwMCwidXBkYXRlIjoxODAwMDAwMDAwMDAwfX0=",
          "dependencies": [
            "azurerm_resource_group.main",
            "azurerm_virtual_network.main"
          ]
        }
      ]
    },
    {
      "mode": "managed",
      "type": "azurerm_subnet",
      "name": "app_gateway",
      "provider": "provider[\"registry.terraform.io/hashicorp/azurerm\"]",
      "instances": [
        {
          "schema_version": 0,
          "attributes": {
            "address_prefixes": [
              "10.240.1.0/24"
            ],
            "default_outbound_access_enabled": true,
            "delegation": [],
            "id": "/subscriptions/b2af20ad-98fa-4aa7-94c3-059663641d9f/resourceGroups/rg-prod-aks101-eus2-001/providers/Microsoft.Network/virtualNetworks/vnet-prod-aks101-eus2-001/subnets/snet-agw-prod-eus2-001",
            "name": "snet-agw-prod-eus2-001",
            "private_endpoint_network_policies": "Enabled",
            "private_link_service_network_policies_enabled": true,
            "resource_group_name": "rg-prod-aks101-eus2-001",
            "service_endpoint_policy_ids": [],
            "service_endpoints": [],
            "timeouts": null,
            "virtual_network_name": "vnet-prod-aks101-eus2-001"
          },
          "sensitive_attributes": [],
          "identity_schema_version": 0,
          "identity": {
            "name": "snet-agw-prod-eus2-001",
            "resource_group_name": "rg-prod-aks101-eus2-001",
            "subscription_id": "b2af20ad-98fa-4aa7-94c3-059663641d9f",
            "virtual_network_name": "vnet-prod-aks101-eus2-001"
          },
          "private": "eyJlMmJmYjczMC1lY2FhLTExZTYtOGY4OC0zNDM2M2JjN2M0YzAiOnsiY3JlYXRlIjoxODAwMDAwMDAwMDAwLCJkZWxldGUiOjE4MDAwMDAwMDAwMDAsInJlYWQiOjMwMDAwMDAwMDAwMCwidXBkYXRlIjoxODAwMDAwMDAwMDAwfX0=",
          "dependencies": [
            "azurerm_resource_group.main",
            "azurerm_virtual_network.main"
          ]
        }
      ]
    },
    {
      "mode": "managed",
      "type": "azurerm_subnet",
      "name": "firewall",
      "provider": "provider[\"registry.terraform.io/hashicorp/azurerm\"]",
      "instances": [
        {
          "schema_version": 0,
          "attributes": {
            "address_prefixes": [
              "10.240.2.0/24"
            ],
            "default_outbound_access_enabled": true,
            "delegation": [],
            "id": "/subscriptions/b2af20ad-98fa-4aa7-94c3-059663641d9f/resourceGroups/rg-prod-aks101-eus2-001/providers/Microsoft.Network/virtualNetworks/vnet-prod-aks101-eus2-001/subnets/AzureFirewallSubnet",
            "name": "AzureFirewallSubnet",
            "private_endpoint_network_policies": "Enabled",
            "private_link_service_network_policies_enabled": true,
            "resource_group_name": "rg-prod-aks101-eus2-001",
            "service_endpoint_policy_ids": [],
            "service_endpoints": [],
            "timeouts": null,
            "virtual_network_name": "vnet-prod-aks101-eus2-001"
          },
          "sensitive_attributes": [],
          "identity_schema_version": 0,
          "identity": {
            "name": "AzureFirewallSubnet",
            "resource_group_name": "rg-prod-aks101-eus2-001",
            "subscription_id": "b2af20ad-98fa-4aa7-94c3-059663641d9f",
            "virtual_network_name": "vnet-prod-aks101-eus2-001"
          },
          "private": "eyJlMmJmYjczMC1lY2FhLTExZTYtOGY4OC0zNDM2M2JjN2M0YzAiOnsiY3JlYXRlIjoxODAwMDAwMDAwMDAwLCJkZWxldGUiOjE4MDAwMDAwMDAwMDAsInJlYWQiOjMwMDAwMDAwMDAwMCwidXBkYXRlIjoxODAwMDAwMDAwMDAwfX0=",
          "dependencies": [
            "azurerm_resource_group.main",
            "azurerm_virtual_network.main"
          ]
        }
      ]
    },
    {
      "mode": "managed",
      "type": "azurerm_subnet",
      "name": "private_endpoints",
      "provider": "provider[\"registry.terraform.io/hashicorp/azurerm\"]",
      "instances": [
        {
          "schema_version": 0,
          "attributes": {
            "address_prefixes": [
              "10.240.3.0/24"
            ],
            "default_outbound_access_enabled": true,
            "delegation": [],
            "id": "/subscriptions/b2af20ad-98fa-4aa7-94c3-059663641d9f/resourceGroups/rg-prod-aks101-eus2-001/providers/Microsoft.Network/virtualNetworks/vnet-prod-aks101-eus2-001/subnets/snet-pe-prod-eus2-001",
            "name": "snet-pe-prod-eus2-001",
            "private_endpoint_network_policies": "Disabled",
            "private_link_service_network_policies_enabled": true,
            "resource_group_name": "rg-prod-aks101-eus2-001",
            "service_endpoint_policy_ids": [],
            "service_endpoints": [],
            "timeouts": null,
            "virtual_network_name": "vnet-prod-aks101-eus2-001"
          },
          "sensitive_attributes": [],
          "identity_schema_version": 0,
          "identity": {
            "name": "snet-pe-prod-eus2-001",
            "resource_group_name": "rg-prod-aks101-eus2-001",
            "subscription_id": "b2af20ad-98fa-4aa7-94c3-059663641d9f",
            "virtual_network_name": "vnet-prod-aks101-eus2-001"
          },
          "private": "eyJlMmJmYjczMC1lY2FhLTExZTYtOGY4OC0zNDM2M2JjN2M0YzAiOnsiY3JlYXRlIjoxODAwMDAwMDAwMDAwLCJkZWxldGUiOjE4MDAwMDAwMDAwMDAsInJlYWQiOjMwMDAwMDAwMDAwMCwidXBkYXRlIjoxODAwMDAwMDAwMDAwfX0=",
          "dependencies": [
            "azurerm_resource_group.main",
            "azurerm_virtual_network.main"
          ]
        }
      ]
    },
    {
      "mode": "managed",
      "type": "azurerm_subnet_network_security_group_association",
      "name": "aks",
      "provider": "provider[\"registry.terraform.io/hashicorp/azurerm\"]",
      "instances": [
        {
          "schema_version": 0,
          "attributes": {
            "id": "/subscriptions/b2af20ad-98fa-4aa7-94c3-059663641d9f/resourceGroups/rg-prod-aks101-eus2-001/providers/Microsoft.Network/virtualNetworks/vnet-prod-aks101-eus2-001/subnets/snet-aks-prod-eus2-001",
            "network_security_group_id": "/subscriptions/b2af20ad-98fa-4aa7-94c3-059663641d9f/resourceGroups/rg-prod-aks101-eus2-001/providers/Microsoft.Network/networkSecurityGroups/nsg-aks-prod-eus2-001",
            "subnet_id": "/subscriptions/b2af20ad-98fa-4aa7-94c3-059663641d9f/resourceGroups/rg-prod-aks101-eus2-001/providers/Microsoft.Network/virtualNetworks/vnet-prod-aks101-eus2-001/subnets/snet-aks-prod-eus2-001",
            "timeouts": null
          },
          "sensitive_attributes": [],
          "identity_schema_version": 0,
          "private": "eyJlMmJmYjczMC1lY2FhLTExZTYtOGY4OC0zNDM2M2JjN2M0YzAiOnsiY3JlYXRlIjoxODAwMDAwMDAwMDAwLCJkZWxldGUiOjE4MDAwMDAwMDAwMDAsInJlYWQiOjMwMDAwMDAwMDAwMH19",
          "dependencies": [
            "azurerm_network_security_group.aks",
            "azurerm_resource_group.main",
            "azurerm_subnet.aks",
            "azurerm_virtual_network.main"
          ]
        }
      ]
    },
    {
      "mode": "managed",
      "type": "azurerm_subnet_network_security_group_association",
      "name": "app_gateway",
      "provider": "provider[\"registry.terraform.io/hashicorp/azurerm\"]",
      "instances": [
        {
          "schema_version": 0,
          "attributes": {
            "id": "/subscriptions/b2af20ad-98fa-4aa7-94c3-059663641d9f/resourceGroups/rg-prod-aks101-eus2-001/providers/Microsoft.Network/virtualNetworks/vnet-prod-aks101-eus2-001/subnets/snet-agw-prod-eus2-001",
            "network_security_group_id": "/subscriptions/b2af20ad-98fa-4aa7-94c3-059663641d9f/resourceGroups/rg-prod-aks101-eus2-001/providers/Microsoft.Network/networkSecurityGroups/nsg-agw-prod-eus2-001",
            "subnet_id": "/subscriptions/b2af20ad-98fa-4aa7-94c3-059663641d9f/resourceGroups/rg-prod-aks101-eus2-001/providers/Microsoft.Network/virtualNetworks/vnet-prod-aks101-eus2-001/subnets/snet-agw-prod-eus2-001",
            "timeouts": null
          },
          "sensitive_attributes": [],
          "identity_schema_version": 0,
          "private": "eyJlMmJmYjczMC1lY2FhLTExZTYtOGY4OC0zNDM2M2JjN2M0YzAiOnsiY3JlYXRlIjoxODAwMDAwMDAwMDAwLCJkZWxldGUiOjE4MDAwMDAwMDAwMDAsInJlYWQiOjMwMDAwMDAwMDAwMH19",
          "dependencies": [
            "azurerm_network_security_group.app_gateway",
            "azurerm_resource_group.main",
            "azurerm_subnet.app_gateway",
            "azurerm_virtual_network.main"
          ]
        }
      ]
    },
    {
      "mode": "managed",
      "type": "azurerm_subnet_network_security_group_association",
      "name": "private_endpoints",
      "provider": "provider[\"registry.terraform.io/hashicorp/azurerm\"]",
      "instances": [
        {
          "schema_version": 0,
          "attributes": {
            "id": "/subscriptions/b2af20ad-98fa-4aa7-94c3-059663641d9f/resourceGroups/rg-prod-aks101-eus2-001/providers/Microsoft.Network/virtualNetworks/vnet-prod-aks101-eus2-001/subnets/snet-pe-prod-eus2-001",
            "network_security_group_id": "/subscriptions/b2af20ad-98fa-4aa7-94c3-059663641d9f/resourceGroups/rg-prod-aks101-eus2-001/providers/Microsoft.Network/networkSecurityGroups/nsg-pe-prod-eus2-001",
            "subnet_id": "/subscriptions/b2af20ad-98fa-4aa7-94c3-059663641d9f/resourceGroups/rg-prod-aks101-eus2-001/providers/Microsoft.Network/virtualNetworks/vnet-prod-aks101-eus2-001/subnets/snet-pe-prod-eus2-001",
            "timeouts": null
          },
          "sensitive_attributes": [],
          "identity_schema_version": 0,
          "private": "eyJlMmJmYjczMC1lY2FhLTExZTYtOGY4OC0zNDM2M2JjN2M0YzAiOnsiY3JlYXRlIjoxODAwMDAwMDAwMDAwLCJkZWxldGUiOjE4MDAwMDAwMDAwMDAsInJlYWQiOjMwMDAwMDAwMDAwMH19",
          "dependencies": [
            "azurerm_network_security_group.private_endpoints",
            "azurerm_resource_group.main",
            "azurerm_subnet.private_endpoints",
            "azurerm_virtual_network.main"
          ]
        }
      ]
    },
    {
      "mode": "managed",
      "type": "azurerm_subnet_route_table_association",
      "name": "aks_routes",
      "provider": "provider[\"registry.terraform.io/hashicorp/azurerm\"]",
      "instances": [
        {
          "schema_version": 0,
          "attributes": {
            "id": "/subscriptions/b2af20ad-98fa-4aa7-94c3-059663641d9f/resourceGroups/rg-prod-aks101-eus2-001/providers/Microsoft.Network/virtualNetworks/vnet-prod-aks101-eus2-001/subnets/snet-aks-prod-eus2-001",
            "route_table_id": "/subscriptions/b2af20ad-98fa-4aa7-94c3-059663641d9f/resourceGroups/rg-prod-aks101-eus2-001/providers/Microsoft.Network/routeTables/rt-fw-prod-eus2-001",
            "subnet_id": "/subscriptions/b2af20ad-98fa-4aa7-94c3-059663641d9f/resourceGroups/rg-prod-aks101-eus2-001/providers/Microsoft.Network/virtualNetworks/vnet-prod-aks101-eus2-001/subnets/snet-aks-prod-eus2-001",
            "timeouts": null
          },
          "sensitive_attributes": [],
          "identity_schema_version": 0,
          "private": "eyJlMmJmYjczMC1lY2FhLTExZTYtOGY4OC0zNDM2M2JjN2M0YzAiOnsiY3JlYXRlIjoxODAwMDAwMDAwMDAwLCJkZWxldGUiOjE4MDAwMDAwMDAwMDAsInJlYWQiOjMwMDAwMDAwMDAwMH19",
          "dependencies": [
            "azurerm_firewall.main",
            "azurerm_firewall_policy.main",
            "azurerm_public_ip.firewall",
            "azurerm_resource_group.main",
            "azurerm_route_table.aks_routes",
            "azurerm_subnet.aks",
            "azurerm_subnet.firewall",
            "azurerm_virtual_network.main"
          ]
        }
      ]
    },
    {
      "mode": "managed",
      "type": "azurerm_user_assigned_identity",
      "name": "app_gateway",
      "provider": "provider[\"registry.terraform.io/hashicorp/azurerm\"]",
      "instances": [
        {
          "schema_version": 1,
          "attributes": {
            "client_id": "6fe4b7f3-6203-4242-95f4-957a53afad8c",
            "id": "/subscriptions/b2af20ad-98fa-4aa7-94c3-059663641d9f/resourceGroups/rg-prod-aks101-eus2-001/providers/Microsoft.ManagedIdentity/userAssignedIdentities/id-agw-prod-eus2-001",
            "location": "eastus2",
            "name": "id-agw-prod-eus2-001",
            "principal_id": "5d0b948e-7ad7-4e1d-bd70-63d5df58fb2d",
            "resource_group_name": "rg-prod-aks101-eus2-001",
            "tags": {
              "Demo": "true",
              "Environment": "prod",
              "Location": "East US 2",
              "ManagedBy": "terraform",
              "Owner": "anbossar",
              "Project": "aks101"
            },
            "tenant_id": "5380364e-35d4-4293-8bfe-fa76e835384e",
            "timeouts": null
          },
          "sensitive_attributes": [],
          "identity_schema_version": 0,
          "private": "eyJlMmJmYjczMC1lY2FhLTExZTYtOGY4OC0zNDM2M2JjN2M0YzAiOnsiY3JlYXRlIjoxODAwMDAwMDAwMDAwLCJkZWxldGUiOjE4MDAwMDAwMDAwMDAsInJlYWQiOjMwMDAwMDAwMDAwMCwidXBkYXRlIjoxODAwMDAwMDAwMDAwfSwic2NoZW1hX3ZlcnNpb24iOiIxIn0=",
          "dependencies": [
            "azurerm_resource_group.main"
          ]
        }
      ]
    },
    {
      "mode": "managed",
      "type": "azurerm_user_assigned_identity",
      "name": "workload_identity",
      "provider": "provider[\"registry.terraform.io/hashicorp/azurerm\"]",
      "instances": [
        {
          "schema_version": 1,
          "attributes": {
            "client_id": "3bc69b58-b263-4d9f-9ceb-d2e1a0bdd163",
            "id": "/subscriptions/b2af20ad-98fa-4aa7-94c3-059663641d9f/resourceGroups/rg-prod-aks101-eus2-001/providers/Microsoft.ManagedIdentity/userAssignedIdentities/id-workload-prod-eus2-001",
            "location": "eastus2",
            "name": "id-workload-prod-eus2-001",
            "principal_id": "de7c287f-75da-4c99-b23b-867852cc99df",
            "resource_group_name": "rg-prod-aks101-eus2-001",
            "tags": {
              "Demo": "true",
              "Environment": "prod",
              "Location": "East US 2",
              "ManagedBy": "terraform",
              "Owner": "anbossar",
              "Project": "aks101"
            },
            "tenant_id": "5380364e-35d4-4293-8bfe-fa76e835384e",
            "timeouts": null
          },
          "sensitive_attributes": [],
          "identity_schema_version": 0,
          "private": "eyJlMmJmYjczMC1lY2FhLTExZTYtOGY4OC0zNDM2M2JjN2M0YzAiOnsiY3JlYXRlIjoxODAwMDAwMDAwMDAwLCJkZWxldGUiOjE4MDAwMDAwMDAwMDAsInJlYWQiOjMwMDAwMDAwMDAwMCwidXBkYXRlIjoxODAwMDAwMDAwMDAwfSwic2NoZW1hX3ZlcnNpb24iOiIxIn0=",
          "dependencies": [
            "azurerm_resource_group.main"
          ]
        }
      ]
    },
    {
      "mode": "managed",
      "type": "azurerm_virtual_network",
      "name": "main",
      "provider": "provider[\"registry.terraform.io/hashicorp/azurerm\"]",
      "instances": [
        {
          "schema_version": 0,
          "attributes": {
            "address_space": [
              "10.240.0.0/16"
            ],
            "bgp_community": "",
            "ddos_protection_plan": [],
            "dns_servers": [],
            "edge_zone": "",
            "encryption": [],
            "flow_timeout_in_minutes": 0,
            "guid": "a729e5e4-9579-4662-a14e-263de89c94c2",
            "id": "/subscriptions/b2af20ad-98fa-4aa7-94c3-059663641d9f/resourceGroups/rg-prod-aks101-eus2-001/providers/Microsoft.Network/virtualNetworks/vnet-prod-aks101-eus2-001",
            "ip_address_pool": [],
            "location": "eastus2",
            "name": "vnet-prod-aks101-eus2-001",
            "private_endpoint_vnet_policies": "Disabled",
            "resource_group_name": "rg-prod-aks101-eus2-001",
            "subnet": [
              {
                "address_prefixes": [
                  "10.240.0.0/24"
                ],
                "default_outbound_access_enabled": true,
                "delegation": [],
                "id": "/subscriptions/b2af20ad-98fa-4aa7-94c3-059663641d9f/resourceGroups/rg-prod-aks101-eus2-001/providers/Microsoft.Network/virtualNetworks/vnet-prod-aks101-eus2-001/subnets/snet-aks-prod-eus2-001",
                "name": "snet-aks-prod-eus2-001",
                "private_endpoint_network_policies": "Enabled",
                "private_link_service_network_policies_enabled": true,
                "route_table_id": "/subscriptions/b2af20ad-98fa-4aa7-94c3-059663641d9f/resourceGroups/rg-prod-aks101-eus2-001/providers/Microsoft.Network/routeTables/rt-fw-prod-eus2-001",
                "security_group": "/subscriptions/b2af20ad-98fa-4aa7-94c3-059663641d9f/resourceGroups/rg-prod-aks101-eus2-001/providers/Microsoft.Network/networkSecurityGroups/nsg-aks-prod-eus2-001",
                "service_endpoint_policy_ids": [],
                "service_endpoints": []
              },
              {
                "address_prefixes": [
                  "10.240.1.0/24"
                ],
                "default_outbound_access_enabled": true,
                "delegation": [],
                "id": "/subscriptions/b2af20ad-98fa-4aa7-94c3-059663641d9f/resourceGroups/rg-prod-aks101-eus2-001/providers/Microsoft.Network/virtualNetworks/vnet-prod-aks101-eus2-001/subnets/snet-agw-prod-eus2-001",
                "name": "snet-agw-prod-eus2-001",
                "private_endpoint_network_policies": "Enabled",
                "private_link_service_network_policies_enabled": true,
                "route_table_id": "",
                "security_group": "/subscriptions/b2af20ad-98fa-4aa7-94c3-059663641d9f/resourceGroups/rg-prod-aks101-eus2-001/providers/Microsoft.Network/networkSecurityGroups/nsg-agw-prod-eus2-001",
                "service_endpoint_policy_ids": [],
                "service_endpoints": []
              },
              {
                "address_prefixes": [
                  "10.240.2.0/24"
                ],
                "default_outbound_access_enabled": true,
                "delegation": [],
                "id": "/subscriptions/b2af20ad-98fa-4aa7-94c3-059663641d9f/resourceGroups/rg-prod-aks101-eus2-001/providers/Microsoft.Network/virtualNetworks/vnet-prod-aks101-eus2-001/subnets/AzureFirewallSubnet",
                "name": "AzureFirewallSubnet",
                "private_endpoint_network_policies": "Enabled",
                "private_link_service_network_policies_enabled": true,
                "route_table_id": "",
                "security_group": "",
                "service_endpoint_policy_ids": [],
                "service_endpoints": []
              },
              {
                "address_prefixes": [
                  "10.240.3.0/24"
                ],
                "default_outbound_access_enabled": true,
                "delegation": [],
                "id": "/subscriptions/b2af20ad-98fa-4aa7-94c3-059663641d9f/resourceGroups/rg-prod-aks101-eus2-001/providers/Microsoft.Network/virtualNetworks/vnet-prod-aks101-eus2-001/subnets/snet-pe-prod-eus2-001",
                "name": "snet-pe-prod-eus2-001",
                "private_endpoint_network_policies": "Disabled",
                "private_link_service_network_policies_enabled": true,
                "route_table_id": "",
                "security_group": "/subscriptions/b2af20ad-98fa-4aa7-94c3-059663641d9f/resourceGroups/rg-prod-aks101-eus2-001/providers/Microsoft.Network/networkSecurityGroups/nsg-pe-prod-eus2-001",
                "service_endpoint_policy_ids": [],
                "service_endpoints": []
              }
            ],
            "tags": {
              "Demo": "true",
              "Environment": "prod",
              "Location": "East US 2",
              "ManagedBy": "terraform",
              "Owner": "anbossar",
              "Project": "aks101"
            },
            "timeouts": null
          },
          "sensitive_attributes": [],
          "identity_schema_version": 0,
          "identity": {
            "name": "vnet-prod-aks101-eus2-001",
            "resource_group_name": "rg-prod-aks101-eus2-001",
            "subscription_id": "b2af20ad-98fa-4aa7-94c3-059663641d9f"
          },
          "private": "eyJlMmJmYjczMC1lY2FhLTExZTYtOGY4OC0zNDM2M2JjN2M0YzAiOnsiY3JlYXRlIjoxODAwMDAwMDAwMDAwLCJkZWxldGUiOjE4MDAwMDAwMDAwMDAsInJlYWQiOjMwMDAwMDAwMDAwMCwidXBkYXRlIjoxODAwMDAwMDAwMDAwfX0=",
          "dependencies": [
            "azurerm_resource_group.main"
          ]
        }
      ]
    },
    {
      "mode": "managed",
      "type": "pkcs12_from_pem",
      "name": "app_gateway",
      "provider": "provider[\"registry.terraform.io/chilicat/pkcs12\"]",
      "instances": [
        {
          "schema_version": 0,
          "attributes": {
            "ca_pem": null,
            "cert_pem": "-----BEGIN CERTIFICATE-----\nMIIDGDCCAgCgAwIBAgIRANpGIzAbB4/kNOyAirAXpqwwDQYJKoZIhvcNAQELBQAw\nLDERMA8GA1UEChMIQUtTIERlbW8xFzAVBgNVBAMTDmFrcy1kZW1vLmxvY2FsMB4X\nDTI1MDcyMDIwMDQyMFoXDTI2MDcyMDIwMDQyMFowLDERMA8GA1UEChMIQUtTIERl\nbW8xFzAVBgNVBAMTDmFrcy1kZW1vLmxvY2FsMIIBIjANBgkqhkiG9w0BAQEFAAOC\nAQ8AMIIBCgKCAQEAz8e87+bmtU1K5BtERMJIdiyE/H7bCQCzTCr2s1oWNf/uiuu2\nBUOsmWAtigNCAfUSErCrvEBdEgOLX9XnTnTucvFoDRReeyS8l2rcBeDA8FDbxyWm\n7i+kieE5WXVU/Q2tPF2CfeCtZPHvxIFFKeZ7u1pg4VVGX6i0tE+hpxz/gotjynMJ\nEfPRjG27qpi5bH7xGII+CLEY450pFHIOB+68zvaGARoApVMnYrNW7ZVfRlmvST+L\nz3iFCdtWhp5oOcP7jyfjLUuG22PeyTfI8umG2UG12tSsltu2JyJdqgPa5Ze1spVI\nsC/p03wQbLc7vYNbhMry3MKM08KNsPvKJ/aBoQIDAQABozUwMzAOBgNVHQ8BAf8E\nBAMCBaAwEwYDVR0lBAwwCgYIKwYBBQUHAwEwDAYDVR0TAQH/BAIwADANBgkqhkiG\n9w0BAQsFAAOCAQEAcyDNr1s9ZXsc75Y3wLxx4hDtTndcUpu5uDX0QEwyw0RpEv8K\n880IieIVbce46IG9NmCSW+DCmLKKzxktsULCcCVYNRa47OV2zdAoC0bW7YE21cMu\nmgxyASmvSvz7mUkamtlMrklafAWFhdA6sa/MkEXLiBjIohQKUlzdc3zj4+1hoPnp\nmB9S9xsloWUZRiSab4Oez/6/LZ8SIOdGii5Oa+x9CKE2xaEXuBWtw+alES0YNTkz\nMUMhEyV4mtuZkCmOcadUmMJ+EdvUQSZddRHB7kvrDImBvYyDUww7zHpze683HlzN\nfqJQq0oQOKNEFtxHtdbY4IyYO3BrmevEwz00xg==\n-----END CERTIFICATE-----\n",
            "id": "ed341bd36a9a1027223fa31731dff92381645426",
            "password": "demo123!",
            "private_key_pem": "-----BEGIN RSA PRIVATE KEY-----\nMIIEowIBAAKCAQEAz8e87+bmtU1K5BtERMJIdiyE/H7bCQCzTCr2s1oWNf/uiuu2\nBUOsmWAtigNCAfUSErCrvEBdEgOLX9XnTnTucvFoDRReeyS8l2rcBeDA8FDbxyWm\n7i+kieE5WXVU/Q2tPF2CfeCtZPHvxIFFKeZ7u1pg4VVGX6i0tE+hpxz/gotjynMJ\nEfPRjG27qpi5bH7xGII+CLEY450pFHIOB+68zvaGARoApVMnYrNW7ZVfRlmvST+L\nz3iFCdtWhp5oOcP7jyfjLUuG22PeyTfI8umG2UG12tSsltu2JyJdqgPa5Ze1spVI\nsC/p03wQbLc7vYNbhMry3MKM08KNsPvKJ/aBoQIDAQABAoIBAAVlZIy+bGNs/HLs\nGlvGx+b5xQJhsQKM2Bs0Sm/h+Q2x9dn5wSJl3YemLciVyRMP8EY3/F3JNiGPogD9\nJyKserzVdCRS0RlVnOg5yDkG2zvifbKwUaOB7T3/cWPXXjusLUGSFB98xEQI3Hc3\n/DnYWIJHGJkBg/BcC0VbhBE4+ZHETPVnpIXHERKvY4gwWAF8Az+dC+yAdXTumHk5\nbEhrpR+DLq4uHoL/5hiszJMxwG3raeHdTnFo/dbP9jPh3u6c++6SRh4/BJyw35L/\nZClVQrBY+iyBSdQCyJe51shzNFrfxeNvygNud3drJOtWKR4EW6+9p3Tt2QiGEbT+\nSJ/raCECgYEA9D9CjrzJlYlWjsfEsbPCG5TAUvL8dd5j32tJOlmOEYcSiyxjqhax\nEVnJrCl11UAPleheeTR2cbXl3keksyXNjk9DpTt+3C3riBCQZ6xxwj71DjauFtxF\nm6pVkI7S//FdT3tR8sX2+SrP/v7X4lU/WvDRlqP4u3LgLneK/c26aEUCgYEA2cdD\ncMsmMh9MY2YBbNLoCtEGRk1M2/ety6Sppy7W9gL0y/+cD/8UO9omi8hJG/kTrhfm\nvfdyGCutuKU+eSQ4OZMwPxHRDMogKGn+cbYo8v0E+wwD8K7DItV6TJyL4il0V+Uv\n3Wb92AI5tGcXiOkYuniyyaIuTFvnwIf06rR6D60CgYAslKdXWkoJC0pLQVc7gC37\nzsjT2xoNgYwFKZXyGop91IOj93QxhXbITfUrgV3KkKjHmeQ0h0jfNG5Chh0fvdSp\nFvqn3BYpphAJg8x3v9f7tnYQJBbegVILOanoesk0gh+f9Ehe4ZdUn2XbizRoUVsB\nBFedAUzTGgKlOJib/sL5aQKBgHwzKEMrmJz9PJNzmVx2698/VlTBwROyLWv2fMrb\n67xh8zpkjJyS3PdFcrZFg2xwoMio2O9+L5OZVXn4w6hS/73WM63Ee3TP0Yc66+Hu\nAWyS4ERMlfKtuJwlI5qNrTlOawu1qZabJioLGt3H7aQnS/MM4uoblEv4HjOvVf6E\n7xgBAoGBALE4EW0Exuf4sMBWKEuujzVovgPahXv3i5aV4v+s/U42t8UvqQGq3QEU\n+OvaxGF8R055/kM/YDbmTrbujLAJajyZB/1fpOqpZkzkE5/4IhN5m+OKhqEdfzu7\nMRiFc9rn3VDsk/80lGQdgbCzuT0pr3ZRPkU25xzGlJawMwpwHxfv\n-----END RSA PRIVATE KEY-----\n",
            "result": "MIIJUwIBAzCCCR8GCSqGSIb3DQEHAaCCCRAEggkMMIIJCDCCA78GCSqGSIb3DQEHBqCCA7AwggOsAgEAMIIDpQYJKoZIhvcNAQcBMBwGCiqGSIb3DQEMAQYwDgQInysdrPx8f2wCAggAgIIDeH4zXXAM58ZMp50BZ0jURVioSRl1u7GpqioYUopFOAkum/wVsWRaWxII0cp+uzgAc5OPs2FEicXM0KQbJdzuubh3rGb/Yi3rz3ovYBzNb1vZ5K2e1jfyYOWMSD8BneWADwuljHZciJHAwaXKsddkRU2+Cnm6OJ/btc+hFBtdgo/HqbAha3UQ4PvfzvzMw0cR+mfJMajWnIsrm58mteXfJjj0z0h8I1znr8d2z/PXJbOCJVtMjZQEOgn8buUhbGWql6NKs/1MeGWy0U4yFT4pY7dOW50SuU6rnMpZ32JxvhHxBanD0fBZq+766YMddkEmGfbyn3OMgz9tLNH1R1BdrPaVwwWNSo9Ig0GFQ4A4RRPH7FN6sfpEu9/W+1ioc4tVshxLbzATR6lHDUIh4AB/DZmjUEiHfIibPcjUPloITfmPRJMCIqxwP+tqRNuCj13bo8PS0dLqyLg2o9ogikTo1NaSLIvyXUE8MmMUP9k+akn8zNQ0+z1sKVjFnAD8oIMCrIA96ZpPxHL6AZTtTxek3Y5M5rJQ79Sir0xGsMWrnqD68dsdS8wBb85zuqXHJhTVQmsHauWEEZ1f4DLKByVQfcnQ1+A0h5tWjkBjNJqg1AQngSj5+wE4OawFlfgNnAAqndA3Xjg2kaKw5mUewe18h/XPAGejBpg9TI9c4I3X03RE+den6x1iZbNBq4G5EdhUOQV0wUHFbC/Z8UBGJHXHyaftweU+V4wCfit1/9qJxkbWWd/gHEP4ldy0QK+nto698nR+/LclWNVu+uxw6Nlpk/XVgtJ5ayZ3HEJNJ8NkIjMoCp88no68t/MV0Z6yqxMKGGXZJK3aRZmHVgfq1Y738QaM41/yxD5fyr60pBeI2DJ2QrZhzlhm6f9MLycWEQ2MyxFq+id4S7vRwwpjRxD/ou4OmLgrnRA/2xvkqip4t5iFlr6M4fvwauWbBHmFyQhdmGsSoBVKu4RHYOfUdtfP7B9fkK6BAah/B+72/vq7Gb301EMjVD8FkheJOOjpsqLy6i0imotwdDAoYT+Q9IfoKd/2v0DeUNcs8tan1CYFerabgFW91UJM3xQFJLpxNRcz9RKz8m7csT7eaN/CR7GFilWrSjRtUWm6sevtribr6nQsBNaPb3ewIWTJ51+AFU+Ii3Vdfr/E+vaFkvqRTntgbvdYJSG6bAgRxTCCBUEGCSqGSIb3DQEHAaCCBTIEggUuMIIFKjCCBSYGCyqGSIb3DQEMCgECoIIE7jCCBOowHAYKKoZIhvcNAQwBAzAOBAgg5jgJpJ2d2QICCAAEggTIhVh3oIRZniRvX0biY0yO1SfTcpyXOlXCKWyZpJKfFcY5PcA76QxrSh9j9P1cJELj49YoFHOTIAkm+zJFsW4rho9fBtGT+YpF3Oep1OIhN7oEtKJ7CFb2KluObYAtVRWJGgkdEMiUK7jnwjjnSuKwoFfEAsw4OJKr7UCGOjhDiouVhcNlnT832Z6aAYto3teHx75MoZGkIETQJeKWGWzY6F1aQyWBbU33kkYpIJKYciaIdUNv8wKA6+gbpz4Eef5ka1u+1Oy//VT2nTllgckYIhZnEGd1ypcOPLxPro9EUaG73jARrWtQQmsuLZt6s4IG7O2V/QvA0CEoRzxiJLKTyaLiFd4ZuS0xte7+f/jglyjmZ2bWr5g3wNZH/73rY0n1qhb6UtnGr8+HmZ0HJyTVHT2oIsXt+GLH6rf7xdPkoD09vj1HFw2PlzIOkDDLHFuLh/AToZ42ltoa6t2ohzM1dbbCctSgajf0gzeU3u5RSKqadzQa6EmhX7CctofTXSxFntEIKV+L6oWaJRGvCGKbT0pjbsqK+rZFeeq3K7i8OeYGb4CMDMoHiHZ+zG8wT3ye1KSm05DO+P9h3UU4ygqIaoTo+hYPDvOc6x2TYXc291IgxHigvx+3Rc/k04NU4ptZ7bAMNXXaXl3dwS4a615OEVVX/qWL5cWnpWfYeRgL7EwdPpqVsgAu1D4Mh9vKlUC9dFmt4o6PSlaFva3f28igkm6McIEn8KHeev9jC8CCwTcIfMPtWYEyEfu0HRga5xnSP8BTJNQZxwe5mLHZDr60e+I7axCaeu6meGOuPHeejcPz2Yi3E9sl2ioEfi2V6V/u4Kk/m+OC+V2mTK7S3XrUU3nyXgK4Go8pfQ8LWZPhnyA7bYMkSJ04cy1+U+4RnA1oOFLcNvPpgHAUT5MDEzn7yXRNRPJx3v/tmD+2sm7gzSu41TQ41zgmTUkk0qgxjmsbxiOgJumWSlbhW2id6RW2+UmfjR0EIz30lnfA6tEqetbsfbNzeWndrXrH8Q+MTSHA5t+9IrSwWXCNebSKXGpgQmZuG4c3RMd7WF0Vtg0syuntLt5fpVvmsux5P6UsRlY9Rm/6gW5xgyH1dhJEUFiPCSyUDUNw5LXcEgQCAO7JWxxaIXlHUjcm62bl37wicoqURfJpJMQFI/6yj03j4ARfuTmQRa8rcXCOVYnHo29NG28Fo9pBsy4uqgSnYizSMr7s22XYwodE3T1X+cDRjIico/dUpDcQP9ejQEOvQRujZSD6fc2Mm9mBbqdj/kSDCB8tV+0mtDj5+FjBmWUvVJ7vD8tZgU9oHuu8Zdpq1Ow+YLuFQnfDFdPIHH7/F6COLpyk/rj8B++JlKIKLDxPSPNuEcrIm4T+Uu+OtbHW6doCrm0iOKaPY6110BAKev1q0j8swc+v5EpxiX5ntu/WKy6e19TYO+yIgiyq9PwqWGTUQ0rPJS0fPnxMwYzxtNDDYd8VICLsZeH426JvysvA32YXum6JUxrcE/brRpaU4/dDjJH8UFXq4X+A6ny9p5W4jYyKPOdeHK1Q0dhfn9N+h+Y1VUAEjphBTrR+YjWLE7UVhqKiPPibruy4hHOHTh7L8x1lFN7/dKr2T1PnSgqgMzf33RqHNS7Ie/+NMSUwIwYJKoZIhvcNAQkVMRYEFGuTYXxPHDeLbuahUyP7n+0EkcKrMCswHzAHBgUrDgMCGgQUPdLurmbDALyR3nmN8lSTYGh3J+kECNBhDEEMuzf7"
          },
          "sensitive_attributes": [
            [
              {
                "type": "get_attr",
                "value": "ca_pem"
              }
            ],
            [
              {
                "type": "get_attr",
                "value": "cert_pem"
              }
            ],
            [
              {
                "type": "get_attr",
                "value": "password"
              }
            ],
            [
              {
                "type": "get_attr",
                "value": "private_key_pem"
              }
            ]
          ],
          "identity_schema_version": 0,
          "private": "bnVsbA==",
          "dependencies": [
            "tls_private_key.app_gateway",
            "tls_self_signed_cert.app_gateway"
          ]
        }
      ]
    },
    {
      "mode": "managed",
      "type": "random_string",
      "name": "suffix",
      "provider": "provider[\"registry.terraform.io/hashicorp/random\"]",
      "instances": [
        {
          "schema_version": 2,
          "attributes": {
            "id": "14b",
            "keepers": null,
            "length": 3,
            "lower": true,
            "min_lower": 0,
            "min_numeric": 0,
            "min_special": 0,
            "min_upper": 0,
            "number": true,
            "numeric": true,
            "override_special": null,
            "result": "14b",
            "special": false,
            "upper": false
          },
          "sensitive_attributes": [],
          "identity_schema_version": 0
        }
      ]
    },
    {
      "mode": "managed",
      "type": "tls_private_key",
      "name": "app_gateway",
      "provider": "provider[\"registry.terraform.io/hashicorp/tls\"]",
      "instances": [
        {
          "schema_version": 1,
          "attributes": {
            "algorithm": "RSA",
            "ecdsa_curve": "P224",
            "id": "921f2395c0f71edc1cdbaa4764af0b36f85822b4",
            "private_key_openssh": "-----BEGIN OPENSSH PRIVATE KEY-----\nb3BlbnNzaC1rZXktdjEAAAAABG5vbmUAAAAEbm9uZQAAAAAAAAABAAABFwAAAAdz\nc2gtcnNhAAAAAwEAAQAAAQEAz8e87+bmtU1K5BtERMJIdiyE/H7bCQCzTCr2s1oW\nNf/uiuu2BUOsmWAtigNCAfUSErCrvEBdEgOLX9XnTnTucvFoDRReeyS8l2rcBeDA\n8FDbxyWm7i+kieE5WXVU/Q2tPF2CfeCtZPHvxIFFKeZ7u1pg4VVGX6i0tE+hpxz/\ngotjynMJEfPRjG27qpi5bH7xGII+CLEY450pFHIOB+68zvaGARoApVMnYrNW7ZVf\nRlmvST+Lz3iFCdtWhp5oOcP7jyfjLUuG22PeyTfI8umG2UG12tSsltu2JyJdqgPa\n5Ze1spVIsC/p03wQbLc7vYNbhMry3MKM08KNsPvKJ/aBoQAAA7j7Nn1B+zZ9QQAA\nAAdzc2gtcnNhAAABAQDPx7zv5ua1TUrkG0REwkh2LIT8ftsJALNMKvazWhY1/+6K\n67YFQ6yZYC2KA0IB9RISsKu8QF0SA4tf1edOdO5y8WgNFF57JLyXatwF4MDwUNvH\nJabuL6SJ4TlZdVT9Da08XYJ94K1k8e/EgUUp5nu7WmDhVUZfqLS0T6GnHP+Ci2PK\ncwkR89GMbbuqmLlsfvEYgj4IsRjjnSkUcg4H7rzO9oYBGgClUydis1btlV9GWa9J\nP4vPeIUJ21aGnmg5w/uPJ+MtS4bbY97JN8jy6YbZQbXa1KyW27YnIl2qA9rll7Wy\nlUiwL+nTfBBstzu9g1uEyvLcwozTwo2w+8on9oGhAAAAAwEAAQAAAQAFZWSMvmxj\nbPxy7Bpbxsfm+cUCYbECjNgbNEpv4fkNsfXZ+cEiZd2Hpi3IlckTD/BGN/xdyTYh\nj6IA/ScirHq81XQkUtEZVZzoOcg5Bts74n2ysFGjge09/3Fj1147rC1BkhQffMRE\nCNx3N/w52FiCRxiZAYPwXAtFW4QROPmRxEz1Z6SFxxESr2OIMFgBfAM/nQvsgHV0\n7ph5OWxIa6Ufgy6uLh6C/+YYrMyTMcBt62nh3U5xaP3Wz/Yz4d7unPvukkYePwSc\nsN+S/2QpVUKwWPosgUnUAsiXudbIczRa38Xjb8oDbnd3ayTrVikeBFuvvad07dkI\nhhG0/kif62ghAAAAgQCxOBFtBMbn+LDAVihLro81aL4D2oV794uWleL/rP1ONrfF\nL6kBqt0BFPjr2sRhfEdOef5DP2A25k627oywCWo8mQf9X6TqqWZM5BOf+CITeZvj\nioahHX87uzEYhXPa591Q7JP/NJRkHYGws7k9Ka92UT5FNuccxpSWsDMKcB8X7wAA\nAIEA9D9CjrzJlYlWjsfEsbPCG5TAUvL8dd5j32tJOlmOEYcSiyxjqhaxEVnJrCl1\n1UAPleheeTR2cbXl3keksyXNjk9DpTt+3C3riBCQZ6xxwj71DjauFtxFm6pVkI7S\n//FdT3tR8sX2+SrP/v7X4lU/WvDRlqP4u3LgLneK/c26aEUAAACBANnHQ3DLJjIf\nTGNmAWzS6ArRBkZNTNv3rcukqacu1vYC9Mv/nA//FDvaJovISRv5E64X5r33chgr\nrbilPnkkODmTMD8R0QzKIChp/nG2KPL9BPsMA/CuwyLVekyci+IpdFflL91m/dgC\nObRnF4jpGLp4ssmiLkxb58CH9Oq0eg+tAAAAAAEC\n-----END OPENSSH PRIVATE KEY-----\n",
            "private_key_pem": "-----BEGIN RSA PRIVATE KEY-----\nMIIEowIBAAKCAQEAz8e87+bmtU1K5BtERMJIdiyE/H7bCQCzTCr2s1oWNf/uiuu2\nBUOsmWAtigNCAfUSErCrvEBdEgOLX9XnTnTucvFoDRReeyS8l2rcBeDA8FDbxyWm\n7i+kieE5WXVU/Q2tPF2CfeCtZPHvxIFFKeZ7u1pg4VVGX6i0tE+hpxz/gotjynMJ\nEfPRjG27qpi5bH7xGII+CLEY450pFHIOB+68zvaGARoApVMnYrNW7ZVfRlmvST+L\nz3iFCdtWhp5oOcP7jyfjLUuG22PeyTfI8umG2UG12tSsltu2JyJdqgPa5Ze1spVI\nsC/p03wQbLc7vYNbhMry3MKM08KNsPvKJ/aBoQIDAQABAoIBAAVlZIy+bGNs/HLs\nGlvGx+b5xQJhsQKM2Bs0Sm/h+Q2x9dn5wSJl3YemLciVyRMP8EY3/F3JNiGPogD9\nJyKserzVdCRS0RlVnOg5yDkG2zvifbKwUaOB7T3/cWPXXjusLUGSFB98xEQI3Hc3\n/DnYWIJHGJkBg/BcC0VbhBE4+ZHETPVnpIXHERKvY4gwWAF8Az+dC+yAdXTumHk5\nbEhrpR+DLq4uHoL/5hiszJMxwG3raeHdTnFo/dbP9jPh3u6c++6SRh4/BJyw35L/\nZClVQrBY+iyBSdQCyJe51shzNFrfxeNvygNud3drJOtWKR4EW6+9p3Tt2QiGEbT+\nSJ/raCECgYEA9D9CjrzJlYlWjsfEsbPCG5TAUvL8dd5j32tJOlmOEYcSiyxjqhax\nEVnJrCl11UAPleheeTR2cbXl3keksyXNjk9DpTt+3C3riBCQZ6xxwj71DjauFtxF\nm6pVkI7S//FdT3tR8sX2+SrP/v7X4lU/WvDRlqP4u3LgLneK/c26aEUCgYEA2cdD\ncMsmMh9MY2YBbNLoCtEGRk1M2/ety6Sppy7W9gL0y/+cD/8UO9omi8hJG/kTrhfm\nvfdyGCutuKU+eSQ4OZMwPxHRDMogKGn+cbYo8v0E+wwD8K7DItV6TJyL4il0V+Uv\n3Wb92AI5tGcXiOkYuniyyaIuTFvnwIf06rR6D60CgYAslKdXWkoJC0pLQVc7gC37\nzsjT2xoNgYwFKZXyGop91IOj93QxhXbITfUrgV3KkKjHmeQ0h0jfNG5Chh0fvdSp\nFvqn3BYpphAJg8x3v9f7tnYQJBbegVILOanoesk0gh+f9Ehe4ZdUn2XbizRoUVsB\nBFedAUzTGgKlOJib/sL5aQKBgHwzKEMrmJz9PJNzmVx2698/VlTBwROyLWv2fMrb\n67xh8zpkjJyS3PdFcrZFg2xwoMio2O9+L5OZVXn4w6hS/73WM63Ee3TP0Yc66+Hu\nAWyS4ERMlfKtuJwlI5qNrTlOawu1qZabJioLGt3H7aQnS/MM4uoblEv4HjOvVf6E\n7xgBAoGBALE4EW0Exuf4sMBWKEuujzVovgPahXv3i5aV4v+s/U42t8UvqQGq3QEU\n+OvaxGF8R055/kM/YDbmTrbujLAJajyZB/1fpOqpZkzkE5/4IhN5m+OKhqEdfzu7\nMRiFc9rn3VDsk/80lGQdgbCzuT0pr3ZRPkU25xzGlJawMwpwHxfv\n-----END RSA PRIVATE KEY-----\n",
            "private_key_pem_pkcs8": "-----BEGIN PRIVATE KEY-----\nMIIEvQIBADANBgkqhkiG9w0BAQEFAASCBKcwggSjAgEAAoIBAQDPx7zv5ua1TUrk\nG0REwkh2LIT8ftsJALNMKvazWhY1/+6K67YFQ6yZYC2KA0IB9RISsKu8QF0SA4tf\n1edOdO5y8WgNFF57JLyXatwF4MDwUNvHJabuL6SJ4TlZdVT9Da08XYJ94K1k8e/E\ngUUp5nu7WmDhVUZfqLS0T6GnHP+Ci2PKcwkR89GMbbuqmLlsfvEYgj4IsRjjnSkU\ncg4H7rzO9oYBGgClUydis1btlV9GWa9JP4vPeIUJ21aGnmg5w/uPJ+MtS4bbY97J\nN8jy6YbZQbXa1KyW27YnIl2qA9rll7WylUiwL+nTfBBstzu9g1uEyvLcwozTwo2w\n+8on9oGhAgMBAAECggEABWVkjL5sY2z8cuwaW8bH5vnFAmGxAozYGzRKb+H5DbH1\n2fnBImXdh6YtyJXJEw/wRjf8Xck2IY+iAP0nIqx6vNV0JFLRGVWc6DnIOQbbO+J9\nsrBRo4HtPf9xY9deO6wtQZIUH3zERAjcdzf8OdhYgkcYmQGD8FwLRVuEETj5kcRM\n9WekhccREq9jiDBYAXwDP50L7IB1dO6YeTlsSGulH4Muri4egv/mGKzMkzHAbetp\n4d1OcWj91s/2M+He7pz77pJGHj8EnLDfkv9kKVVCsFj6LIFJ1ALIl7nWyHM0Wt/F\n42/KA253d2sk61YpHgRbr72ndO3ZCIYRtP5In+toIQKBgQD0P0KOvMmViVaOx8Sx\ns8IblMBS8vx13mPfa0k6WY4RhxKLLGOqFrERWcmsKXXVQA+V6F55NHZxteXeR6Sz\nJc2OT0OlO37cLeuIEJBnrHHCPvUONq4W3EWbqlWQjtL/8V1Pe1Hyxfb5Ks/+/tfi\nVT9a8NGWo/i7cuAud4r9zbpoRQKBgQDZx0NwyyYyH0xjZgFs0ugK0QZGTUzb963L\npKmnLtb2AvTL/5wP/xQ72iaLyEkb+ROuF+a993IYK624pT55JDg5kzA/EdEMyiAo\naf5xtijy/QT7DAPwrsMi1XpMnIviKXRX5S/dZv3YAjm0ZxeI6Ri6eLLJoi5MW+fA\nh/TqtHoPrQKBgCyUp1daSgkLSktBVzuALfvOyNPbGg2BjAUplfIain3Ug6P3dDGF\ndshN9SuBXcqQqMeZ5DSHSN80bkKGHR+91KkW+qfcFimmEAmDzHe/1/u2dhAkFt6B\nUgs5qeh6yTSCH5/0SF7hl1SfZduLNGhRWwEEV50BTNMaAqU4mJv+wvlpAoGAfDMo\nQyuYnP08k3OZXHbr3z9WVMHBE7Ita/Z8ytvrvGHzOmSMnJLc90VytkWDbHCgyKjY\n734vk5lVefjDqFL/vdYzrcR7dM/Rhzrr4e4BbJLgREyV8q24nCUjmo2tOU5rC7Wp\nlpsmKgsa3cftpCdL8wzi6huUS/geM69V/oTvGAECgYEAsTgRbQTG5/iwwFYoS66P\nNWi+A9qFe/eLlpXi/6z9Tja3xS+pAardART469rEYXxHTnn+Qz9gNuZOtu6MsAlq\nPJkH/V+k6qlmTOQTn/giE3mb44qGoR1/O7sxGIVz2ufdUOyT/zSUZB2BsLO5PSmv\ndlE+RTbnHMaUlrAzCnAfF+8=\n-----END PRIVATE KEY-----\n",
            "public_key_fingerprint_md5": "5d:23:2d:05:d1:75:4f:c0:42:f9:9f:9d:15:ef:2b:3e",
            "public_key_fingerprint_sha256": "SHA256:sPzuq22zJB1IYLzZNBrKfqPA66+dW/hVrE1MvgbnTqs",
            "public_key_openssh": "ssh-rsa AAAAB3NzaC1yc2EAAAADAQABAAABAQDPx7zv5ua1TUrkG0REwkh2LIT8ftsJALNMKvazWhY1/+6K67YFQ6yZYC2KA0IB9RISsKu8QF0SA4tf1edOdO5y8WgNFF57JLyXatwF4MDwUNvHJabuL6SJ4TlZdVT9Da08XYJ94K1k8e/EgUUp5nu7WmDhVUZfqLS0T6GnHP+Ci2PKcwkR89GMbbuqmLlsfvEYgj4IsRjjnSkUcg4H7rzO9oYBGgClUydis1btlV9GWa9JP4vPeIUJ21aGnmg5w/uPJ+MtS4bbY97JN8jy6YbZQbXa1KyW27YnIl2qA9rll7WylUiwL+nTfBBstzu9g1uEyvLcwozTwo2w+8on9oGh\n",
            "public_key_pem": "-----BEGIN PUBLIC KEY-----\nMIIBIjANBgkqhkiG9w0BAQEFAAOCAQ8AMIIBCgKCAQEAz8e87+bmtU1K5BtERMJI\ndiyE/H7bCQCzTCr2s1oWNf/uiuu2BUOsmWAtigNCAfUSErCrvEBdEgOLX9XnTnTu\ncvFoDRReeyS8l2rcBeDA8FDbxyWm7i+kieE5WXVU/Q2tPF2CfeCtZPHvxIFFKeZ7\nu1pg4VVGX6i0tE+hpxz/gotjynMJEfPRjG27qpi5bH7xGII+CLEY450pFHIOB+68\nzvaGARoApVMnYrNW7ZVfRlmvST+Lz3iFCdtWhp5oOcP7jyfjLUuG22PeyTfI8umG\n2UG12tSsltu2JyJdqgPa5Ze1spVIsC/p03wQbLc7vYNbhMry3MKM08KNsPvKJ/aB\noQIDAQAB\n-----END PUBLIC KEY-----\n",
            "rsa_bits": 2048
          },
          "sensitive_attributes": [
            [
              {
                "type": "get_attr",
                "value": "private_key_openssh"
              }
            ],
            [
              {
                "type": "get_attr",
                "value": "private_key_pem"
              }
            ],
            [
              {
                "type": "get_attr",
                "value": "private_key_pem_pkcs8"
              }
            ]
          ],
          "identity_schema_version": 0
        }
      ]
    },
    {
      "mode": "managed",
      "type": "tls_self_signed_cert",
      "name": "app_gateway",
      "provider": "provider[\"registry.terraform.io/hashicorp/tls\"]",
      "instances": [
        {
          "schema_version": 0,
          "attributes": {
            "allowed_uses": [
              "key_encipherment",
              "digital_signature",
              "server_auth"
            ],
            "cert_pem": "-----BEGIN CERTIFICATE-----\nMIIDGDCCAgCgAwIBAgIRANpGIzAbB4/kNOyAirAXpqwwDQYJKoZIhvcNAQELBQAw\nLDERMA8GA1UEChMIQUtTIERlbW8xFzAVBgNVBAMTDmFrcy1kZW1vLmxvY2FsMB4X\nDTI1MDcyMDIwMDQyMFoXDTI2MDcyMDIwMDQyMFowLDERMA8GA1UEChMIQUtTIERl\nbW8xFzAVBgNVBAMTDmFrcy1kZW1vLmxvY2FsMIIBIjANBgkqhkiG9w0BAQEFAAOC\nAQ8AMIIBCgKCAQEAz8e87+bmtU1K5BtERMJIdiyE/H7bCQCzTCr2s1oWNf/uiuu2\nBUOsmWAtigNCAfUSErCrvEBdEgOLX9XnTnTucvFoDRReeyS8l2rcBeDA8FDbxyWm\n7i+kieE5WXVU/Q2tPF2CfeCtZPHvxIFFKeZ7u1pg4VVGX6i0tE+hpxz/gotjynMJ\nEfPRjG27qpi5bH7xGII+CLEY450pFHIOB+68zvaGARoApVMnYrNW7ZVfRlmvST+L\nz3iFCdtWhp5oOcP7jyfjLUuG22PeyTfI8umG2UG12tSsltu2JyJdqgPa5Ze1spVI\nsC/p03wQbLc7vYNbhMry3MKM08KNsPvKJ/aBoQIDAQABozUwMzAOBgNVHQ8BAf8E\nBAMCBaAwEwYDVR0lBAwwCgYIKwYBBQUHAwEwDAYDVR0TAQH/BAIwADANBgkqhkiG\n9w0BAQsFAAOCAQEAcyDNr1s9ZXsc75Y3wLxx4hDtTndcUpu5uDX0QEwyw0RpEv8K\n880IieIVbce46IG9NmCSW+DCmLKKzxktsULCcCVYNRa47OV2zdAoC0bW7YE21cMu\nmgxyASmvSvz7mUkamtlMrklafAWFhdA6sa/MkEXLiBjIohQKUlzdc3zj4+1hoPnp\nmB9S9xsloWUZRiSab4Oez/6/LZ8SIOdGii5Oa+x9CKE2xaEXuBWtw+alES0YNTkz\nMUMhEyV4mtuZkCmOcadUmMJ+EdvUQSZddRHB7kvrDImBvYyDUww7zHpze683HlzN\nfqJQq0oQOKNEFtxHtdbY4IyYO3BrmevEwz00xg==\n-----END CERTIFICATE-----\n",
            "dns_names": null,
            "early_renewal_hours": 0,
            "id": "290135877556862263974171999270524659372",
            "ip_addresses": null,
            "is_ca_certificate": false,
            "key_algorithm": "RSA",
            "private_key_pem": "-----BEGIN RSA PRIVATE KEY-----\nMIIEowIBAAKCAQEAz8e87+bmtU1K5BtERMJIdiyE/H7bCQCzTCr2s1oWNf/uiuu2\nBUOsmWAtigNCAfUSErCrvEBdEgOLX9XnTnTucvFoDRReeyS8l2rcBeDA8FDbxyWm\n7i+kieE5WXVU/Q2tPF2CfeCtZPHvxIFFKeZ7u1pg4VVGX6i0tE+hpxz/gotjynMJ\nEfPRjG27qpi5bH7xGII+CLEY450pFHIOB+68zvaGARoApVMnYrNW7ZVfRlmvST+L\nz3iFCdtWhp5oOcP7jyfjLUuG22PeyTfI8umG2UG12tSsltu2JyJdqgPa5Ze1spVI\nsC/p03wQbLc7vYNbhMry3MKM08KNsPvKJ/aBoQIDAQABAoIBAAVlZIy+bGNs/HLs\nGlvGx+b5xQJhsQKM2Bs0Sm/h+Q2x9dn5wSJl3YemLciVyRMP8EY3/F3JNiGPogD9\nJyKserzVdCRS0RlVnOg5yDkG2zvifbKwUaOB7T3/cWPXXjusLUGSFB98xEQI3Hc3\n/DnYWIJHGJkBg/BcC0VbhBE4+ZHETPVnpIXHERKvY4gwWAF8Az+dC+yAdXTumHk5\nbEhrpR+DLq4uHoL/5hiszJMxwG3raeHdTnFo/dbP9jPh3u6c++6SRh4/BJyw35L/\nZClVQrBY+iyBSdQCyJe51shzNFrfxeNvygNud3drJOtWKR4EW6+9p3Tt2QiGEbT+\nSJ/raCECgYEA9D9CjrzJlYlWjsfEsbPCG5TAUvL8dd5j32tJOlmOEYcSiyxjqhax\nEVnJrCl11UAPleheeTR2cbXl3keksyXNjk9DpTt+3C3riBCQZ6xxwj71DjauFtxF\nm6pVkI7S//FdT3tR8sX2+SrP/v7X4lU/WvDRlqP4u3LgLneK/c26aEUCgYEA2cdD\ncMsmMh9MY2YBbNLoCtEGRk1M2/ety6Sppy7W9gL0y/+cD/8UO9omi8hJG/kTrhfm\nvfdyGCutuKU+eSQ4OZMwPxHRDMogKGn+cbYo8v0E+wwD8K7DItV6TJyL4il0V+Uv\n3Wb92AI5tGcXiOkYuniyyaIuTFvnwIf06rR6D60CgYAslKdXWkoJC0pLQVc7gC37\nzsjT2xoNgYwFKZXyGop91IOj93QxhXbITfUrgV3KkKjHmeQ0h0jfNG5Chh0fvdSp\nFvqn3BYpphAJg8x3v9f7tnYQJBbegVILOanoesk0gh+f9Ehe4ZdUn2XbizRoUVsB\nBFedAUzTGgKlOJib/sL5aQKBgHwzKEMrmJz9PJNzmVx2698/VlTBwROyLWv2fMrb\n67xh8zpkjJyS3PdFcrZFg2xwoMio2O9+L5OZVXn4w6hS/73WM63Ee3TP0Yc66+Hu\nAWyS4ERMlfKtuJwlI5qNrTlOawu1qZabJioLGt3H7aQnS/MM4uoblEv4HjOvVf6E\n7xgBAoGBALE4EW0Exuf4sMBWKEuujzVovgPahXv3i5aV4v+s/U42t8UvqQGq3QEU\n+OvaxGF8R055/kM/YDbmTrbujLAJajyZB/1fpOqpZkzkE5/4IhN5m+OKhqEdfzu7\nMRiFc9rn3VDsk/80lGQdgbCzuT0pr3ZRPkU25xzGlJawMwpwHxfv\n-----END RSA PRIVATE KEY-----\n",
            "ready_for_renewal": false,
            "set_authority_key_id": false,
            "set_subject_key_id": false,
            "subject": [
              {
                "common_name": "aks-demo.local",
                "country": null,
                "email_address": null,
                "locality": null,
                "organization": "AKS Demo",
                "organizational_unit": null,
                "postal_code": null,
                "province": null,
                "serial_number": null,
                "street_address": null
              }
            ],
            "uris": null,
            "validity_end_time": "2026-07-20T22:04:20.517907+02:00",
            "validity_period_hours": 8760,
            "validity_start_time": "2025-07-20T22:04:20.517907+02:00"
          },
          "sensitive_attributes": [
            [
              {
                "type": "get_attr",
                "value": "private_key_pem"
              }
            ]
          ],
          "identity_schema_version": 0,
          "dependencies": [
            "tls_private_key.app_gateway"
          ]
        }
      ]
    }
  ],
  "check_results": [
    {
      "object_kind": "var",
      "config_addr": "var.sql_admin_password",
      "status": "pass",
      "objects": [
        {
          "object_addr": "var.sql_admin_password",
          "status": "pass"
        }
      ]
    },
    {
      "object_kind": "var",
      "config_addr": "var.project",
      "status": "pass",
      "objects": [
        {
          "object_addr": "var.project",
          "status": "pass"
        }
      ]
    },
    {
      "object_kind": "var",
      "config_addr": "var.pod_cidr",
      "status": "pass",
      "objects": [
        {
          "object_addr": "var.pod_cidr",
          "status": "pass"
        }
      ]
    },
    {
      "object_kind": "var",
      "config_addr": "var.environment",
      "status": "pass",
      "objects": [
        {
          "object_addr": "var.environment",
          "status": "pass"
        }
      ]
    },
    {
      "object_kind": "resource",
      "config_addr": "azurerm_resource_group.main",
      "status": "pass",
      "objects": [
        {
          "object_addr": "azurerm_resource_group.main",
          "status": "pass"
        }
      ]
    }
  ]
}
